{
  "version": 4,
  "terraform_version": "1.5.7",
  "serial": 916,
  "lineage": "d74c3945-06b0-ca0d-9f40-908f9c011dfb",
  "outputs": {
    "application": {
      "value": {
        "cloudfront_domain_name": "d347w7yibz52wg.cloudfront.net",
        "ecs_cluster_name": "multimodal-lib-prod-cluster",
        "ecs_service_name": "multimodal-lib-prod-service",
        "load_balancer_dns_name": "multimodal-lib-prod-alb-1859132861.us-east-1.elb.amazonaws.com",
        "load_balancer_zone_id": "Z35SXDOTRQ7X7K"
      },
      "type": [
        "object",
        {
          "cloudfront_domain_name": "string",
          "ecs_cluster_name": "string",
          "ecs_service_name": "string",
          "load_balancer_dns_name": "string",
          "load_balancer_zone_id": "string"
        }
      ]
    },
    "backup_and_recovery": {
      "value": {
        "backup_management": {
          "backup_schedule": "multimodal-lib-prod-backup-schedule",
          "lambda_function_name": "multimodal-lib-prod-backup-manager",
          "monitoring_dashboard": "multimodal-lib-prod-backup-monitoring"
        },
        "cross_region_backup": {
          "backup_region": "us-west-2",
          "enabled": false,
          "replication_bucket": null,
          "replication_status": "Disabled"
        },
        "disaster_recovery": {
          "procedures_parameter": "/multimodal-lib-prod/disaster-recovery/procedures",
          "rpo_target": "1 hour",
          "rto_target": "4 hours"
        },
        "monitoring": {
          "backup_failure_alarm": "multimodal-lib-prod-backup-failures",
          "backup_success_alarm": "multimodal-lib-prod-backup-success"
        },
        "neptune_backup": {
          "backup_retention_period": 7,
          "backup_window": "07:00-09:00",
          "cluster_identifier": "multimodal-lib-prod-neptune",
          "point_in_time_recovery": "Available for last 7 days"
        },
        "opensearch_backup": {
          "automated_snapshots": "AWS managed hourly snapshots",
          "domain_name": "multimodal-lib-prod-search",
          "snapshot_bucket": "multimodal-lib-prod-opensearch-snapshots-50fcb7c1"
        }
      },
      "type": [
        "object",
        {
          "backup_management": [
            "object",
            {
              "backup_schedule": "string",
              "lambda_function_name": "string",
              "monitoring_dashboard": "string"
            }
          ],
          "cross_region_backup": [
            "object",
            {
              "backup_region": "string",
              "enabled": "bool",
              "replication_bucket": "dynamic",
              "replication_status": "string"
            }
          ],
          "disaster_recovery": [
            "object",
            {
              "procedures_parameter": "string",
              "rpo_target": "string",
              "rto_target": "string"
            }
          ],
          "monitoring": [
            "object",
            {
              "backup_failure_alarm": "string",
              "backup_success_alarm": "string"
            }
          ],
          "neptune_backup": [
            "object",
            {
              "backup_retention_period": "number",
              "backup_window": "string",
              "cluster_identifier": "string",
              "point_in_time_recovery": "string"
            }
          ],
          "opensearch_backup": [
            "object",
            {
              "automated_snapshots": "string",
              "domain_name": "string",
              "snapshot_bucket": "string"
            }
          ]
        }
      ]
    },
    "connection_secrets": {
      "value": {
        "neptune_secret_arn": "arn:aws:secretsmanager:us-east-1:591222106065:secret:multimodal-lib-prod/neptune/connection-PZoQbU",
        "opensearch_secret_arn": "arn:aws:secretsmanager:us-east-1:591222106065:secret:multimodal-lib-prod/opensearch/connection-BZIW5m"
      },
      "type": [
        "object",
        {
          "neptune_secret_arn": "string",
          "opensearch_secret_arn": "string"
        }
      ],
      "sensitive": true
    },
    "cost_optimization": {
      "value": {
        "anomaly_detection": {
          "detector_arn": null
        },
        "budgets": {
          "database_budget_name": "multimodal-lib-prod-database-budget",
          "ecs_budget_name": "multimodal-lib-prod-ecs-budget",
          "monthly_budget_name": "multimodal-lib-prod-monthly-budget"
        },
        "monitoring": {
          "dashboard_name": "multimodal-lib-prod-cost-monitoring",
          "dashboard_url": "https://console.aws.amazon.com/cloudwatch/home?region=us-east-1#dashboards:name=multimodal-lib-prod-cost-monitoring",
          "high_cost_alarm": "multimodal-lib-prod-high-cost-utilization",
          "underutilized_cpu_alarm": "multimodal-lib-prod-underutilized-ecs-cpu",
          "underutilized_memory_alarm": "multimodal-lib-prod-underutilized-ecs-memory"
        },
        "recommendations": {
          "parameter_name": "/multimodal-lib/prod/cost-optimization/recommendations"
        },
        "summary": {
          "budgets": {
            "database_budget_limit": 80,
            "detailed_budgets_enabled": true,
            "ecs_budget_limit": 100,
            "monthly_budget_limit": 200
          },
          "features": {
            "reserved_instances_enabled": false,
            "resource_cleanup_enabled": false,
            "s3_lifecycle_optimization_enabled": false
          },
          "monitoring": {
            "anomaly_detection_enabled": true,
            "anomaly_threshold": 50,
            "cost_alert_threshold": 150,
            "cost_alerts_enabled": true,
            "right_sizing_alerts_enabled": true
          },
          "notifications": {
            "email_count": 0,
            "sns_topic_configured": false
          },
          "thresholds": {
            "cpu_underutilization": 20,
            "memory_underutilization": 30,
            "target_cpu_utilization": 70,
            "target_memory_utilization": 80
          }
        }
      },
      "type": [
        "object",
        {
          "anomaly_detection": [
            "object",
            {
              "detector_arn": "dynamic"
            }
          ],
          "budgets": [
            "object",
            {
              "database_budget_name": "string",
              "ecs_budget_name": "string",
              "monthly_budget_name": "string"
            }
          ],
          "monitoring": [
            "object",
            {
              "dashboard_name": "string",
              "dashboard_url": "string",
              "high_cost_alarm": "string",
              "underutilized_cpu_alarm": "string",
              "underutilized_memory_alarm": "string"
            }
          ],
          "recommendations": [
            "object",
            {
              "parameter_name": "string"
            }
          ],
          "summary": [
            "object",
            {
              "budgets": [
                "object",
                {
                  "database_budget_limit": "number",
                  "detailed_budgets_enabled": "bool",
                  "ecs_budget_limit": "number",
                  "monthly_budget_limit": "number"
                }
              ],
              "features": [
                "object",
                {
                  "reserved_instances_enabled": "bool",
                  "resource_cleanup_enabled": "bool",
                  "s3_lifecycle_optimization_enabled": "bool"
                }
              ],
              "monitoring": [
                "object",
                {
                  "anomaly_detection_enabled": "bool",
                  "anomaly_threshold": "number",
                  "cost_alert_threshold": "number",
                  "cost_alerts_enabled": "bool",
                  "right_sizing_alerts_enabled": "bool"
                }
              ],
              "notifications": [
                "object",
                {
                  "email_count": "number",
                  "sns_topic_configured": "bool"
                }
              ],
              "thresholds": [
                "object",
                {
                  "cpu_underutilization": "number",
                  "memory_underutilization": "number",
                  "target_cpu_utilization": "number",
                  "target_memory_utilization": "number"
                }
              ]
            }
          ]
        }
      ]
    },
    "databases": {
      "value": {
        "neptune_cluster_id": "multimodal-lib-prod-neptune",
        "neptune_endpoint": "multimodal-lib-prod-neptune.cluster-cq1iiac2gfkf.us-east-1.neptune.amazonaws.com",
        "neptune_port": 8182,
        "neptune_reader_endpoint": "multimodal-lib-prod-neptune.cluster-ro-cq1iiac2gfkf.us-east-1.neptune.amazonaws.com",
        "opensearch_domain_name": "multimodal-lib-prod-search",
        "opensearch_endpoint": "vpc-multimodal-lib-prod-search-2mjsemd5qwcuj3ezeltxxmwkrq.us-east-1.es.amazonaws.com"
      },
      "type": [
        "object",
        {
          "neptune_cluster_id": "string",
          "neptune_endpoint": "string",
          "neptune_port": "number",
          "neptune_reader_endpoint": "string",
          "opensearch_domain_name": "string",
          "opensearch_endpoint": "string"
        }
      ]
    },
    "deployment_info": {
      "value": {
        "aws_region": "us-east-1",
        "deployment_url": "multimodal-lib-prod-alb-1465193604.us-east-1.elb.amazonaws.com",
        "environment": "prod",
        "next_steps": [
          "1. Configure DNS records to point to the load balancer",
          "2. Deploy application container to ECS service",
          "3. Configure monitoring alerts and notifications",
          "4. Review cost optimization recommendations and budgets",
          "5. Test backup and recovery procedures",
          "6. Conduct security assessment and penetration testing"
        ],
        "project_name": "multimodal-lib"
      },
      "type": [
        "object",
        {
          "aws_region": "string",
          "deployment_url": "string",
          "environment": "string",
          "next_steps": [
            "tuple",
            [
              "string",
              "string",
              "string",
              "string",
              "string",
              "string"
            ]
          ],
          "project_name": "string"
        }
      ]
    },
    "monitoring": {
      "value": {
        "alarms": "CloudWatch alarms configured for critical metrics",
        "dashboards": "CloudWatch dashboards available for monitoring",
        "log_groups": "CloudWatch log groups configured for all services"
      },
      "type": [
        "object",
        {
          "alarms": "string",
          "dashboards": "string",
          "log_groups": "string"
        }
      ]
    },
    "security": {
      "value": {
        "guardduty_detector_id": "4a5b727cde9c4d89a1215e08fe235d69",
        "kms_key_arn": "arn:aws:kms:us-east-1:591222106065:key/3499b337-f818-47c9-93e1-455e92123752",
        "waf_web_acl_arn": "arn:aws:wafv2:us-east-1:591222106065:regional/webacl/multimodal-lib-prod-waf-acl/df697187-7280-4208-83ee-0a843a81ee44"
      },
      "type": [
        "object",
        {
          "guardduty_detector_id": "string",
          "kms_key_arn": "string",
          "waf_web_acl_arn": "string"
        }
      ]
    },
    "storage": {
      "value": {
        "efs_access_point_id": "fsap-002c8bb5e514154ff",
        "efs_dns_name": "fs-0fb6539c28495cca5.efs.us-east-1.amazonaws.com",
        "efs_file_system_id": "fs-0fb6539c28495cca5",
        "model_cache_path": "/efs/model-cache"
      },
      "type": [
        "object",
        {
          "efs_access_point_id": "string",
          "efs_dns_name": "string",
          "efs_file_system_id": "string",
          "model_cache_path": "string"
        }
      ]
    },
    "vpc": {
      "value": {
        "availability_zones": [
          "us-east-1a",
          "us-east-1b",
          "us-east-1c"
        ],
        "private_subnet_ids": [
          "subnet-02a84a72425ffa550",
          "subnet-0379e49e44be48905",
          "subnet-068219ec235688a19"
        ],
        "public_subnet_ids": [
          "subnet-0c352188f5398a718",
          "subnet-02f4d9ecb751beb27",
          "subnet-02fe694f061238d5a"
        ],
        "vpc_id": "vpc-0b2186b38779e77f6"
      },
      "type": [
        "object",
        {
          "availability_zones": [
            "list",
            "string"
          ],
          "private_subnet_ids": [
            "tuple",
            [
              "string",
              "string",
              "string"
            ]
          ],
          "public_subnet_ids": [
            "tuple",
            [
              "string",
              "string",
              "string"
            ]
          ],
          "vpc_id": "string"
        }
      ]
    }
  },
  "resources": [
    {
      "mode": "managed",
      "type": "aws_cloudtrail",
      "name": "main",
      "provider": "provider[\"registry.terraform.io/hashicorp/aws\"]",
      "instances": [
        {
          "index_key": 0,
          "schema_version": 1,
          "attributes": {
            "advanced_event_selector": [],
            "arn": "arn:aws:cloudtrail:us-east-1:591222106065:trail/multimodal-lib-prod-cloudtrail",
            "cloud_watch_logs_group_arn": "",
            "cloud_watch_logs_role_arn": "",
            "enable_log_file_validation": false,
            "enable_logging": true,
            "event_selector": [
              {
                "data_resource": [
                  {
                    "type": "AWS::S3::Object",
                    "values": [
                      "arn:aws:s3"
                    ]
                  }
                ],
                "exclude_management_event_sources": null,
                "include_management_events": true,
                "read_write_type": "All"
              }
            ],
            "home_region": "us-east-1",
            "id": "arn:aws:cloudtrail:us-east-1:591222106065:trail/multimodal-lib-prod-cloudtrail",
            "include_global_service_events": true,
            "insight_selector": [],
            "is_multi_region_trail": false,
            "is_organization_trail": false,
            "kms_key_id": "",
            "name": "multimodal-lib-prod-cloudtrail",
            "s3_bucket_name": "multimodal-lib-prod-cloudtrail-logs-50fcb7c1",
            "s3_key_prefix": "",
            "sns_topic_arn": "",
            "sns_topic_name": "",
            "tags": {
              "CostCenter": "engineering",
              "CreatedBy": "aws-production-deployment-spec",
              "Environment": "prod",
              "ManagedBy": "terraform",
              "Owner": "platform-team",
              "Project": "multimodal-lib"
            },
            "tags_all": {
              "CostCenter": "engineering",
              "CreatedBy": "aws-production-deployment-spec",
              "Environment": "prod",
              "ManagedBy": "terraform",
              "Owner": "platform-team",
              "Project": "multimodal-lib"
            }
          },
          "sensitive_attributes": [],
          "private": "eyJzY2hlbWFfdmVyc2lvbiI6IjEifQ==",
          "dependencies": [
            "aws_s3_bucket.cloudtrail",
            "aws_s3_bucket_policy.cloudtrail",
            "random_id.bucket_suffix"
          ]
        }
      ]
    },
    {
      "mode": "managed",
      "type": "aws_s3_bucket",
      "name": "cloudtrail",
      "provider": "provider[\"registry.terraform.io/hashicorp/aws\"]",
      "instances": [
        {
          "index_key": 0,
          "schema_version": 0,
          "attributes": {
            "acceleration_status": "",
            "acl": null,
            "arn": "arn:aws:s3:::multimodal-lib-prod-cloudtrail-logs-50fcb7c1",
            "bucket": "multimodal-lib-prod-cloudtrail-logs-50fcb7c1",
            "bucket_domain_name": "multimodal-lib-prod-cloudtrail-logs-50fcb7c1.s3.amazonaws.com",
            "bucket_prefix": "",
            "bucket_regional_domain_name": "multimodal-lib-prod-cloudtrail-logs-50fcb7c1.s3.us-east-1.amazonaws.com",
            "cors_rule": [],
            "force_destroy": true,
            "grant": [
              {
                "id": "93d1a3ab56d582bcb6a67930bcda06a7110be0b0bc945f5ebbbfd282cb90e854",
                "permissions": [
                  "FULL_CONTROL"
                ],
                "type": "CanonicalUser",
                "uri": ""
              }
            ],
            "hosted_zone_id": "Z3AQBSTGFYJSTF",
            "id": "multimodal-lib-prod-cloudtrail-logs-50fcb7c1",
            "lifecycle_rule": [],
            "logging": [],
            "object_lock_configuration": [],
            "object_lock_enabled": false,
            "policy": "",
            "region": "us-east-1",
            "replication_configuration": [],
            "request_payer": "BucketOwner",
            "server_side_encryption_configuration": [
              {
                "rule": [
                  {
                    "apply_server_side_encryption_by_default": [
                      {
                        "kms_master_key_id": "",
                        "sse_algorithm": "AES256"
                      }
                    ],
                    "bucket_key_enabled": false
                  }
                ]
              }
            ],
            "tags": {
              "CostCenter": "engineering",
              "CreatedBy": "aws-production-deployment-spec",
              "Environment": "prod",
              "ManagedBy": "terraform",
              "Name": "multimodal-lib-prod-cloudtrail-logs",
              "Owner": "platform-team",
              "Project": "multimodal-lib"
            },
            "tags_all": {
              "CostCenter": "engineering",
              "CreatedBy": "aws-production-deployment-spec",
              "Environment": "prod",
              "ManagedBy": "terraform",
              "Name": "multimodal-lib-prod-cloudtrail-logs",
              "Owner": "platform-team",
              "Project": "multimodal-lib"
            },
            "timeouts": null,
            "versioning": [
              {
                "enabled": false,
                "mfa_delete": false
              }
            ],
            "website": [],
            "website_domain": null,
            "website_endpoint": null
          },
          "sensitive_attributes": [],
          "private": "eyJlMmJmYjczMC1lY2FhLTExZTYtOGY4OC0zNDM2M2JjN2M0YzAiOnsiY3JlYXRlIjoxMjAwMDAwMDAwMDAwLCJkZWxldGUiOjM2MDAwMDAwMDAwMDAsInJlYWQiOjEyMDAwMDAwMDAwMDAsInVwZGF0ZSI6MTIwMDAwMDAwMDAwMH19",
          "dependencies": [
            "random_id.bucket_suffix"
          ]
        }
      ]
    },
    {
      "mode": "managed",
      "type": "aws_s3_bucket_policy",
      "name": "cloudtrail",
      "provider": "provider[\"registry.terraform.io/hashicorp/aws\"]",
      "instances": [
        {
          "index_key": 0,
          "schema_version": 0,
          "attributes": {
            "bucket": "multimodal-lib-prod-cloudtrail-logs-50fcb7c1",
            "id": "multimodal-lib-prod-cloudtrail-logs-50fcb7c1",
            "policy": "{\"Statement\":[{\"Action\":\"s3:GetBucketAcl\",\"Effect\":\"Allow\",\"Principal\":{\"Service\":\"cloudtrail.amazonaws.com\"},\"Resource\":\"arn:aws:s3:::multimodal-lib-prod-cloudtrail-logs-50fcb7c1\",\"Sid\":\"AWSCloudTrailAclCheck\"},{\"Action\":\"s3:PutObject\",\"Condition\":{\"StringEquals\":{\"s3:x-amz-acl\":\"bucket-owner-full-control\"}},\"Effect\":\"Allow\",\"Principal\":{\"Service\":\"cloudtrail.amazonaws.com\"},\"Resource\":\"arn:aws:s3:::multimodal-lib-prod-cloudtrail-logs-50fcb7c1/*\",\"Sid\":\"AWSCloudTrailWrite\"}],\"Version\":\"2012-10-17\"}"
          },
          "sensitive_attributes": [],
          "private": "bnVsbA==",
          "dependencies": [
            "aws_s3_bucket.cloudtrail",
            "random_id.bucket_suffix"
          ]
        }
      ]
    },
    {
      "mode": "managed",
      "type": "aws_s3_bucket_server_side_encryption_configuration",
      "name": "cloudtrail",
      "provider": "provider[\"registry.terraform.io/hashicorp/aws\"]",
      "instances": [
        {
          "index_key": 0,
          "schema_version": 0,
          "attributes": {
            "bucket": "multimodal-lib-prod-cloudtrail-logs-50fcb7c1",
            "expected_bucket_owner": "",
            "id": "multimodal-lib-prod-cloudtrail-logs-50fcb7c1",
            "rule": [
              {
                "apply_server_side_encryption_by_default": [
                  {
                    "kms_master_key_id": "arn:aws:kms:us-east-1:591222106065:key/3499b337-f818-47c9-93e1-455e92123752",
                    "sse_algorithm": "aws:kms"
                  }
                ],
                "bucket_key_enabled": null
              }
            ]
          },
          "sensitive_attributes": [],
          "private": "bnVsbA==",
          "dependencies": [
            "aws_s3_bucket.cloudtrail",
            "module.security.aws_kms_key.main",
            "random_id.bucket_suffix"
          ]
        }
      ]
    },
    {
      "mode": "managed",
      "type": "aws_s3_bucket_versioning",
      "name": "cloudtrail",
      "provider": "provider[\"registry.terraform.io/hashicorp/aws\"]",
      "instances": [
        {
          "index_key": 0,
          "schema_version": 0,
          "attributes": {
            "bucket": "multimodal-lib-prod-cloudtrail-logs-50fcb7c1",
            "expected_bucket_owner": "",
            "id": "multimodal-lib-prod-cloudtrail-logs-50fcb7c1",
            "mfa": null,
            "versioning_configuration": [
              {
                "mfa_delete": "",
                "status": "Enabled"
              }
            ]
          },
          "sensitive_attributes": [],
          "private": "bnVsbA==",
          "dependencies": [
            "aws_s3_bucket.cloudtrail",
            "random_id.bucket_suffix"
          ]
        }
      ]
    },
    {
      "mode": "managed",
      "type": "aws_secretsmanager_secret_version",
      "name": "api_keys",
      "provider": "provider[\"registry.terraform.io/hashicorp/aws\"]",
      "instances": []
    },
    {
      "mode": "managed",
      "type": "aws_secretsmanager_secret_version",
      "name": "neptune",
      "provider": "provider[\"registry.terraform.io/hashicorp/aws\"]",
      "instances": []
    },
    {
      "mode": "managed",
      "type": "aws_secretsmanager_secret_version",
      "name": "opensearch",
      "provider": "provider[\"registry.terraform.io/hashicorp/aws\"]",
      "instances": []
    },
    {
      "mode": "managed",
      "type": "aws_sns_topic",
      "name": "notifications",
      "provider": "provider[\"registry.terraform.io/hashicorp/aws\"]",
      "instances": []
    },
    {
      "mode": "managed",
      "type": "aws_wafv2_web_acl_association",
      "name": "main",
      "provider": "provider[\"registry.terraform.io/hashicorp/aws\"]",
      "instances": []
    },
    {
      "mode": "managed",
      "type": "random_id",
      "name": "bucket_suffix",
      "provider": "provider[\"registry.terraform.io/hashicorp/random\"]",
      "instances": [
        {
          "schema_version": 0,
          "attributes": {
            "b64_std": "UPy3wQ==",
            "b64_url": "UPy3wQ",
            "byte_length": 4,
            "dec": "1358739393",
            "hex": "50fcb7c1",
            "id": "UPy3wQ",
            "keepers": null,
            "prefix": null
          },
          "sensitive_attributes": []
        }
      ]
    },
    {
      "mode": "managed",
      "type": "random_password",
      "name": "neptune_password",
      "provider": "provider[\"registry.terraform.io/hashicorp/random\"]",
      "instances": [
        {
          "schema_version": 3,
          "attributes": {
            "bcrypt_hash": "$2a$10$dybyZxWxnzdNRU4X5EbTAOYlAwSfUCoPGduDOxSpLInr00Ix7ka/y",
            "id": "none",
            "keepers": null,
            "length": 32,
            "lower": true,
            "min_lower": 0,
            "min_numeric": 0,
            "min_special": 0,
            "min_upper": 0,
            "number": true,
            "numeric": true,
            "override_special": null,
            "result": "dsxs_RDaLL%dfe*@CgPdu\u003c\u003cC+NKrE!CD",
            "special": true,
            "upper": true
          },
          "sensitive_attributes": []
        }
      ]
    },
    {
      "mode": "managed",
      "type": "random_password",
      "name": "opensearch_password",
      "provider": "provider[\"registry.terraform.io/hashicorp/random\"]",
      "instances": [
        {
          "schema_version": 3,
          "attributes": {
            "bcrypt_hash": "$2a$10$XMYfYyEDss92ksxPBxQuHuAJ9ZB1C9FeIU1L/2LZG/ZJOLsebN7La",
            "id": "none",
            "keepers": null,
            "length": 32,
            "lower": true,
            "min_lower": 0,
            "min_numeric": 0,
            "min_special": 0,
            "min_upper": 0,
            "number": true,
            "numeric": true,
            "override_special": null,
            "result": "RuJ-v6?M=Kzj0KL7MB%zn6NjRHFWubw7",
            "special": true,
            "upper": true
          },
          "sensitive_attributes": []
        }
      ]
    },
    {
      "mode": "managed",
      "type": "random_password",
      "name": "redis_auth_token",
      "provider": "provider[\"registry.terraform.io/hashicorp/random\"]",
      "instances": [
        {
          "schema_version": 3,
          "attributes": {
            "bcrypt_hash": "$2a$10$6jCxQhmNSaOu579B4zo85ObpG5/mi3vwHsMwnF6.2hO/Rb9wQKVfK",
            "id": "none",
            "keepers": null,
            "length": 32,
            "lower": true,
            "min_lower": 0,
            "min_numeric": 0,
            "min_special": 0,
            "min_upper": 0,
            "number": true,
            "numeric": true,
            "override_special": null,
            "result": "\u003cQjALPFEE-\u0026_H(ZJOpc{2Ytkp5hrCl5L",
            "special": true,
            "upper": true
          },
          "sensitive_attributes": []
        }
      ]
    },
    {
      "module": "module.application",
      "mode": "data",
      "type": "aws_caller_identity",
      "name": "current",
      "provider": "provider[\"registry.terraform.io/hashicorp/aws\"]",
      "instances": [
        {
          "schema_version": 0,
          "attributes": {
            "account_id": "591222106065",
            "arn": "arn:aws:iam::591222106065:root",
            "id": "591222106065",
            "user_id": "591222106065"
          },
          "sensitive_attributes": []
        }
      ]
    },
    {
      "module": "module.application",
      "mode": "data",
      "type": "aws_elb_service_account",
      "name": "main",
      "provider": "provider[\"registry.terraform.io/hashicorp/aws\"]",
      "instances": [
        {
          "schema_version": 0,
          "attributes": {
            "arn": "arn:aws:iam::127311923021:root",
            "id": "127311923021",
            "region": null
          },
          "sensitive_attributes": []
        }
      ]
    },
    {
      "module": "module.application",
      "mode": "managed",
      "type": "aws_appautoscaling_policy",
      "name": "cpu_scaling",
      "provider": "provider[\"registry.terraform.io/hashicorp/aws\"]",
      "instances": []
    },
    {
      "module": "module.application",
      "mode": "managed",
      "type": "aws_appautoscaling_policy",
      "name": "memory_scaling",
      "provider": "provider[\"registry.terraform.io/hashicorp/aws\"]",
      "instances": []
    },
    {
      "module": "module.application",
      "mode": "managed",
      "type": "aws_appautoscaling_target",
      "name": "ecs_target",
      "provider": "provider[\"registry.terraform.io/hashicorp/aws\"]",
      "instances": []
    },
    {
      "module": "module.application",
      "mode": "managed",
      "type": "aws_cloudfront_distribution",
      "name": "main",
      "provider": "provider[\"registry.terraform.io/hashicorp/aws\"]",
      "instances": [
        {
          "schema_version": 1,
          "attributes": {
            "aliases": [],
            "arn": "arn:aws:cloudfront::591222106065:distribution/ELC6V44QNBWSF",
            "caller_reference": "terraform-20260108010937715700000015",
            "comment": "CloudFront distribution for multimodal-lib-prod",
            "continuous_deployment_policy_id": "",
            "custom_error_response": [],
            "default_cache_behavior": [
              {
                "allowed_methods": [
                  "DELETE",
                  "GET",
                  "HEAD",
                  "OPTIONS",
                  "PATCH",
                  "POST",
                  "PUT"
                ],
                "cache_policy_id": "",
                "cached_methods": [
                  "GET",
                  "HEAD"
                ],
                "compress": true,
                "default_ttl": 3600,
                "field_level_encryption_id": "",
                "forwarded_values": [
                  {
                    "cookies": [
                      {
                        "forward": "none",
                        "whitelisted_names": []
                      }
                    ],
                    "headers": [
                      "Authorization",
                      "Host"
                    ],
                    "query_string": true,
                    "query_string_cache_keys": []
                  }
                ],
                "function_association": [],
                "grpc_config": [
                  {
                    "enabled": false
                  }
                ],
                "lambda_function_association": [],
                "max_ttl": 86400,
                "min_ttl": 0,
                "origin_request_policy_id": "",
                "realtime_log_config_arn": "",
                "response_headers_policy_id": "",
                "smooth_streaming": false,
                "target_origin_id": "multimodal-lib-prod-alb",
                "trusted_key_groups": [],
                "trusted_signers": [],
                "viewer_protocol_policy": "redirect-to-https"
              }
            ],
            "default_root_object": "index.html",
            "domain_name": "d347w7yibz52wg.cloudfront.net",
            "enabled": true,
            "etag": "E27302TWR4SNU3",
            "hosted_zone_id": "Z2FDTNDATAQYW2",
            "http_version": "http2",
            "id": "ELC6V44QNBWSF",
            "in_progress_validation_batches": 0,
            "is_ipv6_enabled": true,
            "last_modified_time": "2026-01-22 08:13:14.269 +0000 UTC",
            "logging_config": [],
            "ordered_cache_behavior": [
              {
                "allowed_methods": [
                  "GET",
                  "HEAD",
                  "OPTIONS"
                ],
                "cache_policy_id": "",
                "cached_methods": [
                  "GET",
                  "HEAD"
                ],
                "compress": true,
                "default_ttl": 86400,
                "field_level_encryption_id": "",
                "forwarded_values": [
                  {
                    "cookies": [
                      {
                        "forward": "none",
                        "whitelisted_names": []
                      }
                    ],
                    "headers": [],
                    "query_string": false,
                    "query_string_cache_keys": []
                  }
                ],
                "function_association": [],
                "grpc_config": [
                  {
                    "enabled": false
                  }
                ],
                "lambda_function_association": [],
                "max_ttl": 31536000,
                "min_ttl": 0,
                "origin_request_policy_id": "",
                "path_pattern": "/static/*",
                "realtime_log_config_arn": "",
                "response_headers_policy_id": "",
                "smooth_streaming": false,
                "target_origin_id": "multimodal-lib-prod-alb",
                "trusted_key_groups": [],
                "trusted_signers": [],
                "viewer_protocol_policy": "redirect-to-https"
              },
              {
                "allowed_methods": [
                  "DELETE",
                  "GET",
                  "HEAD",
                  "OPTIONS",
                  "PATCH",
                  "POST",
                  "PUT"
                ],
                "cache_policy_id": "",
                "cached_methods": [
                  "GET",
                  "HEAD"
                ],
                "compress": true,
                "default_ttl": 0,
                "field_level_encryption_id": "",
                "forwarded_values": [
                  {
                    "cookies": [
                      {
                        "forward": "all",
                        "whitelisted_names": []
                      }
                    ],
                    "headers": [
                      "*"
                    ],
                    "query_string": true,
                    "query_string_cache_keys": []
                  }
                ],
                "function_association": [],
                "grpc_config": [
                  {
                    "enabled": false
                  }
                ],
                "lambda_function_association": [],
                "max_ttl": 0,
                "min_ttl": 0,
                "origin_request_policy_id": "",
                "path_pattern": "/api/*",
                "realtime_log_config_arn": "",
                "response_headers_policy_id": "",
                "smooth_streaming": false,
                "target_origin_id": "multimodal-lib-prod-alb",
                "trusted_key_groups": [],
                "trusted_signers": [],
                "viewer_protocol_policy": "redirect-to-https"
              }
            ],
            "origin": [
              {
                "connection_attempts": 3,
                "connection_timeout": 10,
                "custom_header": [],
                "custom_origin_config": [
                  {
                    "http_port": 80,
                    "https_port": 443,
                    "origin_keepalive_timeout": 5,
                    "origin_protocol_policy": "https-only",
                    "origin_read_timeout": 30,
                    "origin_ssl_protocols": [
                      "TLSv1.2"
                    ]
                  }
                ],
                "domain_name": "multimodal-lib-prod-alb-1465193604.us-east-1.elb.amazonaws.com",
                "origin_access_control_id": "",
                "origin_id": "multimodal-lib-prod-alb",
                "origin_path": "",
                "origin_shield": [],
                "s3_origin_config": [],
                "vpc_origin_config": []
              }
            ],
            "origin_group": [],
            "price_class": "PriceClass_100",
            "restrictions": [
              {
                "geo_restriction": [
                  {
                    "locations": [],
                    "restriction_type": "none"
                  }
                ]
              }
            ],
            "retain_on_delete": false,
            "staging": false,
            "status": "Deployed",
            "tags": {
              "CostCenter": "engineering",
              "CreatedBy": "aws-production-deployment-spec",
              "Environment": "prod",
              "ManagedBy": "terraform",
              "Owner": "platform-team",
              "Project": "multimodal-lib"
            },
            "tags_all": {
              "CostCenter": "engineering",
              "CreatedBy": "aws-production-deployment-spec",
              "Environment": "prod",
              "ManagedBy": "terraform",
              "Owner": "platform-team",
              "Project": "multimodal-lib"
            },
            "trusted_key_groups": [
              {
                "enabled": false,
                "items": []
              }
            ],
            "trusted_signers": [
              {
                "enabled": false,
                "items": []
              }
            ],
            "viewer_certificate": [
              {
                "acm_certificate_arn": "",
                "cloudfront_default_certificate": true,
                "iam_certificate_id": "",
                "minimum_protocol_version": "TLSv1",
                "ssl_support_method": ""
              }
            ],
            "wait_for_deployment": true,
            "web_acl_id": ""
          },
          "sensitive_attributes": [],
          "private": "eyJzY2hlbWFfdmVyc2lvbiI6IjEifQ==",
          "dependencies": [
            "module.application.aws_lb.main",
            "module.application.aws_s3_bucket.alb_logs",
            "module.security.aws_security_group.alb",
            "module.vpc.aws_subnet.public",
            "module.vpc.aws_vpc.main",
            "random_id.bucket_suffix"
          ]
        }
      ]
    },
    {
      "module": "module.application",
      "mode": "managed",
      "type": "aws_cloudwatch_log_group",
      "name": "ecs_exec",
      "provider": "provider[\"registry.terraform.io/hashicorp/aws\"]",
      "instances": [
        {
          "schema_version": 0,
          "attributes": {
            "arn": "arn:aws:logs:us-east-1:591222106065:log-group:/ecs/multimodal-lib-prod/exec",
            "id": "/ecs/multimodal-lib-prod/exec",
            "kms_key_id": "",
            "log_group_class": "STANDARD",
            "name": "/ecs/multimodal-lib-prod/exec",
            "name_prefix": "",
            "retention_in_days": 30,
            "skip_destroy": false,
            "tags": {
              "CostCenter": "engineering",
              "CreatedBy": "aws-production-deployment-spec",
              "Environment": "prod",
              "ManagedBy": "terraform",
              "Owner": "platform-team",
              "Project": "multimodal-lib"
            },
            "tags_all": {
              "CostCenter": "engineering",
              "CreatedBy": "aws-production-deployment-spec",
              "Environment": "prod",
              "ManagedBy": "terraform",
              "Owner": "platform-team",
              "Project": "multimodal-lib"
            }
          },
          "sensitive_attributes": [],
          "private": "bnVsbA=="
        }
      ]
    },
    {
      "module": "module.application",
      "mode": "managed",
      "type": "aws_cloudwatch_log_group",
      "name": "elasticache_slow",
      "provider": "provider[\"registry.terraform.io/hashicorp/aws\"]",
      "instances": [
        {
          "schema_version": 0,
          "attributes": {
            "arn": "arn:aws:logs:us-east-1:591222106065:log-group:/aws/elasticache/multimodal-lib-prod/slow-log",
            "id": "/aws/elasticache/multimodal-lib-prod/slow-log",
            "kms_key_id": "",
            "log_group_class": "STANDARD",
            "name": "/aws/elasticache/multimodal-lib-prod/slow-log",
            "name_prefix": "",
            "retention_in_days": 30,
            "skip_destroy": false,
            "tags": {
              "CostCenter": "engineering",
              "CreatedBy": "aws-production-deployment-spec",
              "Environment": "prod",
              "ManagedBy": "terraform",
              "Owner": "platform-team",
              "Project": "multimodal-lib"
            },
            "tags_all": {
              "CostCenter": "engineering",
              "CreatedBy": "aws-production-deployment-spec",
              "Environment": "prod",
              "ManagedBy": "terraform",
              "Owner": "platform-team",
              "Project": "multimodal-lib"
            }
          },
          "sensitive_attributes": [],
          "private": "bnVsbA=="
        }
      ]
    },
    {
      "module": "module.application",
      "mode": "managed",
      "type": "aws_ecr_repository",
      "name": "app",
      "provider": "provider[\"registry.terraform.io/hashicorp/aws\"]",
      "instances": [
        {
          "schema_version": 0,
          "attributes": {
            "arn": "arn:aws:ecr:us-east-1:591222106065:repository/multimodal-lib-prod-app",
            "encryption_configuration": [
              {
                "encryption_type": "KMS",
                "kms_key": "arn:aws:kms:us-east-1:591222106065:key/3499b337-f818-47c9-93e1-455e92123752"
              }
            ],
            "force_delete": null,
            "id": "multimodal-lib-prod-app",
            "image_scanning_configuration": [
              {
                "scan_on_push": true
              }
            ],
            "image_tag_mutability": "MUTABLE",
            "name": "multimodal-lib-prod-app",
            "registry_id": "591222106065",
            "repository_url": "591222106065.dkr.ecr.us-east-1.amazonaws.com/multimodal-lib-prod-app",
            "tags": {
              "CostCenter": "engineering",
              "CreatedBy": "aws-production-deployment-spec",
              "Environment": "prod",
              "ManagedBy": "terraform",
              "Owner": "platform-team",
              "Project": "multimodal-lib"
            },
            "tags_all": {
              "CostCenter": "engineering",
              "CreatedBy": "aws-production-deployment-spec",
              "Environment": "prod",
              "ManagedBy": "terraform",
              "Owner": "platform-team",
              "Project": "multimodal-lib"
            },
            "timeouts": null
          },
          "sensitive_attributes": [],
          "private": "eyJlMmJmYjczMC1lY2FhLTExZTYtOGY4OC0zNDM2M2JjN2M0YzAiOnsiZGVsZXRlIjoxMjAwMDAwMDAwMDAwfX0=",
          "dependencies": [
            "module.security.aws_iam_role.ecs_task",
            "module.security.aws_iam_role.ecs_task_execution",
            "module.security.aws_kms_key.main",
            "module.security.data.aws_caller_identity.current"
          ]
        }
      ]
    },
    {
      "module": "module.application",
      "mode": "managed",
      "type": "aws_ecr_repository_policy",
      "name": "app",
      "provider": "provider[\"registry.terraform.io/hashicorp/aws\"]",
      "instances": [
        {
          "schema_version": 0,
          "attributes": {
            "id": "multimodal-lib-prod-app",
            "policy": "{\"Statement\":[{\"Action\":[\"ecr:GetDownloadUrlForLayer\",\"ecr:BatchGetImage\",\"ecr:BatchCheckLayerAvailability\"],\"Effect\":\"Allow\",\"Principal\":{\"AWS\":\"arn:aws:iam::591222106065:role/multimodal-lib-prod-ecs-task-execution-role\"},\"Sid\":\"AllowPull\"}],\"Version\":\"2012-10-17\"}",
            "registry_id": "591222106065",
            "repository": "multimodal-lib-prod-app"
          },
          "sensitive_attributes": [],
          "private": "bnVsbA==",
          "dependencies": [
            "module.application.aws_ecr_repository.app",
            "module.security.aws_iam_role.ecs_task_execution"
          ]
        }
      ]
    },
    {
      "module": "module.application",
      "mode": "managed",
      "type": "aws_ecs_cluster_capacity_providers",
      "name": "main",
      "provider": "provider[\"registry.terraform.io/hashicorp/aws\"]",
      "instances": []
    },
    {
      "module": "module.application",
      "mode": "managed",
      "type": "aws_ecs_service",
      "name": "app",
      "provider": "provider[\"registry.terraform.io/hashicorp/aws\"]",
      "instances": []
    },
    {
      "module": "module.application",
      "mode": "managed",
      "type": "aws_ecs_task_definition",
      "name": "app",
      "provider": "provider[\"registry.terraform.io/hashicorp/aws\"]",
      "instances": []
    },
    {
      "module": "module.application",
      "mode": "managed",
      "type": "aws_elasticache_replication_group",
      "name": "redis",
      "provider": "provider[\"registry.terraform.io/hashicorp/aws\"]",
      "instances": [
        {
          "schema_version": 2,
          "attributes": {
            "apply_immediately": null,
            "arn": "arn:aws:elasticache:us-east-1:591222106065:replicationgroup:multimodal-lib-prod-redis",
            "at_rest_encryption_enabled": "true",
            "auth_token": "\u003cQjALPFEE-\u0026_H(ZJOpc{2Ytkp5hrCl5L",
            "auth_token_update_strategy": "ROTATE",
            "auto_minor_version_upgrade": "true",
            "automatic_failover_enabled": true,
            "cluster_enabled": false,
            "cluster_mode": "disabled",
            "configuration_endpoint_address": null,
            "data_tiering_enabled": false,
            "description": "Redis cluster for multimodal-lib-prod",
            "engine": "redis",
            "engine_version": "7.1",
            "engine_version_actual": "7.1.0",
            "final_snapshot_identifier": null,
            "global_replication_group_id": null,
            "id": "multimodal-lib-prod-redis",
            "ip_discovery": "ipv4",
            "kms_key_id": "",
            "log_delivery_configuration": [
              {
                "destination": "/aws/elasticache/multimodal-lib-prod/slow-log",
                "destination_type": "cloudwatch-logs",
                "log_format": "text",
                "log_type": "slow-log"
              }
            ],
            "maintenance_window": "sun:07:00-sun:08:00",
            "member_clusters": [
              "multimodal-lib-prod-redis-001",
              "multimodal-lib-prod-redis-002"
            ],
            "multi_az_enabled": true,
            "network_type": "ipv4",
            "node_type": "cache.t3.micro",
            "notification_topic_arn": null,
            "num_cache_clusters": 2,
            "num_node_groups": 1,
            "parameter_group_name": "default.redis7",
            "port": 6379,
            "preferred_cache_cluster_azs": null,
            "primary_endpoint_address": "master.multimodal-lib-prod-redis.znjbcw.use1.cache.amazonaws.com",
            "reader_endpoint_address": "replica.multimodal-lib-prod-redis.znjbcw.use1.cache.amazonaws.com",
            "replicas_per_node_group": 1,
            "replication_group_id": "multimodal-lib-prod-redis",
            "security_group_ids": [
              "sg-002f77387fe6859e3"
            ],
            "security_group_names": [],
            "snapshot_arns": null,
            "snapshot_name": null,
            "snapshot_retention_limit": 0,
            "snapshot_window": "03:00-04:00",
            "subnet_group_name": "multimodal-lib-prod-cache-subnet",
            "tags": {
              "CostCenter": "engineering",
              "CreatedBy": "aws-production-deployment-spec",
              "Environment": "prod",
              "ManagedBy": "terraform",
              "Owner": "platform-team",
              "Project": "multimodal-lib"
            },
            "tags_all": {
              "CostCenter": "engineering",
              "CreatedBy": "aws-production-deployment-spec",
              "Environment": "prod",
              "ManagedBy": "terraform",
              "Owner": "platform-team",
              "Project": "multimodal-lib"
            },
            "timeouts": null,
            "transit_encryption_enabled": true,
            "transit_encryption_mode": "required",
            "user_group_ids": null
          },
          "sensitive_attributes": [
            [
              {
                "type": "get_attr",
                "value": "auth_token"
              }
            ]
          ],
          "private": "eyJlMmJmYjczMC1lY2FhLTExZTYtOGY4OC0zNDM2M2JjN2M0YzAiOnsiY3JlYXRlIjozNjAwMDAwMDAwMDAwLCJkZWxldGUiOjI3MDAwMDAwMDAwMDAsInVwZGF0ZSI6MjQwMDAwMDAwMDAwMH0sInNjaGVtYV92ZXJzaW9uIjoiMiJ9",
          "dependencies": [
            "module.application.aws_cloudwatch_log_group.elasticache_slow",
            "module.application.aws_elasticache_subnet_group.main",
            "module.security.aws_security_group.alb",
            "module.security.aws_security_group.ecs",
            "module.security.aws_security_group.elasticache",
            "module.vpc.aws_subnet.private",
            "module.vpc.aws_vpc.main",
            "random_password.redis_auth_token"
          ]
        }
      ]
    },
    {
      "module": "module.application",
      "mode": "managed",
      "type": "aws_elasticache_subnet_group",
      "name": "main",
      "provider": "provider[\"registry.terraform.io/hashicorp/aws\"]",
      "instances": [
        {
          "schema_version": 0,
          "attributes": {
            "arn": "arn:aws:elasticache:us-east-1:591222106065:subnetgroup:multimodal-lib-prod-cache-subnet",
            "description": "Managed by Terraform",
            "id": "multimodal-lib-prod-cache-subnet",
            "name": "multimodal-lib-prod-cache-subnet",
            "subnet_ids": [
              "subnet-02a84a72425ffa550",
              "subnet-0379e49e44be48905",
              "subnet-068219ec235688a19"
            ],
            "tags": {
              "CostCenter": "engineering",
              "CreatedBy": "aws-production-deployment-spec",
              "Environment": "prod",
              "ManagedBy": "terraform",
              "Owner": "platform-team",
              "Project": "multimodal-lib"
            },
            "tags_all": {
              "CostCenter": "engineering",
              "CreatedBy": "aws-production-deployment-spec",
              "Environment": "prod",
              "ManagedBy": "terraform",
              "Owner": "platform-team",
              "Project": "multimodal-lib"
            },
            "vpc_id": "vpc-0b2186b38779e77f6"
          },
          "sensitive_attributes": [],
          "private": "bnVsbA==",
          "dependencies": [
            "module.vpc.aws_subnet.private",
            "module.vpc.aws_vpc.main"
          ]
        }
      ]
    },
    {
      "module": "module.application",
      "mode": "managed",
      "type": "aws_lb",
      "name": "main",
      "provider": "provider[\"registry.terraform.io/hashicorp/aws\"]",
      "instances": [
        {
          "schema_version": 0,
          "attributes": {
            "access_logs": [
              {
                "bucket": "multimodal-lib-prod-alb-logs-50fcb7c1",
                "enabled": true,
                "prefix": "alb-logs"
              }
            ],
            "arn": "arn:aws:elasticloadbalancing:us-east-1:591222106065:loadbalancer/app/multimodal-lib-prod-alb/14a18ebae5be6c55",
            "arn_suffix": "app/multimodal-lib-prod-alb/14a18ebae5be6c55",
            "client_keep_alive": 3600,
            "connection_logs": [
              {
                "bucket": "",
                "enabled": false,
                "prefix": ""
              }
            ],
            "customer_owned_ipv4_pool": "",
            "desync_mitigation_mode": "defensive",
            "dns_name": "multimodal-lib-prod-alb-1465193604.us-east-1.elb.amazonaws.com",
            "dns_record_client_routing_policy": null,
            "drop_invalid_header_fields": false,
            "enable_cross_zone_load_balancing": true,
            "enable_deletion_protection": false,
            "enable_http2": true,
            "enable_tls_version_and_cipher_suite_headers": false,
            "enable_waf_fail_open": false,
            "enable_xff_client_port": false,
            "enable_zonal_shift": false,
            "enforce_security_group_inbound_rules_on_private_link_traffic": "",
            "id": "arn:aws:elasticloadbalancing:us-east-1:591222106065:loadbalancer/app/multimodal-lib-prod-alb/14a18ebae5be6c55",
            "idle_timeout": 60,
            "internal": false,
            "ip_address_type": "ipv4",
            "ipam_pools": [],
            "load_balancer_type": "application",
            "minimum_load_balancer_capacity": [],
            "name": "multimodal-lib-prod-alb",
            "name_prefix": "",
            "preserve_host_header": false,
            "security_groups": [
              "sg-0b01cf4957cb2be65"
            ],
            "subnet_mapping": [
              {
                "allocation_id": "",
                "ipv6_address": "",
                "outpost_id": "",
                "private_ipv4_address": "",
                "subnet_id": "subnet-02f4d9ecb751beb27"
              },
              {
                "allocation_id": "",
                "ipv6_address": "",
                "outpost_id": "",
                "private_ipv4_address": "",
                "subnet_id": "subnet-02fe694f061238d5a"
              },
              {
                "allocation_id": "",
                "ipv6_address": "",
                "outpost_id": "",
                "private_ipv4_address": "",
                "subnet_id": "subnet-0c352188f5398a718"
              }
            ],
            "subnets": [
              "subnet-02f4d9ecb751beb27",
              "subnet-02fe694f061238d5a",
              "subnet-0c352188f5398a718"
            ],
            "tags": {
              "CostCenter": "engineering",
              "CreatedBy": "aws-production-deployment-spec",
              "Environment": "prod",
              "ManagedBy": "terraform",
              "Owner": "platform-team",
              "Project": "multimodal-lib"
            },
            "tags_all": {
              "CostCenter": "engineering",
              "CreatedBy": "aws-production-deployment-spec",
              "Environment": "prod",
              "ManagedBy": "terraform",
              "Owner": "platform-team",
              "Project": "multimodal-lib"
            },
            "timeouts": null,
            "vpc_id": "vpc-0b2186b38779e77f6",
            "xff_header_processing_mode": "append",
            "zone_id": "Z35SXDOTRQ7X7K"
          },
          "sensitive_attributes": [],
          "private": "eyJlMmJmYjczMC1lY2FhLTExZTYtOGY4OC0zNDM2M2JjN2M0YzAiOnsiY3JlYXRlIjo2MDAwMDAwMDAwMDAsImRlbGV0ZSI6NjAwMDAwMDAwMDAwLCJ1cGRhdGUiOjYwMDAwMDAwMDAwMH19",
          "dependencies": [
            "module.application.aws_s3_bucket.alb_logs",
            "module.security.aws_security_group.alb",
            "module.vpc.aws_subnet.public",
            "module.vpc.aws_vpc.main",
            "random_id.bucket_suffix"
          ]
        }
      ]
    },
    {
      "module": "module.application",
      "mode": "managed",
      "type": "aws_lb_listener",
      "name": "http",
      "provider": "provider[\"registry.terraform.io/hashicorp/aws\"]",
      "instances": []
    },
    {
      "module": "module.application",
      "mode": "managed",
      "type": "aws_s3_bucket",
      "name": "alb_logs",
      "provider": "provider[\"registry.terraform.io/hashicorp/aws\"]",
      "instances": [
        {
          "schema_version": 0,
          "attributes": {
            "acceleration_status": "",
            "acl": null,
            "arn": "arn:aws:s3:::multimodal-lib-prod-alb-logs-50fcb7c1",
            "bucket": "multimodal-lib-prod-alb-logs-50fcb7c1",
            "bucket_domain_name": "multimodal-lib-prod-alb-logs-50fcb7c1.s3.amazonaws.com",
            "bucket_prefix": "",
            "bucket_regional_domain_name": "multimodal-lib-prod-alb-logs-50fcb7c1.s3.us-east-1.amazonaws.com",
            "cors_rule": [],
            "force_destroy": true,
            "grant": [
              {
                "id": "93d1a3ab56d582bcb6a67930bcda06a7110be0b0bc945f5ebbbfd282cb90e854",
                "permissions": [
                  "FULL_CONTROL"
                ],
                "type": "CanonicalUser",
                "uri": ""
              }
            ],
            "hosted_zone_id": "Z3AQBSTGFYJSTF",
            "id": "multimodal-lib-prod-alb-logs-50fcb7c1",
            "lifecycle_rule": [],
            "logging": [],
            "object_lock_configuration": [],
            "object_lock_enabled": false,
            "policy": "",
            "region": "us-east-1",
            "replication_configuration": [],
            "request_payer": "BucketOwner",
            "server_side_encryption_configuration": [
              {
                "rule": [
                  {
                    "apply_server_side_encryption_by_default": [
                      {
                        "kms_master_key_id": "",
                        "sse_algorithm": "AES256"
                      }
                    ],
                    "bucket_key_enabled": false
                  }
                ]
              }
            ],
            "tags": {
              "CostCenter": "engineering",
              "CreatedBy": "aws-production-deployment-spec",
              "Environment": "prod",
              "ManagedBy": "terraform",
              "Name": "multimodal-lib-prod-alb-logs",
              "Owner": "platform-team",
              "Project": "multimodal-lib"
            },
            "tags_all": {
              "CostCenter": "engineering",
              "CreatedBy": "aws-production-deployment-spec",
              "Environment": "prod",
              "ManagedBy": "terraform",
              "Name": "multimodal-lib-prod-alb-logs",
              "Owner": "platform-team",
              "Project": "multimodal-lib"
            },
            "timeouts": null,
            "versioning": [
              {
                "enabled": false,
                "mfa_delete": false
              }
            ],
            "website": [],
            "website_domain": null,
            "website_endpoint": null
          },
          "sensitive_attributes": [],
          "private": "eyJlMmJmYjczMC1lY2FhLTExZTYtOGY4OC0zNDM2M2JjN2M0YzAiOnsiY3JlYXRlIjoxMjAwMDAwMDAwMDAwLCJkZWxldGUiOjM2MDAwMDAwMDAwMDAsInJlYWQiOjEyMDAwMDAwMDAwMDAsInVwZGF0ZSI6MTIwMDAwMDAwMDAwMH19",
          "dependencies": [
            "random_id.bucket_suffix"
          ]
        }
      ]
    },
    {
      "module": "module.application",
      "mode": "managed",
      "type": "aws_s3_bucket_policy",
      "name": "alb_logs",
      "provider": "provider[\"registry.terraform.io/hashicorp/aws\"]",
      "instances": [
        {
          "schema_version": 0,
          "attributes": {
            "bucket": "multimodal-lib-prod-alb-logs-50fcb7c1",
            "id": "multimodal-lib-prod-alb-logs-50fcb7c1",
            "policy": "{\"Statement\":[{\"Action\":\"s3:PutObject\",\"Effect\":\"Allow\",\"Principal\":{\"AWS\":\"arn:aws:iam::127311923021:root\"},\"Resource\":\"arn:aws:s3:::multimodal-lib-prod-alb-logs-50fcb7c1/alb-logs/AWSLogs/591222106065/*\"},{\"Action\":\"s3:PutObject\",\"Condition\":{\"StringEquals\":{\"s3:x-amz-acl\":\"bucket-owner-full-control\"}},\"Effect\":\"Allow\",\"Principal\":{\"Service\":\"delivery.logs.amazonaws.com\"},\"Resource\":\"arn:aws:s3:::multimodal-lib-prod-alb-logs-50fcb7c1/alb-logs/AWSLogs/591222106065/*\"},{\"Action\":\"s3:GetBucketAcl\",\"Effect\":\"Allow\",\"Principal\":{\"Service\":\"delivery.logs.amazonaws.com\"},\"Resource\":\"arn:aws:s3:::multimodal-lib-prod-alb-logs-50fcb7c1\"}],\"Version\":\"2012-10-17\"}"
          },
          "sensitive_attributes": [],
          "private": "bnVsbA==",
          "dependencies": [
            "module.application.aws_s3_bucket.alb_logs",
            "module.application.data.aws_caller_identity.current",
            "module.application.data.aws_elb_service_account.main",
            "random_id.bucket_suffix"
          ]
        }
      ]
    },
    {
      "module": "module.backup",
      "mode": "data",
      "type": "archive_file",
      "name": "backup_lambda",
      "provider": "provider[\"registry.terraform.io/hashicorp/archive\"]",
      "instances": [
        {
          "schema_version": 0,
          "attributes": {
            "exclude_symlink_directories": null,
            "excludes": null,
            "id": "b00778d2eb0ea820def2a2901792df4d2addae42",
            "output_base64sha256": "BZ2LwAx501EDwpQ/OTiHMnPIOKj/TBQ3zRUCeAUXAAY=",
            "output_base64sha512": "W6w7qIyaKON/c1oZoS+AqNmPxLkSG6lcmWESV+Zsg1bEoQiwphO6/ihVnQYC7CJI4FbJLYQj8J80Ls4ceq1DLQ==",
            "output_file_mode": null,
            "output_md5": "4ba5caf9904adfac957fba7853ff9ab6",
            "output_path": "/tmp/backup_manager.zip",
            "output_sha": "b00778d2eb0ea820def2a2901792df4d2addae42",
            "output_sha256": "059d8bc00c79d35103c2943f3938873273c838a8ff4c1437cd15027805170006",
            "output_sha512": "5bac3ba88c9a28e37f735a19a12f80a8d98fc4b9121ba95c99611257e66c8356c4a108b0a613bafe28559d0602ec2248e056c92d8423f09f342ece1c7aad432d",
            "output_size": 2306,
            "source": [
              {
                "content": "#!/usr/bin/env python3\n\"\"\"\nBackup Manager Lambda Function\nManages automated backups for Neptune and OpenSearch\n\"\"\"\n\nimport json\nimport boto3\nimport logging\nfrom datetime import datetime, timedelta\nfrom typing import Dict, Any, List\n\n# Configure logging\nlogger = logging.getLogger()\nlogger.setLevel(logging.INFO)\n\n# Initialize AWS clients\nneptune_client = boto3.client('neptune')\nopensearch_client = boto3.client('opensearch')\ns3_client = boto3.client('s3')\ncloudwatch_client = boto3.client('cloudwatch')\n\n# Environment variables\nPROJECT_NAME = \"multimodal-lib\"\nENVIRONMENT = \"prod\"\nAWS_REGION = \"us-east-1\"\nSNAPSHOT_BUCKET = \"multimodal-lib-prod-opensearch-snapshots-50fcb7c1\"\nBACKUP_RETENTION_DAYS = int(\"30\")\n\n\ndef lambda_handler(event: Dict[str, Any], context: Any) -\u003e Dict[str, Any]:\n    \"\"\"\n    Main Lambda handler for backup management\n    \"\"\"\n    logger.info(f\"Starting backup management for {PROJECT_NAME}-{ENVIRONMENT}\")\n    \n    results = {\n        'neptune_backup_verification': False,\n        'opensearch_snapshot_management': False,\n        'cleanup_operations': False,\n        'errors': []\n    }\n    \n    try:\n        # Verify Neptune backup configuration\n        results['neptune_backup_verification'] = verify_neptune_backups()\n        \n        # Manage OpenSearch snapshots\n        results['opensearch_snapshot_management'] = manage_opensearch_snapshots()\n        \n        # Cleanup old snapshots\n        results['cleanup_operations'] = cleanup_old_snapshots()\n        \n        # Send success metrics\n        send_backup_metrics(success=True, errors=len(results['errors']))\n        \n        logger.info(\"Backup management completed successfully\")\n        \n    except Exception as e:\n        error_msg = f\"Backup management failed: {str(e)}\"\n        logger.error(error_msg)\n        results['errors'].append(error_msg)\n        \n        # Send failure metrics\n        send_backup_metrics(success=False, errors=1)\n    \n    return {\n        'statusCode': 200 if not results['errors'] else 500,\n        'body': json.dumps(results)\n    }\n\n\ndef verify_neptune_backups() -\u003e bool:\n    \"\"\"\n    Verify Neptune automated backup configuration\n    \"\"\"\n    try:\n        logger.info(\"Verifying Neptune backup configuration\")\n        \n        # List Neptune clusters\n        response = neptune_client.describe_db_clusters()\n        clusters = response.get('DBClusters', [])\n        \n        for cluster in clusters:\n            cluster_id = cluster['DBClusterIdentifier']\n            \n            # Check if cluster belongs to our project\n            if PROJECT_NAME.lower() in cluster_id.lower():\n                backup_retention = cluster.get('BackupRetentionPeriod', 0)\n                \n                if backup_retention \u003e 0:\n                    logger.info(f\"Neptune cluster {cluster_id} has backup retention: {backup_retention} days\")\n                else:\n                    logger.warning(f\"Neptune cluster {cluster_id} has no backup retention configured\")\n                    return False\n        \n        return True\n        \n    except Exception as e:\n        logger.error(f\"Failed to verify Neptune backups: {str(e)}\")\n        return False\n\n\ndef manage_opensearch_snapshots() -\u003e bool:\n    \"\"\"\n    Manage OpenSearch snapshots and repository\n    \"\"\"\n    try:\n        logger.info(\"Managing OpenSearch snapshots\")\n        \n        # List OpenSearch domains\n        response = opensearch_client.list_domain_names()\n        domains = response.get('DomainNames', [])\n        \n        for domain in domains:\n            domain_name = domain['DomainName']\n            \n            # Check if domain belongs to our project\n            if PROJECT_NAME.lower() in domain_name.lower():\n                logger.info(f\"Managing snapshots for OpenSearch domain: {domain_name}\")\n                \n                # Note: OpenSearch snapshot management would typically be done\n                # through the OpenSearch REST API, not the AWS API\n                # This is a placeholder for the actual implementation\n                \n                # In a real implementation, you would:\n                # 1. Register snapshot repository if not exists\n                # 2. Create manual snapshots if needed\n                # 3. Verify snapshot repository configuration\n                \n        return True\n        \n    except Exception as e:\n        logger.error(f\"Failed to manage OpenSearch snapshots: {str(e)}\")\n        return False\n\n\ndef cleanup_old_snapshots() -\u003e bool:\n    \"\"\"\n    Cleanup old manual snapshots based on retention policy\n    \"\"\"\n    try:\n        logger.info(f\"Cleaning up snapshots older than {BACKUP_RETENTION_DAYS} days\")\n        \n        # Calculate cutoff date\n        cutoff_date = datetime.now() - timedelta(days=BACKUP_RETENTION_DAYS)\n        \n        # List objects in snapshot bucket\n        response = s3_client.list_objects_v2(Bucket=SNAPSHOT_BUCKET)\n        objects = response.get('Contents', [])\n        \n        deleted_count = 0\n        for obj in objects:\n            # Check if object is older than retention period\n            if obj['LastModified'].replace(tzinfo=None) \u003c cutoff_date:\n                # Only delete manual snapshots, not automated ones\n                if 'manual-snapshot' in obj['Key']:\n                    logger.info(f\"Deleting old snapshot: {obj['Key']}\")\n                    s3_client.delete_object(Bucket=SNAPSHOT_BUCKET, Key=obj['Key'])\n                    deleted_count += 1\n        \n        logger.info(f\"Deleted {deleted_count} old manual snapshots\")\n        return True\n        \n    except Exception as e:\n        logger.error(f\"Failed to cleanup old snapshots: {str(e)}\")\n        return False\n\n\ndef send_backup_metrics(success: bool, errors: int) -\u003e None:\n    \"\"\"\n    Send backup metrics to CloudWatch\n    \"\"\"\n    try:\n        # Send success metric\n        cloudwatch_client.put_metric_data(\n            Namespace='Custom/Backup',\n            MetricData=[\n                {\n                    'MetricName': 'BackupSuccess',\n                    'Dimensions': [\n                        {\n                            'Name': 'Project',\n                            'Value': PROJECT_NAME\n                        },\n                        {\n                            'Name': 'Environment',\n                            'Value': ENVIRONMENT\n                        }\n                    ],\n                    'Value': 1 if success else 0,\n                    'Unit': 'Count'\n                }\n            ]\n        )\n        \n        # Send error metric\n        if errors \u003e 0:\n            cloudwatch_client.put_metric_data(\n                Namespace='Custom/Backup',\n                MetricData=[\n                    {\n                        'MetricName': 'BackupErrors',\n                        'Dimensions': [\n                            {\n                                'Name': 'Project',\n                                'Value': PROJECT_NAME\n                            },\n                            {\n                                'Name': 'Environment',\n                                'Value': ENVIRONMENT\n                            }\n                        ],\n                        'Value': errors,\n                        'Unit': 'Count'\n                    }\n                ]\n            )\n        \n        logger.info(f\"Sent backup metrics: success={success}, errors={errors}\")\n        \n    except Exception as e:\n        logger.error(f\"Failed to send backup metrics: {str(e)}\")\n\n\nif __name__ == \"__main__\":\n    # For local testing\n    test_event = {}\n    test_context = type('Context', (), {})()\n    result = lambda_handler(test_event, test_context)\n    print(json.dumps(result, indent=2))",
                "filename": "backup_manager.py"
              }
            ],
            "source_content": null,
            "source_content_filename": null,
            "source_dir": null,
            "source_file": null,
            "type": "zip"
          },
          "sensitive_attributes": []
        }
      ]
    },
    {
      "module": "module.backup",
      "mode": "managed",
      "type": "aws_cloudwatch_dashboard",
      "name": "backup_monitoring",
      "provider": "provider[\"registry.terraform.io/hashicorp/aws\"]",
      "instances": [
        {
          "schema_version": 0,
          "attributes": {
            "dashboard_arn": "arn:aws:cloudwatch::591222106065:dashboard/multimodal-lib-prod-backup-monitoring",
            "dashboard_body": "{\"widgets\":[{\"height\":6,\"properties\":{\"metrics\":[[\"Custom/Backup\",\"BackupSuccess\",\"Project\",\"multimodal-lib\",\"Environment\",\"prod\"],[\".\",\"BackupErrors\",\".\",\".\",\".\",\".\"]],\"period\":300,\"region\":\"us-east-1\",\"stacked\":false,\"title\":\"Backup Job Status\",\"view\":\"timeSeries\"},\"type\":\"metric\",\"width\":12,\"x\":0,\"y\":0},{\"height\":6,\"properties\":{\"metrics\":[[\"AWS/S3\",\"BucketSizeBytes\",\"BucketName\",\"multimodal-lib-prod-opensearch-snapshots-50fcb7c1\",\"StorageType\",\"StandardStorage\"]],\"period\":86400,\"region\":\"us-east-1\",\"stacked\":false,\"title\":\"Backup Storage Utilization\",\"view\":\"timeSeries\"},\"type\":\"metric\",\"width\":12,\"x\":0,\"y\":6}]}",
            "dashboard_name": "multimodal-lib-prod-backup-monitoring",
            "id": "multimodal-lib-prod-backup-monitoring"
          },
          "sensitive_attributes": [],
          "private": "bnVsbA==",
          "dependencies": [
            "module.backup.aws_s3_bucket.opensearch_snapshots",
            "random_id.bucket_suffix"
          ]
        }
      ]
    },
    {
      "module": "module.backup",
      "mode": "managed",
      "type": "aws_cloudwatch_event_rule",
      "name": "backup_schedule",
      "provider": "provider[\"registry.terraform.io/hashicorp/aws\"]",
      "instances": [
        {
          "schema_version": 1,
          "attributes": {
            "arn": "arn:aws:events:us-east-1:591222106065:rule/multimodal-lib-prod-backup-schedule",
            "description": "Trigger backup management function daily",
            "event_bus_name": "default",
            "event_pattern": null,
            "force_destroy": false,
            "id": "multimodal-lib-prod-backup-schedule",
            "is_enabled": true,
            "name": "multimodal-lib-prod-backup-schedule",
            "name_prefix": "",
            "role_arn": "",
            "schedule_expression": "cron(0 3 * * ? *)",
            "state": "ENABLED",
            "tags": {
              "CostCenter": "engineering",
              "CreatedBy": "aws-production-deployment-spec",
              "Environment": "prod",
              "ManagedBy": "terraform",
              "Owner": "platform-team",
              "Project": "multimodal-lib"
            },
            "tags_all": {
              "CostCenter": "engineering",
              "CreatedBy": "aws-production-deployment-spec",
              "Environment": "prod",
              "ManagedBy": "terraform",
              "Owner": "platform-team",
              "Project": "multimodal-lib"
            }
          },
          "sensitive_attributes": [],
          "private": "eyJzY2hlbWFfdmVyc2lvbiI6IjEifQ=="
        }
      ]
    },
    {
      "module": "module.backup",
      "mode": "managed",
      "type": "aws_cloudwatch_event_target",
      "name": "backup_lambda",
      "provider": "provider[\"registry.terraform.io/hashicorp/aws\"]",
      "instances": [
        {
          "schema_version": 1,
          "attributes": {
            "appsync_target": [],
            "arn": "arn:aws:lambda:us-east-1:591222106065:function:multimodal-lib-prod-backup-manager",
            "batch_target": [],
            "dead_letter_config": [],
            "ecs_target": [],
            "event_bus_name": "default",
            "force_destroy": false,
            "http_target": [],
            "id": "multimodal-lib-prod-backup-schedule-BackupLambdaTarget",
            "input": "",
            "input_path": "",
            "input_transformer": [],
            "kinesis_target": [],
            "redshift_target": [],
            "retry_policy": [],
            "role_arn": "",
            "rule": "multimodal-lib-prod-backup-schedule",
            "run_command_targets": [],
            "sagemaker_pipeline_target": [],
            "sqs_target": [],
            "target_id": "BackupLambdaTarget"
          },
          "sensitive_attributes": [],
          "private": "eyJzY2hlbWFfdmVyc2lvbiI6IjEifQ==",
          "dependencies": [
            "module.backup.aws_cloudwatch_event_rule.backup_schedule",
            "module.backup.aws_cloudwatch_log_group.backup_lambda",
            "module.backup.aws_iam_role.backup_lambda",
            "module.backup.aws_iam_role_policy.backup_lambda",
            "module.backup.aws_lambda_function.backup_manager",
            "module.backup.aws_s3_bucket.opensearch_snapshots",
            "module.backup.data.archive_file.backup_lambda",
            "random_id.bucket_suffix"
          ]
        }
      ]
    },
    {
      "module": "module.backup",
      "mode": "managed",
      "type": "aws_cloudwatch_log_group",
      "name": "backup_lambda",
      "provider": "provider[\"registry.terraform.io/hashicorp/aws\"]",
      "instances": [
        {
          "schema_version": 0,
          "attributes": {
            "arn": "arn:aws:logs:us-east-1:591222106065:log-group:/aws/lambda/multimodal-lib-prod-backup-manager",
            "id": "/aws/lambda/multimodal-lib-prod-backup-manager",
            "kms_key_id": "",
            "log_group_class": "STANDARD",
            "name": "/aws/lambda/multimodal-lib-prod-backup-manager",
            "name_prefix": "",
            "retention_in_days": 30,
            "skip_destroy": false,
            "tags": {
              "CostCenter": "engineering",
              "CreatedBy": "aws-production-deployment-spec",
              "Environment": "prod",
              "ManagedBy": "terraform",
              "Owner": "platform-team",
              "Project": "multimodal-lib"
            },
            "tags_all": {
              "CostCenter": "engineering",
              "CreatedBy": "aws-production-deployment-spec",
              "Environment": "prod",
              "ManagedBy": "terraform",
              "Owner": "platform-team",
              "Project": "multimodal-lib"
            }
          },
          "sensitive_attributes": [],
          "private": "bnVsbA=="
        }
      ]
    },
    {
      "module": "module.backup",
      "mode": "managed",
      "type": "aws_cloudwatch_metric_alarm",
      "name": "backup_failures",
      "provider": "provider[\"registry.terraform.io/hashicorp/aws\"]",
      "instances": [
        {
          "schema_version": 1,
          "attributes": {
            "actions_enabled": true,
            "alarm_actions": null,
            "alarm_description": "This metric monitors backup job failures",
            "alarm_name": "multimodal-lib-prod-backup-failures",
            "arn": "arn:aws:cloudwatch:us-east-1:591222106065:alarm:multimodal-lib-prod-backup-failures",
            "comparison_operator": "GreaterThanThreshold",
            "datapoints_to_alarm": 0,
            "dimensions": {
              "Environment": "prod",
              "Project": "multimodal-lib"
            },
            "evaluate_low_sample_count_percentiles": "",
            "evaluation_periods": 1,
            "extended_statistic": "",
            "id": "multimodal-lib-prod-backup-failures",
            "insufficient_data_actions": null,
            "metric_name": "BackupErrors",
            "metric_query": [],
            "namespace": "Custom/Backup",
            "ok_actions": null,
            "period": 300,
            "statistic": "Sum",
            "tags": {
              "CostCenter": "engineering",
              "CreatedBy": "aws-production-deployment-spec",
              "Environment": "prod",
              "ManagedBy": "terraform",
              "Owner": "platform-team",
              "Project": "multimodal-lib"
            },
            "tags_all": {
              "CostCenter": "engineering",
              "CreatedBy": "aws-production-deployment-spec",
              "Environment": "prod",
              "ManagedBy": "terraform",
              "Owner": "platform-team",
              "Project": "multimodal-lib"
            },
            "threshold": 0,
            "threshold_metric_id": "",
            "treat_missing_data": "missing",
            "unit": ""
          },
          "sensitive_attributes": [],
          "private": "eyJzY2hlbWFfdmVyc2lvbiI6IjEifQ==",
          "dependencies": [
            "aws_sns_topic.notifications"
          ]
        }
      ]
    },
    {
      "module": "module.backup",
      "mode": "managed",
      "type": "aws_cloudwatch_metric_alarm",
      "name": "backup_success",
      "provider": "provider[\"registry.terraform.io/hashicorp/aws\"]",
      "instances": [
        {
          "schema_version": 1,
          "attributes": {
            "actions_enabled": true,
            "alarm_actions": null,
            "alarm_description": "This metric monitors backup job success",
            "alarm_name": "multimodal-lib-prod-backup-success",
            "arn": "arn:aws:cloudwatch:us-east-1:591222106065:alarm:multimodal-lib-prod-backup-success",
            "comparison_operator": "LessThanThreshold",
            "datapoints_to_alarm": 0,
            "dimensions": {
              "Environment": "prod",
              "Project": "multimodal-lib"
            },
            "evaluate_low_sample_count_percentiles": "",
            "evaluation_periods": 1,
            "extended_statistic": "",
            "id": "multimodal-lib-prod-backup-success",
            "insufficient_data_actions": null,
            "metric_name": "BackupSuccess",
            "metric_query": [],
            "namespace": "Custom/Backup",
            "ok_actions": null,
            "period": 86400,
            "statistic": "Sum",
            "tags": {
              "CostCenter": "engineering",
              "CreatedBy": "aws-production-deployment-spec",
              "Environment": "prod",
              "ManagedBy": "terraform",
              "Owner": "platform-team",
              "Project": "multimodal-lib"
            },
            "tags_all": {
              "CostCenter": "engineering",
              "CreatedBy": "aws-production-deployment-spec",
              "Environment": "prod",
              "ManagedBy": "terraform",
              "Owner": "platform-team",
              "Project": "multimodal-lib"
            },
            "threshold": 1,
            "threshold_metric_id": "",
            "treat_missing_data": "missing",
            "unit": ""
          },
          "sensitive_attributes": [],
          "private": "eyJzY2hlbWFfdmVyc2lvbiI6IjEifQ==",
          "dependencies": [
            "aws_sns_topic.notifications"
          ]
        }
      ]
    },
    {
      "module": "module.backup",
      "mode": "managed",
      "type": "aws_iam_role",
      "name": "backup_lambda",
      "provider": "provider[\"registry.terraform.io/hashicorp/aws\"]",
      "instances": [
        {
          "schema_version": 0,
          "attributes": {
            "arn": "arn:aws:iam::591222106065:role/multimodal-lib-prod-backup-lambda-role",
            "assume_role_policy": "{\"Statement\":[{\"Action\":\"sts:AssumeRole\",\"Effect\":\"Allow\",\"Principal\":{\"Service\":\"lambda.amazonaws.com\"}}],\"Version\":\"2012-10-17\"}",
            "create_date": "2026-01-22T08:09:39Z",
            "description": "",
            "force_detach_policies": false,
            "id": "multimodal-lib-prod-backup-lambda-role",
            "inline_policy": [],
            "managed_policy_arns": [],
            "max_session_duration": 3600,
            "name": "multimodal-lib-prod-backup-lambda-role",
            "name_prefix": "",
            "path": "/",
            "permissions_boundary": "",
            "tags": {
              "CostCenter": "engineering",
              "CreatedBy": "aws-production-deployment-spec",
              "Environment": "prod",
              "ManagedBy": "terraform",
              "Owner": "platform-team",
              "Project": "multimodal-lib"
            },
            "tags_all": {
              "CostCenter": "engineering",
              "CreatedBy": "aws-production-deployment-spec",
              "Environment": "prod",
              "ManagedBy": "terraform",
              "Owner": "platform-team",
              "Project": "multimodal-lib"
            },
            "unique_id": "AROAYTJ4VM7IYJAJW3FVQ"
          },
          "sensitive_attributes": [],
          "private": "bnVsbA=="
        }
      ]
    },
    {
      "module": "module.backup",
      "mode": "managed",
      "type": "aws_iam_role_policy",
      "name": "backup_lambda",
      "provider": "provider[\"registry.terraform.io/hashicorp/aws\"]",
      "instances": [
        {
          "schema_version": 0,
          "attributes": {
            "id": "multimodal-lib-prod-backup-lambda-role:multimodal-lib-prod-backup-lambda-policy",
            "name": "multimodal-lib-prod-backup-lambda-policy",
            "name_prefix": "",
            "policy": "{\"Version\":\"2012-10-17\",\"Statement\":[{\"Action\":[\"logs:CreateLogGroup\",\"logs:CreateLogStream\",\"logs:PutLogEvents\"],\"Effect\":\"Allow\",\"Resource\":\"arn:aws:logs:*:*:*\"},{\"Action\":[\"neptune:DescribeDBClusters\",\"neptune:DescribeDBInstances\"],\"Effect\":\"Allow\",\"Resource\":\"*\"},{\"Action\":[\"es:ESHttpGet\",\"es:ESHttpPost\",\"es:ESHttpPut\",\"es:ESHttpDelete\"],\"Effect\":\"Allow\",\"Resource\":\"*\"},{\"Action\":[\"s3:ListBucket\",\"s3:GetObject\",\"s3:PutObject\",\"s3:DeleteObject\"],\"Effect\":\"Allow\",\"Resource\":[\"arn:aws:s3:::multimodal-lib-prod-opensearch-snapshots-50fcb7c1\",\"arn:aws:s3:::multimodal-lib-prod-opensearch-snapshots-50fcb7c1/*\"]},{\"Action\":[\"cloudwatch:PutMetricData\"],\"Effect\":\"Allow\",\"Resource\":\"*\"}]}",
            "role": "multimodal-lib-prod-backup-lambda-role"
          },
          "sensitive_attributes": [],
          "private": "bnVsbA==",
          "dependencies": [
            "module.backup.aws_iam_role.backup_lambda",
            "module.backup.aws_s3_bucket.opensearch_snapshots",
            "random_id.bucket_suffix"
          ]
        }
      ]
    },
    {
      "module": "module.backup",
      "mode": "managed",
      "type": "aws_lambda_function",
      "name": "backup_manager",
      "provider": "provider[\"registry.terraform.io/hashicorp/aws\"]",
      "instances": [
        {
          "schema_version": 0,
          "attributes": {
            "architectures": [
              "x86_64"
            ],
            "arn": "arn:aws:lambda:us-east-1:591222106065:function:multimodal-lib-prod-backup-manager",
            "code_sha256": "BZ2LwAx501EDwpQ/OTiHMnPIOKj/TBQ3zRUCeAUXAAY=",
            "code_signing_config_arn": "",
            "dead_letter_config": [],
            "description": "",
            "environment": [
              {
                "variables": {
                  "BACKUP_RETENTION_DAYS": "30",
                  "ENVIRONMENT": "prod",
                  "PROJECT_NAME": "multimodal-lib",
                  "REGION": "us-east-1",
                  "SNAPSHOT_BUCKET": "multimodal-lib-prod-opensearch-snapshots-50fcb7c1"
                }
              }
            ],
            "ephemeral_storage": [
              {
                "size": 512
              }
            ],
            "file_system_config": [],
            "filename": "/tmp/backup_manager.zip",
            "function_name": "multimodal-lib-prod-backup-manager",
            "handler": "backup_manager.lambda_handler",
            "id": "multimodal-lib-prod-backup-manager",
            "image_config": [],
            "image_uri": "",
            "invoke_arn": "arn:aws:apigateway:us-east-1:lambda:path/2015-03-31/functions/arn:aws:lambda:us-east-1:591222106065:function:multimodal-lib-prod-backup-manager/invocations",
            "kms_key_arn": "",
            "last_modified": "2026-01-22T08:09:51.316+0000",
            "layers": null,
            "logging_config": [
              {
                "application_log_level": "",
                "log_format": "Text",
                "log_group": "/aws/lambda/multimodal-lib-prod-backup-manager",
                "system_log_level": ""
              }
            ],
            "memory_size": 128,
            "package_type": "Zip",
            "publish": false,
            "qualified_arn": "arn:aws:lambda:us-east-1:591222106065:function:multimodal-lib-prod-backup-manager:$LATEST",
            "qualified_invoke_arn": "arn:aws:apigateway:us-east-1:lambda:path/2015-03-31/functions/arn:aws:lambda:us-east-1:591222106065:function:multimodal-lib-prod-backup-manager:$LATEST/invocations",
            "replace_security_groups_on_destroy": null,
            "replacement_security_group_ids": null,
            "reserved_concurrent_executions": -1,
            "role": "arn:aws:iam::591222106065:role/multimodal-lib-prod-backup-lambda-role",
            "runtime": "python3.9",
            "s3_bucket": null,
            "s3_key": null,
            "s3_object_version": null,
            "signing_job_arn": "",
            "signing_profile_version_arn": "",
            "skip_destroy": false,
            "snap_start": [],
            "source_code_hash": "BZ2LwAx501EDwpQ/OTiHMnPIOKj/TBQ3zRUCeAUXAAY=",
            "source_code_size": 2306,
            "tags": {
              "CostCenter": "engineering",
              "CreatedBy": "aws-production-deployment-spec",
              "Environment": "prod",
              "ManagedBy": "terraform",
              "Owner": "platform-team",
              "Project": "multimodal-lib"
            },
            "tags_all": {
              "CostCenter": "engineering",
              "CreatedBy": "aws-production-deployment-spec",
              "Environment": "prod",
              "ManagedBy": "terraform",
              "Owner": "platform-team",
              "Project": "multimodal-lib"
            },
            "timeout": 900,
            "timeouts": null,
            "tracing_config": [
              {
                "mode": "PassThrough"
              }
            ],
            "version": "$LATEST",
            "vpc_config": []
          },
          "sensitive_attributes": [],
          "private": "eyJlMmJmYjczMC1lY2FhLTExZTYtOGY4OC0zNDM2M2JjN2M0YzAiOnsiY3JlYXRlIjo2MDAwMDAwMDAwMDAsImRlbGV0ZSI6NjAwMDAwMDAwMDAwLCJ1cGRhdGUiOjYwMDAwMDAwMDAwMH19",
          "dependencies": [
            "module.backup.aws_cloudwatch_log_group.backup_lambda",
            "module.backup.aws_iam_role.backup_lambda",
            "module.backup.aws_iam_role_policy.backup_lambda",
            "module.backup.aws_s3_bucket.opensearch_snapshots",
            "module.backup.data.archive_file.backup_lambda",
            "random_id.bucket_suffix"
          ]
        }
      ]
    },
    {
      "module": "module.backup",
      "mode": "managed",
      "type": "aws_lambda_permission",
      "name": "allow_cloudwatch",
      "provider": "provider[\"registry.terraform.io/hashicorp/aws\"]",
      "instances": [
        {
          "schema_version": 0,
          "attributes": {
            "action": "lambda:InvokeFunction",
            "event_source_token": null,
            "function_name": "multimodal-lib-prod-backup-manager",
            "function_url_auth_type": null,
            "id": "AllowExecutionFromCloudWatch",
            "principal": "events.amazonaws.com",
            "principal_org_id": null,
            "qualifier": "",
            "source_account": null,
            "source_arn": "arn:aws:events:us-east-1:591222106065:rule/multimodal-lib-prod-backup-schedule",
            "statement_id": "AllowExecutionFromCloudWatch",
            "statement_id_prefix": ""
          },
          "sensitive_attributes": [],
          "private": "bnVsbA==",
          "dependencies": [
            "module.backup.aws_cloudwatch_event_rule.backup_schedule",
            "module.backup.aws_cloudwatch_log_group.backup_lambda",
            "module.backup.aws_iam_role.backup_lambda",
            "module.backup.aws_iam_role_policy.backup_lambda",
            "module.backup.aws_lambda_function.backup_manager",
            "module.backup.aws_s3_bucket.opensearch_snapshots",
            "module.backup.data.archive_file.backup_lambda",
            "random_id.bucket_suffix"
          ]
        }
      ]
    },
    {
      "module": "module.backup",
      "mode": "managed",
      "type": "aws_s3_bucket",
      "name": "backup_replication",
      "provider": "provider[\"registry.terraform.io/hashicorp/aws\"].backup_region",
      "instances": []
    },
    {
      "module": "module.backup",
      "mode": "managed",
      "type": "aws_s3_bucket",
      "name": "opensearch_snapshots",
      "provider": "provider[\"registry.terraform.io/hashicorp/aws\"]",
      "instances": [
        {
          "schema_version": 0,
          "attributes": {
            "acceleration_status": "",
            "acl": null,
            "arn": "arn:aws:s3:::multimodal-lib-prod-opensearch-snapshots-50fcb7c1",
            "bucket": "multimodal-lib-prod-opensearch-snapshots-50fcb7c1",
            "bucket_domain_name": "multimodal-lib-prod-opensearch-snapshots-50fcb7c1.s3.amazonaws.com",
            "bucket_prefix": "",
            "bucket_regional_domain_name": "multimodal-lib-prod-opensearch-snapshots-50fcb7c1.s3.us-east-1.amazonaws.com",
            "cors_rule": [],
            "force_destroy": false,
            "grant": [
              {
                "id": "93d1a3ab56d582bcb6a67930bcda06a7110be0b0bc945f5ebbbfd282cb90e854",
                "permissions": [
                  "FULL_CONTROL"
                ],
                "type": "CanonicalUser",
                "uri": ""
              }
            ],
            "hosted_zone_id": "Z3AQBSTGFYJSTF",
            "id": "multimodal-lib-prod-opensearch-snapshots-50fcb7c1",
            "lifecycle_rule": [],
            "logging": [],
            "object_lock_configuration": [],
            "object_lock_enabled": false,
            "policy": "",
            "region": "us-east-1",
            "replication_configuration": [],
            "request_payer": "BucketOwner",
            "server_side_encryption_configuration": [
              {
                "rule": [
                  {
                    "apply_server_side_encryption_by_default": [
                      {
                        "kms_master_key_id": "",
                        "sse_algorithm": "AES256"
                      }
                    ],
                    "bucket_key_enabled": false
                  }
                ]
              }
            ],
            "tags": {
              "CostCenter": "engineering",
              "CreatedBy": "aws-production-deployment-spec",
              "Environment": "prod",
              "ManagedBy": "terraform",
              "Name": "multimodal-lib-prod-opensearch-snapshots",
              "Owner": "platform-team",
              "Project": "multimodal-lib",
              "Type": "backup-storage"
            },
            "tags_all": {
              "CostCenter": "engineering",
              "CreatedBy": "aws-production-deployment-spec",
              "Environment": "prod",
              "ManagedBy": "terraform",
              "Name": "multimodal-lib-prod-opensearch-snapshots",
              "Owner": "platform-team",
              "Project": "multimodal-lib",
              "Type": "backup-storage"
            },
            "timeouts": null,
            "versioning": [
              {
                "enabled": false,
                "mfa_delete": false
              }
            ],
            "website": [],
            "website_domain": null,
            "website_endpoint": null
          },
          "sensitive_attributes": [],
          "private": "eyJlMmJmYjczMC1lY2FhLTExZTYtOGY4OC0zNDM2M2JjN2M0YzAiOnsiY3JlYXRlIjoxMjAwMDAwMDAwMDAwLCJkZWxldGUiOjM2MDAwMDAwMDAwMDAsInJlYWQiOjEyMDAwMDAwMDAwMDAsInVwZGF0ZSI6MTIwMDAwMDAwMDAwMH19",
          "dependencies": [
            "random_id.bucket_suffix"
          ]
        }
      ]
    },
    {
      "module": "module.backup",
      "mode": "managed",
      "type": "aws_s3_bucket_lifecycle_configuration",
      "name": "opensearch_snapshots",
      "provider": "provider[\"registry.terraform.io/hashicorp/aws\"]",
      "instances": [
        {
          "schema_version": 1,
          "attributes": {
            "bucket": "multimodal-lib-prod-opensearch-snapshots-50fcb7c1",
            "expected_bucket_owner": "",
            "id": "multimodal-lib-prod-opensearch-snapshots-50fcb7c1",
            "rule": [
              {
                "abort_incomplete_multipart_upload": [],
                "expiration": [
                  {
                    "date": null,
                    "days": 90,
                    "expired_object_delete_marker": false
                  }
                ],
                "filter": [
                  {
                    "and": [],
                    "object_size_greater_than": null,
                    "object_size_less_than": null,
                    "prefix": "",
                    "tag": []
                  }
                ],
                "id": "backup_lifecycle",
                "noncurrent_version_expiration": [],
                "noncurrent_version_transition": [],
                "prefix": "",
                "status": "Enabled",
                "transition": [
                  {
                    "date": null,
                    "days": 30,
                    "storage_class": "STANDARD_IA"
                  }
                ]
              }
            ],
            "timeouts": null,
            "transition_default_minimum_object_size": "all_storage_classes_128K"
          },
          "sensitive_attributes": [],
          "dependencies": [
            "module.backup.aws_s3_bucket.opensearch_snapshots",
            "random_id.bucket_suffix"
          ]
        }
      ]
    },
    {
      "module": "module.backup",
      "mode": "managed",
      "type": "aws_s3_bucket_public_access_block",
      "name": "opensearch_snapshots",
      "provider": "provider[\"registry.terraform.io/hashicorp/aws\"]",
      "instances": [
        {
          "schema_version": 0,
          "attributes": {
            "block_public_acls": true,
            "block_public_policy": true,
            "bucket": "multimodal-lib-prod-opensearch-snapshots-50fcb7c1",
            "id": "multimodal-lib-prod-opensearch-snapshots-50fcb7c1",
            "ignore_public_acls": true,
            "restrict_public_buckets": true
          },
          "sensitive_attributes": [],
          "private": "bnVsbA==",
          "dependencies": [
            "module.backup.aws_s3_bucket.opensearch_snapshots",
            "random_id.bucket_suffix"
          ]
        }
      ]
    },
    {
      "module": "module.backup",
      "mode": "managed",
      "type": "aws_s3_bucket_server_side_encryption_configuration",
      "name": "opensearch_snapshots",
      "provider": "provider[\"registry.terraform.io/hashicorp/aws\"]",
      "instances": [
        {
          "schema_version": 0,
          "attributes": {
            "bucket": "multimodal-lib-prod-opensearch-snapshots-50fcb7c1",
            "expected_bucket_owner": "",
            "id": "multimodal-lib-prod-opensearch-snapshots-50fcb7c1",
            "rule": [
              {
                "apply_server_side_encryption_by_default": [
                  {
                    "kms_master_key_id": "arn:aws:kms:us-east-1:591222106065:key/3499b337-f818-47c9-93e1-455e92123752",
                    "sse_algorithm": "aws:kms"
                  }
                ],
                "bucket_key_enabled": null
              }
            ]
          },
          "sensitive_attributes": [],
          "private": "bnVsbA==",
          "dependencies": [
            "module.backup.aws_s3_bucket.opensearch_snapshots",
            "module.security.aws_kms_key.main",
            "random_id.bucket_suffix"
          ]
        }
      ]
    },
    {
      "module": "module.backup",
      "mode": "managed",
      "type": "aws_s3_bucket_versioning",
      "name": "opensearch_snapshots",
      "provider": "provider[\"registry.terraform.io/hashicorp/aws\"]",
      "instances": [
        {
          "schema_version": 0,
          "attributes": {
            "bucket": "multimodal-lib-prod-opensearch-snapshots-50fcb7c1",
            "expected_bucket_owner": "",
            "id": "multimodal-lib-prod-opensearch-snapshots-50fcb7c1",
            "mfa": null,
            "versioning_configuration": [
              {
                "mfa_delete": "",
                "status": "Enabled"
              }
            ]
          },
          "sensitive_attributes": [],
          "private": "bnVsbA==",
          "dependencies": [
            "module.backup.aws_s3_bucket.opensearch_snapshots",
            "random_id.bucket_suffix"
          ]
        }
      ]
    },
    {
      "module": "module.backup",
      "mode": "managed",
      "type": "aws_ssm_parameter",
      "name": "disaster_recovery_procedures",
      "provider": "provider[\"registry.terraform.io/hashicorp/aws\"]",
      "instances": [
        {
          "schema_version": 0,
          "attributes": {
            "allowed_pattern": "",
            "arn": "arn:aws:ssm:us-east-1:591222106065:parameter/multimodal-lib-prod/disaster-recovery/procedures",
            "data_type": "text",
            "description": "Comprehensive disaster recovery procedures and documentation",
            "has_value_wo": null,
            "id": "/multimodal-lib-prod/disaster-recovery/procedures",
            "insecure_value": null,
            "key_id": "",
            "name": "/multimodal-lib-prod/disaster-recovery/procedures",
            "overwrite": null,
            "tags": {
              "CostCenter": "engineering",
              "CreatedBy": "aws-production-deployment-spec",
              "Environment": "prod",
              "ManagedBy": "terraform",
              "Owner": "platform-team",
              "Project": "multimodal-lib"
            },
            "tags_all": {
              "CostCenter": "engineering",
              "CreatedBy": "aws-production-deployment-spec",
              "Environment": "prod",
              "ManagedBy": "terraform",
              "Owner": "platform-team",
              "Project": "multimodal-lib"
            },
            "tier": "Standard",
            "type": "String",
            "value": "{\"application_recovery\":{\"description\":\"Application recovery procedures\",\"steps\":[\"1. Deploy ECS service with previous task definition\",\"2. Restore configuration from AWS Secrets Manager\",\"3. Update database connection strings\",\"4. Verify application health checks\",\"5. Update load balancer target groups\",\"6. Test end-to-end functionality\"]},\"cross_region_recovery\":{\"description\":\"Cross-region disaster recovery procedures\",\"steps\":[\"1. Provision infrastructure in backup region using Terraform\",\"2. Restore databases from replicated backups\",\"3. Deploy application in backup region\",\"4. Update DNS records for failover\",\"5. Verify functionality in backup region\",\"6. Communicate status to stakeholders\"]},\"neptune_recovery\":{\"cli_example\":\"aws neptune restore-db-cluster-to-point-in-time --db-cluster-identifier recovery-cluster --source-db-cluster-identifier original-cluster --restore-to-time 2024-01-01T12:00:00Z\",\"description\":\"Neptune point-in-time recovery procedures\",\"steps\":[\"1. Identify the target recovery time within the backup retention period\",\"2. Create a new Neptune cluster from point-in-time recovery\",\"3. Update application configuration to use new cluster endpoint\",\"4. Verify data integrity and application functionality\",\"5. Update DNS records if using custom domain\"]},\"opensearch_recovery\":{\"cli_examples\":[\"aws es list-domain-names\",\"aws es describe-elasticsearch-domain --domain-name recovery-domain\"],\"description\":\"OpenSearch snapshot restoration procedures\",\"steps\":[\"1. List available snapshots in the snapshot repository\",\"2. Create a new OpenSearch domain or use existing domain\",\"3. Register the snapshot repository with the domain\",\"4. Restore indices from the selected snapshot\",\"5. Verify index integrity and search functionality\",\"6. Update application configuration with new domain endpoint\"]},\"rpo_target\":\"1 hour\",\"rto_target\":\"4 hours\",\"testing_procedures\":{\"backup_validation\":\"Weekly backup integrity checks and restoration tests\",\"documentation_updates\":\"Continuous improvement of recovery procedures based on test results\",\"monthly_dr_tests\":\"Conduct monthly disaster recovery tests in non-production environment\",\"recovery_testing\":\"Quarterly full recovery process testing\"}}",
            "value_wo": null,
            "value_wo_version": null,
            "version": 1
          },
          "sensitive_attributes": [],
          "private": "bnVsbA=="
        }
      ]
    },
    {
      "module": "module.cost_optimization",
      "mode": "data",
      "type": "aws_caller_identity",
      "name": "current",
      "provider": "provider[\"registry.terraform.io/hashicorp/aws\"]",
      "instances": [
        {
          "schema_version": 0,
          "attributes": {
            "account_id": "591222106065",
            "arn": "arn:aws:iam::591222106065:root",
            "id": "591222106065",
            "user_id": "591222106065"
          },
          "sensitive_attributes": []
        }
      ]
    },
    {
      "module": "module.cost_optimization",
      "mode": "data",
      "type": "aws_region",
      "name": "current",
      "provider": "provider[\"registry.terraform.io/hashicorp/aws\"]",
      "instances": [
        {
          "schema_version": 0,
          "attributes": {
            "description": "US East (N. Virginia)",
            "endpoint": "ec2.us-east-1.amazonaws.com",
            "id": "us-east-1",
            "name": "us-east-1"
          },
          "sensitive_attributes": []
        }
      ]
    },
    {
      "module": "module.cost_optimization",
      "mode": "managed",
      "type": "aws_budgets_budget",
      "name": "database_cost_budget",
      "provider": "provider[\"registry.terraform.io/hashicorp/aws\"]",
      "instances": [
        {
          "index_key": 0,
          "schema_version": 0,
          "attributes": {
            "account_id": "591222106065",
            "arn": "arn:aws:budgets::591222106065:budget/multimodal-lib-prod-database-budget",
            "auto_adjust_data": [],
            "budget_type": "COST",
            "cost_filter": [
              {
                "name": "Service",
                "values": [
                  "Amazon Neptune",
                  "Amazon OpenSearch Service"
                ]
              }
            ],
            "cost_types": [
              {
                "include_credit": true,
                "include_discount": true,
                "include_other_subscription": true,
                "include_recurring": true,
                "include_refund": true,
                "include_subscription": true,
                "include_support": true,
                "include_tax": true,
                "include_upfront": true,
                "use_amortized": false,
                "use_blended": false
              }
            ],
            "id": "591222106065:multimodal-lib-prod-database-budget",
            "limit_amount": "80.0",
            "limit_unit": "USD",
            "name": "multimodal-lib-prod-database-budget",
            "name_prefix": "",
            "notification": [],
            "planned_limit": [],
            "tags": {
              "CostCenter": "engineering",
              "CreatedBy": "aws-production-deployment-spec",
              "Environment": "prod",
              "ManagedBy": "terraform",
              "Owner": "platform-team",
              "Project": "multimodal-lib"
            },
            "tags_all": {
              "CostCenter": "engineering",
              "CreatedBy": "aws-production-deployment-spec",
              "Environment": "prod",
              "ManagedBy": "terraform",
              "Owner": "platform-team",
              "Project": "multimodal-lib"
            },
            "time_period_end": "2087-06-15_00:00",
            "time_period_start": "2024-01-01_00:00",
            "time_unit": "MONTHLY"
          },
          "sensitive_attributes": [],
          "private": "bnVsbA=="
        }
      ]
    },
    {
      "module": "module.cost_optimization",
      "mode": "managed",
      "type": "aws_budgets_budget",
      "name": "ecs_cost_budget",
      "provider": "provider[\"registry.terraform.io/hashicorp/aws\"]",
      "instances": [
        {
          "index_key": 0,
          "schema_version": 0,
          "attributes": {
            "account_id": "591222106065",
            "arn": "arn:aws:budgets::591222106065:budget/multimodal-lib-prod-ecs-budget",
            "auto_adjust_data": [],
            "budget_type": "COST",
            "cost_filter": [
              {
                "name": "Service",
                "values": [
                  "Amazon Elastic Container Service"
                ]
              }
            ],
            "cost_types": [
              {
                "include_credit": true,
                "include_discount": true,
                "include_other_subscription": true,
                "include_recurring": true,
                "include_refund": true,
                "include_subscription": true,
                "include_support": true,
                "include_tax": true,
                "include_upfront": true,
                "use_amortized": false,
                "use_blended": false
              }
            ],
            "id": "591222106065:multimodal-lib-prod-ecs-budget",
            "limit_amount": "100.0",
            "limit_unit": "USD",
            "name": "multimodal-lib-prod-ecs-budget",
            "name_prefix": "",
            "notification": [],
            "planned_limit": [],
            "tags": {
              "CostCenter": "engineering",
              "CreatedBy": "aws-production-deployment-spec",
              "Environment": "prod",
              "ManagedBy": "terraform",
              "Owner": "platform-team",
              "Project": "multimodal-lib"
            },
            "tags_all": {
              "CostCenter": "engineering",
              "CreatedBy": "aws-production-deployment-spec",
              "Environment": "prod",
              "ManagedBy": "terraform",
              "Owner": "platform-team",
              "Project": "multimodal-lib"
            },
            "time_period_end": "2087-06-15_00:00",
            "time_period_start": "2024-01-01_00:00",
            "time_unit": "MONTHLY"
          },
          "sensitive_attributes": [],
          "private": "bnVsbA=="
        }
      ]
    },
    {
      "module": "module.cost_optimization",
      "mode": "managed",
      "type": "aws_budgets_budget",
      "name": "monthly_cost_budget",
      "provider": "provider[\"registry.terraform.io/hashicorp/aws\"]",
      "instances": [
        {
          "schema_version": 0,
          "attributes": {
            "account_id": "591222106065",
            "arn": "arn:aws:budgets::591222106065:budget/multimodal-lib-prod-monthly-budget",
            "auto_adjust_data": [],
            "budget_type": "COST",
            "cost_filter": [
              {
                "name": "Service",
                "values": [
                  "Amazon Elastic Compute Cloud - Compute",
                  "Amazon Relational Database Service",
                  "Amazon OpenSearch Service",
                  "Amazon Elastic Container Service"
                ]
              }
            ],
            "cost_types": [
              {
                "include_credit": true,
                "include_discount": true,
                "include_other_subscription": true,
                "include_recurring": true,
                "include_refund": true,
                "include_subscription": true,
                "include_support": true,
                "include_tax": true,
                "include_upfront": true,
                "use_amortized": false,
                "use_blended": false
              }
            ],
            "id": "591222106065:multimodal-lib-prod-monthly-budget",
            "limit_amount": "200.0",
            "limit_unit": "USD",
            "name": "multimodal-lib-prod-monthly-budget",
            "name_prefix": "",
            "notification": [],
            "planned_limit": [],
            "tags": {
              "CostCenter": "engineering",
              "CreatedBy": "aws-production-deployment-spec",
              "Environment": "prod",
              "ManagedBy": "terraform",
              "Owner": "platform-team",
              "Project": "multimodal-lib"
            },
            "tags_all": {
              "CostCenter": "engineering",
              "CreatedBy": "aws-production-deployment-spec",
              "Environment": "prod",
              "ManagedBy": "terraform",
              "Owner": "platform-team",
              "Project": "multimodal-lib"
            },
            "time_period_end": "2087-06-15_00:00",
            "time_period_start": "2024-01-01_00:00",
            "time_unit": "MONTHLY"
          },
          "sensitive_attributes": [],
          "private": "bnVsbA=="
        }
      ]
    },
    {
      "module": "module.cost_optimization",
      "mode": "managed",
      "type": "aws_cloudwatch_dashboard",
      "name": "cost_monitoring",
      "provider": "provider[\"registry.terraform.io/hashicorp/aws\"]",
      "instances": []
    },
    {
      "module": "module.cost_optimization",
      "mode": "managed",
      "type": "aws_cloudwatch_metric_alarm",
      "name": "cost_anomaly_alarm",
      "provider": "provider[\"registry.terraform.io/hashicorp/aws\"]",
      "instances": []
    },
    {
      "module": "module.cost_optimization",
      "mode": "managed",
      "type": "aws_cloudwatch_metric_alarm",
      "name": "high_cost_utilization",
      "provider": "provider[\"registry.terraform.io/hashicorp/aws\"]",
      "instances": [
        {
          "index_key": 0,
          "schema_version": 1,
          "attributes": {
            "actions_enabled": true,
            "alarm_actions": null,
            "alarm_description": "This metric monitors estimated charges",
            "alarm_name": "multimodal-lib-prod-high-cost-utilization",
            "arn": "arn:aws:cloudwatch:us-east-1:591222106065:alarm:multimodal-lib-prod-high-cost-utilization",
            "comparison_operator": "GreaterThanThreshold",
            "datapoints_to_alarm": 0,
            "dimensions": {
              "Currency": "USD"
            },
            "evaluate_low_sample_count_percentiles": "",
            "evaluation_periods": 2,
            "extended_statistic": "",
            "id": "multimodal-lib-prod-high-cost-utilization",
            "insufficient_data_actions": null,
            "metric_name": "EstimatedCharges",
            "metric_query": [],
            "namespace": "AWS/Billing",
            "ok_actions": null,
            "period": 86400,
            "statistic": "Maximum",
            "tags": {
              "CostCenter": "engineering",
              "CreatedBy": "aws-production-deployment-spec",
              "Environment": "prod",
              "ManagedBy": "terraform",
              "Owner": "platform-team",
              "Project": "multimodal-lib"
            },
            "tags_all": {
              "CostCenter": "engineering",
              "CreatedBy": "aws-production-deployment-spec",
              "Environment": "prod",
              "ManagedBy": "terraform",
              "Owner": "platform-team",
              "Project": "multimodal-lib"
            },
            "threshold": 150,
            "threshold_metric_id": "",
            "treat_missing_data": "missing",
            "unit": ""
          },
          "sensitive_attributes": [],
          "private": "eyJzY2hlbWFfdmVyc2lvbiI6IjEifQ==",
          "dependencies": [
            "aws_sns_topic.notifications"
          ]
        }
      ]
    },
    {
      "module": "module.cost_optimization",
      "mode": "managed",
      "type": "aws_cloudwatch_metric_alarm",
      "name": "underutilized_ecs_cpu",
      "provider": "provider[\"registry.terraform.io/hashicorp/aws\"]",
      "instances": []
    },
    {
      "module": "module.cost_optimization",
      "mode": "managed",
      "type": "aws_cloudwatch_metric_alarm",
      "name": "underutilized_ecs_memory",
      "provider": "provider[\"registry.terraform.io/hashicorp/aws\"]",
      "instances": []
    },
    {
      "module": "module.cost_optimization",
      "mode": "managed",
      "type": "aws_ssm_parameter",
      "name": "cost_optimization_recommendations",
      "provider": "provider[\"registry.terraform.io/hashicorp/aws\"]",
      "instances": [
        {
          "schema_version": 0,
          "attributes": {
            "allowed_pattern": "",
            "arn": "arn:aws:ssm:us-east-1:591222106065:parameter/multimodal-lib/prod/cost-optimization/recommendations",
            "data_type": "text",
            "description": "Cost optimization recommendations and configuration",
            "has_value_wo": null,
            "id": "/multimodal-lib/prod/cost-optimization/recommendations",
            "insecure_value": null,
            "key_id": "",
            "name": "/multimodal-lib/prod/cost-optimization/recommendations",
            "overwrite": null,
            "tags": {
              "CostCenter": "engineering",
              "CreatedBy": "aws-production-deployment-spec",
              "Environment": "prod",
              "ManagedBy": "terraform",
              "Owner": "platform-team",
              "Project": "multimodal-lib"
            },
            "tags_all": {
              "CostCenter": "engineering",
              "CreatedBy": "aws-production-deployment-spec",
              "Environment": "prod",
              "ManagedBy": "terraform",
              "Owner": "platform-team",
              "Project": "multimodal-lib"
            },
            "tier": "Standard",
            "type": "String",
            "value": "{\"auto_scaling\":{\"configuration\":{\"scale_down_cooldown\":\"300s\",\"scale_up_cooldown\":\"60s\",\"target_cpu_utilization\":70,\"target_memory_utilization\":80},\"description\":\"Auto-scaling policies for cost optimization\",\"policies\":[\"Scale down during low-traffic periods (nights/weekends)\",\"Scale up gradually to avoid over-provisioning\",\"Use predictive scaling for known traffic patterns\",\"Implement step scaling for cost-effective resource allocation\",\"Set appropriate cooldown periods to prevent thrashing\"]},\"cost_monitoring\":{\"alerts\":{\"anomaly_threshold\":50,\"cost_threshold\":150,\"notification_emails\":[]},\"budgets\":{\"database_limit\":80,\"ecs_limit\":100,\"monthly_limit\":200},\"description\":\"Cost monitoring and alerting configuration\"},\"reserved_instances\":{\"analysis_frequency\":\"monthly\",\"description\":\"Reserved instances and savings plans recommendations\",\"enabled\":false,\"recommendations\":[\"Analyze usage patterns for RI recommendations using AWS Cost Explorer\",\"Consider Compute Savings Plans for flexible workloads\",\"Monitor RI utilization and coverage monthly\",\"Evaluate EC2 Instance Savings Plans for predictable workloads\",\"Use Reserved Instance recommendations from AWS Trusted Advisor\"]},\"resource_cleanup\":{\"description\":\"Automated resource cleanup policies\",\"enabled\":false,\"policies\":[\"Clean up unused EBS volumes older than 7 days\",\"Remove old CloudWatch logs beyond retention period\",\"Clean up unused S3 objects based on lifecycle policies\",\"Remove unused security groups and network interfaces\",\"Clean up old ECS task definitions and container images\"],\"schedule\":\"cron(0 2 * * ? *)\"},\"right_sizing\":{\"description\":\"Resource right-sizing recommendations\",\"strategies\":[\"Monitor CPU and memory utilization patterns over 2-4 weeks\",\"Analyze workload requirements and peak usage patterns\",\"Consider using AWS Compute Optimizer for detailed recommendations\",\"Implement auto-scaling based on actual demand patterns\",\"Use appropriate instance types for workload characteristics\",\"Consider Fargate Spot for non-critical workloads\"],\"thresholds\":{\"cpu_underutilization\":20,\"evaluation_period\":\"30 minutes\",\"memory_underutilization\":30}}}",
            "value_wo": null,
            "value_wo_version": null,
            "version": 1
          },
          "sensitive_attributes": [],
          "private": "bnVsbA=="
        }
      ]
    },
    {
      "module": "module.databases",
      "mode": "managed",
      "type": "aws_cloudwatch_log_group",
      "name": "neptune_audit",
      "provider": "provider[\"registry.terraform.io/hashicorp/aws\"]",
      "instances": [
        {
          "schema_version": 0,
          "attributes": {
            "arn": "arn:aws:logs:us-east-1:591222106065:log-group:/aws/neptune/multimodal-lib-prod/audit",
            "id": "/aws/neptune/multimodal-lib-prod/audit",
            "kms_key_id": "",
            "log_group_class": "STANDARD",
            "name": "/aws/neptune/multimodal-lib-prod/audit",
            "name_prefix": "",
            "retention_in_days": 30,
            "skip_destroy": false,
            "tags": {
              "CostCenter": "engineering",
              "CreatedBy": "aws-production-deployment-spec",
              "Environment": "prod",
              "ManagedBy": "terraform",
              "Owner": "platform-team",
              "Project": "multimodal-lib"
            },
            "tags_all": {
              "CostCenter": "engineering",
              "CreatedBy": "aws-production-deployment-spec",
              "Environment": "prod",
              "ManagedBy": "terraform",
              "Owner": "platform-team",
              "Project": "multimodal-lib"
            }
          },
          "sensitive_attributes": [],
          "private": "bnVsbA=="
        }
      ]
    },
    {
      "module": "module.databases",
      "mode": "managed",
      "type": "aws_cloudwatch_log_group",
      "name": "opensearch_es_application",
      "provider": "provider[\"registry.terraform.io/hashicorp/aws\"]",
      "instances": [
        {
          "schema_version": 0,
          "attributes": {
            "arn": "arn:aws:logs:us-east-1:591222106065:log-group:/aws/opensearch/domains/multimodal-lib-prod-search/es-application-logs",
            "id": "/aws/opensearch/domains/multimodal-lib-prod-search/es-application-logs",
            "kms_key_id": "",
            "log_group_class": "STANDARD",
            "name": "/aws/opensearch/domains/multimodal-lib-prod-search/es-application-logs",
            "name_prefix": "",
            "retention_in_days": 30,
            "skip_destroy": false,
            "tags": {
              "CostCenter": "engineering",
              "CreatedBy": "aws-production-deployment-spec",
              "Environment": "prod",
              "ManagedBy": "terraform",
              "Owner": "platform-team",
              "Project": "multimodal-lib"
            },
            "tags_all": {
              "CostCenter": "engineering",
              "CreatedBy": "aws-production-deployment-spec",
              "Environment": "prod",
              "ManagedBy": "terraform",
              "Owner": "platform-team",
              "Project": "multimodal-lib"
            }
          },
          "sensitive_attributes": [],
          "private": "bnVsbA=="
        }
      ]
    },
    {
      "module": "module.databases",
      "mode": "managed",
      "type": "aws_cloudwatch_log_group",
      "name": "opensearch_index_slow",
      "provider": "provider[\"registry.terraform.io/hashicorp/aws\"]",
      "instances": [
        {
          "schema_version": 0,
          "attributes": {
            "arn": "arn:aws:logs:us-east-1:591222106065:log-group:/aws/opensearch/domains/multimodal-lib-prod-search/index-slow-logs",
            "id": "/aws/opensearch/domains/multimodal-lib-prod-search/index-slow-logs",
            "kms_key_id": "",
            "log_group_class": "STANDARD",
            "name": "/aws/opensearch/domains/multimodal-lib-prod-search/index-slow-logs",
            "name_prefix": "",
            "retention_in_days": 30,
            "skip_destroy": false,
            "tags": {
              "CostCenter": "engineering",
              "CreatedBy": "aws-production-deployment-spec",
              "Environment": "prod",
              "ManagedBy": "terraform",
              "Owner": "platform-team",
              "Project": "multimodal-lib"
            },
            "tags_all": {
              "CostCenter": "engineering",
              "CreatedBy": "aws-production-deployment-spec",
              "Environment": "prod",
              "ManagedBy": "terraform",
              "Owner": "platform-team",
              "Project": "multimodal-lib"
            }
          },
          "sensitive_attributes": [],
          "private": "bnVsbA=="
        }
      ]
    },
    {
      "module": "module.databases",
      "mode": "managed",
      "type": "aws_cloudwatch_log_group",
      "name": "opensearch_search_slow",
      "provider": "provider[\"registry.terraform.io/hashicorp/aws\"]",
      "instances": [
        {
          "schema_version": 0,
          "attributes": {
            "arn": "arn:aws:logs:us-east-1:591222106065:log-group:/aws/opensearch/domains/multimodal-lib-prod-search/search-slow-logs",
            "id": "/aws/opensearch/domains/multimodal-lib-prod-search/search-slow-logs",
            "kms_key_id": "",
            "log_group_class": "STANDARD",
            "name": "/aws/opensearch/domains/multimodal-lib-prod-search/search-slow-logs",
            "name_prefix": "",
            "retention_in_days": 30,
            "skip_destroy": false,
            "tags": {
              "CostCenter": "engineering",
              "CreatedBy": "aws-production-deployment-spec",
              "Environment": "prod",
              "ManagedBy": "terraform",
              "Owner": "platform-team",
              "Project": "multimodal-lib"
            },
            "tags_all": {
              "CostCenter": "engineering",
              "CreatedBy": "aws-production-deployment-spec",
              "Environment": "prod",
              "ManagedBy": "terraform",
              "Owner": "platform-team",
              "Project": "multimodal-lib"
            }
          },
          "sensitive_attributes": [],
          "private": "bnVsbA=="
        }
      ]
    },
    {
      "module": "module.databases",
      "mode": "managed",
      "type": "aws_cloudwatch_log_resource_policy",
      "name": "opensearch_es_application",
      "provider": "provider[\"registry.terraform.io/hashicorp/aws\"]",
      "instances": [
        {
          "schema_version": 0,
          "attributes": {
            "id": "multimodal-lib-prod-opensearch-es-application-logs-policy",
            "policy_document": "{\"Statement\":[{\"Action\":[\"logs:PutLogEvents\",\"logs:CreateLogGroup\",\"logs:CreateLogStream\"],\"Effect\":\"Allow\",\"Principal\":{\"Service\":\"es.amazonaws.com\"},\"Resource\":\"arn:aws:logs:us-east-1:591222106065:log-group:/aws/opensearch/domains/multimodal-lib-prod-search/es-application-logs:*\"}],\"Version\":\"2012-10-17\"}",
            "policy_name": "multimodal-lib-prod-opensearch-es-application-logs-policy"
          },
          "sensitive_attributes": [],
          "private": "bnVsbA==",
          "dependencies": [
            "module.databases.aws_cloudwatch_log_group.opensearch_es_application"
          ]
        }
      ]
    },
    {
      "module": "module.databases",
      "mode": "managed",
      "type": "aws_cloudwatch_log_resource_policy",
      "name": "opensearch_index_slow",
      "provider": "provider[\"registry.terraform.io/hashicorp/aws\"]",
      "instances": [
        {
          "schema_version": 0,
          "attributes": {
            "id": "multimodal-lib-prod-opensearch-index-slow-logs-policy",
            "policy_document": "{\"Statement\":[{\"Action\":[\"logs:PutLogEvents\",\"logs:CreateLogGroup\",\"logs:CreateLogStream\"],\"Effect\":\"Allow\",\"Principal\":{\"Service\":\"es.amazonaws.com\"},\"Resource\":\"arn:aws:logs:us-east-1:591222106065:log-group:/aws/opensearch/domains/multimodal-lib-prod-search/index-slow-logs:*\"}],\"Version\":\"2012-10-17\"}",
            "policy_name": "multimodal-lib-prod-opensearch-index-slow-logs-policy"
          },
          "sensitive_attributes": [],
          "private": "bnVsbA==",
          "dependencies": [
            "module.databases.aws_cloudwatch_log_group.opensearch_index_slow"
          ]
        }
      ]
    },
    {
      "module": "module.databases",
      "mode": "managed",
      "type": "aws_cloudwatch_log_resource_policy",
      "name": "opensearch_search_slow",
      "provider": "provider[\"registry.terraform.io/hashicorp/aws\"]",
      "instances": [
        {
          "schema_version": 0,
          "attributes": {
            "id": "multimodal-lib-prod-opensearch-search-slow-logs-policy",
            "policy_document": "{\"Statement\":[{\"Action\":[\"logs:PutLogEvents\",\"logs:CreateLogGroup\",\"logs:CreateLogStream\"],\"Effect\":\"Allow\",\"Principal\":{\"Service\":\"es.amazonaws.com\"},\"Resource\":\"arn:aws:logs:us-east-1:591222106065:log-group:/aws/opensearch/domains/multimodal-lib-prod-search/search-slow-logs:*\"}],\"Version\":\"2012-10-17\"}",
            "policy_name": "multimodal-lib-prod-opensearch-search-slow-logs-policy"
          },
          "sensitive_attributes": [],
          "private": "bnVsbA==",
          "dependencies": [
            "module.databases.aws_cloudwatch_log_group.opensearch_search_slow"
          ]
        }
      ]
    },
    {
      "module": "module.databases",
      "mode": "managed",
      "type": "aws_iam_role",
      "name": "neptune_monitoring",
      "provider": "provider[\"registry.terraform.io/hashicorp/aws\"]",
      "instances": [
        {
          "schema_version": 0,
          "attributes": {
            "arn": "arn:aws:iam::591222106065:role/multimodal-lib-prod-neptune-monitoring-role",
            "assume_role_policy": "{\"Statement\":[{\"Action\":\"sts:AssumeRole\",\"Effect\":\"Allow\",\"Principal\":{\"Service\":\"monitoring.rds.amazonaws.com\"}}],\"Version\":\"2012-10-17\"}",
            "create_date": "2026-01-22T08:09:28Z",
            "description": "",
            "force_detach_policies": false,
            "id": "multimodal-lib-prod-neptune-monitoring-role",
            "inline_policy": [],
            "managed_policy_arns": [],
            "max_session_duration": 3600,
            "name": "multimodal-lib-prod-neptune-monitoring-role",
            "name_prefix": "",
            "path": "/",
            "permissions_boundary": "",
            "tags": {
              "CostCenter": "engineering",
              "CreatedBy": "aws-production-deployment-spec",
              "Environment": "prod",
              "ManagedBy": "terraform",
              "Owner": "platform-team",
              "Project": "multimodal-lib"
            },
            "tags_all": {
              "CostCenter": "engineering",
              "CreatedBy": "aws-production-deployment-spec",
              "Environment": "prod",
              "ManagedBy": "terraform",
              "Owner": "platform-team",
              "Project": "multimodal-lib"
            },
            "unique_id": "AROAYTJ4VM7I4GOWR2EDB"
          },
          "sensitive_attributes": [],
          "private": "bnVsbA=="
        }
      ]
    },
    {
      "module": "module.databases",
      "mode": "managed",
      "type": "aws_iam_role",
      "name": "opensearch_snapshot",
      "provider": "provider[\"registry.terraform.io/hashicorp/aws\"]",
      "instances": [
        {
          "schema_version": 0,
          "attributes": {
            "arn": "arn:aws:iam::591222106065:role/multimodal-lib-prod-search-snapshot-role",
            "assume_role_policy": "{\"Statement\":[{\"Action\":\"sts:AssumeRole\",\"Effect\":\"Allow\",\"Principal\":{\"Service\":\"opensearch.amazonaws.com\"}}],\"Version\":\"2012-10-17\"}",
            "create_date": "2026-01-22T08:09:30Z",
            "description": "",
            "force_detach_policies": false,
            "id": "multimodal-lib-prod-search-snapshot-role",
            "inline_policy": [],
            "managed_policy_arns": [],
            "max_session_duration": 3600,
            "name": "multimodal-lib-prod-search-snapshot-role",
            "name_prefix": "",
            "path": "/",
            "permissions_boundary": "",
            "tags": {
              "CostCenter": "engineering",
              "CreatedBy": "aws-production-deployment-spec",
              "Environment": "prod",
              "ManagedBy": "terraform",
              "Owner": "platform-team",
              "Project": "multimodal-lib"
            },
            "tags_all": {
              "CostCenter": "engineering",
              "CreatedBy": "aws-production-deployment-spec",
              "Environment": "prod",
              "ManagedBy": "terraform",
              "Owner": "platform-team",
              "Project": "multimodal-lib"
            },
            "unique_id": "AROAYTJ4VM7I4GUD7QIBM"
          },
          "sensitive_attributes": [],
          "private": "bnVsbA=="
        }
      ]
    },
    {
      "module": "module.databases",
      "mode": "managed",
      "type": "aws_iam_role_policy",
      "name": "opensearch_snapshot",
      "provider": "provider[\"registry.terraform.io/hashicorp/aws\"]",
      "instances": [
        {
          "schema_version": 0,
          "attributes": {
            "id": "multimodal-lib-prod-search-snapshot-role:multimodal-lib-prod-search-snapshot-policy",
            "name": "multimodal-lib-prod-search-snapshot-policy",
            "name_prefix": "",
            "policy": "{\"Version\":\"2012-10-17\",\"Statement\":[{\"Action\":[\"s3:ListBucket\",\"s3:GetBucketLocation\",\"s3:ListBucketMultipartUploads\",\"s3:ListBucketVersions\"],\"Effect\":\"Allow\",\"Resource\":\"arn:aws:s3:::multimodal-lib-prod-search-snapshots-50fcb7c1\"},{\"Action\":[\"s3:GetObject\",\"s3:PutObject\",\"s3:DeleteObject\",\"s3:AbortMultipartUpload\",\"s3:ListMultipartUploadParts\"],\"Effect\":\"Allow\",\"Resource\":\"arn:aws:s3:::multimodal-lib-prod-search-snapshots-50fcb7c1/*\"}]}",
            "role": "multimodal-lib-prod-search-snapshot-role"
          },
          "sensitive_attributes": [],
          "private": "bnVsbA==",
          "dependencies": [
            "module.databases.aws_iam_role.opensearch_snapshot",
            "module.databases.aws_s3_bucket.opensearch_snapshots",
            "random_id.bucket_suffix"
          ]
        }
      ]
    },
    {
      "module": "module.databases",
      "mode": "managed",
      "type": "aws_iam_role_policy_attachment",
      "name": "neptune_monitoring",
      "provider": "provider[\"registry.terraform.io/hashicorp/aws\"]",
      "instances": [
        {
          "schema_version": 0,
          "attributes": {
            "id": "multimodal-lib-prod-neptune-monitoring-role-20260122080932944700000007",
            "policy_arn": "arn:aws:iam::aws:policy/service-role/AmazonRDSEnhancedMonitoringRole",
            "role": "multimodal-lib-prod-neptune-monitoring-role"
          },
          "sensitive_attributes": [],
          "private": "bnVsbA==",
          "dependencies": [
            "module.databases.aws_iam_role.neptune_monitoring"
          ]
        }
      ]
    },
    {
      "module": "module.databases",
      "mode": "managed",
      "type": "aws_neptune_cluster",
      "name": "main",
      "provider": "provider[\"registry.terraform.io/hashicorp/aws\"]",
      "instances": [
        {
          "schema_version": 0,
          "attributes": {
            "allow_major_version_upgrade": null,
            "apply_immediately": false,
            "arn": "arn:aws:rds:us-east-1:591222106065:cluster:multimodal-lib-prod-neptune",
            "availability_zones": [
              "us-east-1a",
              "us-east-1b",
              "us-east-1c"
            ],
            "backup_retention_period": 7,
            "cluster_identifier": "multimodal-lib-prod-neptune",
            "cluster_identifier_prefix": "",
            "cluster_members": [],
            "cluster_resource_id": "cluster-QBGFADY2L6JBFLIRCOV2A4I2ZM",
            "copy_tags_to_snapshot": false,
            "deletion_protection": false,
            "enable_cloudwatch_logs_exports": [
              "audit"
            ],
            "endpoint": "multimodal-lib-prod-neptune.cluster-cq1iiac2gfkf.us-east-1.neptune.amazonaws.com",
            "engine": "neptune",
            "engine_version": "1.3.2.1",
            "final_snapshot_identifier": "multimodal-lib-prod-neptune-final-snapshot-2026-01-08-0307",
            "global_cluster_identifier": "",
            "hosted_zone_id": "ZUFXD4SLT2LS7",
            "iam_database_authentication_enabled": false,
            "iam_roles": [],
            "id": "multimodal-lib-prod-neptune",
            "kms_key_arn": "arn:aws:kms:us-east-1:591222106065:key/7073e27c-bce9-4aef-bed1-191076d27607",
            "neptune_cluster_parameter_group_name": "default.neptune1.3",
            "neptune_instance_parameter_group_name": null,
            "neptune_subnet_group_name": "multimodal-lib-prod-neptune-subnet-group",
            "port": 8182,
            "preferred_backup_window": "07:00-09:00",
            "preferred_maintenance_window": "sun:05:00-sun:06:00",
            "reader_endpoint": "multimodal-lib-prod-neptune.cluster-ro-cq1iiac2gfkf.us-east-1.neptune.amazonaws.com",
            "replication_source_identifier": "",
            "serverless_v2_scaling_configuration": [],
            "skip_final_snapshot": false,
            "snapshot_identifier": null,
            "storage_encrypted": true,
            "storage_type": "",
            "tags": {
              "CostCenter": "engineering",
              "CreatedBy": "aws-production-deployment-spec",
              "Environment": "prod",
              "ManagedBy": "terraform",
              "Name": "multimodal-lib-prod-neptune-cluster",
              "Owner": "platform-team",
              "Project": "multimodal-lib"
            },
            "tags_all": {
              "CostCenter": "engineering",
              "CreatedBy": "aws-production-deployment-spec",
              "Environment": "prod",
              "ManagedBy": "terraform",
              "Name": "multimodal-lib-prod-neptune-cluster",
              "Owner": "platform-team",
              "Project": "multimodal-lib"
            },
            "timeouts": null,
            "vpc_security_group_ids": [
              "sg-0231498cba0c6b983",
              "sg-0cee28bdb3ec57732"
            ]
          },
          "sensitive_attributes": [],
          "private": "eyJlMmJmYjczMC1lY2FhLTExZTYtOGY4OC0zNDM2M2JjN2M0YzAiOnsiY3JlYXRlIjo3MjAwMDAwMDAwMDAwLCJkZWxldGUiOjcyMDAwMDAwMDAwMDAsInVwZGF0ZSI6NzIwMDAwMDAwMDAwMH19",
          "dependencies": [
            "module.databases.aws_neptune_subnet_group.main",
            "module.security.aws_security_group.alb",
            "module.security.aws_security_group.ecs",
            "module.security.aws_security_group.neptune",
            "module.security.aws_security_group.opensearch",
            "module.vpc.aws_subnet.private",
            "module.vpc.aws_vpc.main"
          ]
        }
      ]
    },
    {
      "module": "module.databases",
      "mode": "managed",
      "type": "aws_neptune_cluster_instance",
      "name": "main",
      "provider": "provider[\"registry.terraform.io/hashicorp/aws\"]",
      "instances": [
        {
          "index_key": 0,
          "schema_version": 0,
          "attributes": {
            "address": "tf-20260122080926495300000003.cq1iiac2gfkf.us-east-1.neptune.amazonaws.com",
            "apply_immediately": null,
            "arn": "arn:aws:rds:us-east-1:591222106065:db:tf-20260122080926495300000003",
            "auto_minor_version_upgrade": true,
            "availability_zone": "us-east-1a",
            "cluster_identifier": "multimodal-lib-prod-neptune",
            "dbi_resource_id": "db-CPERTICTK2CHUXMZ67224DVBNE",
            "endpoint": "tf-20260122080926495300000003.cq1iiac2gfkf.us-east-1.neptune.amazonaws.com:8182",
            "engine": "neptune",
            "engine_version": "1.3.2.1",
            "id": "tf-20260122080926495300000003",
            "identifier": "tf-20260122080926495300000003",
            "identifier_prefix": "tf-",
            "instance_class": "db.r5.large",
            "kms_key_arn": "arn:aws:kms:us-east-1:591222106065:key/7073e27c-bce9-4aef-bed1-191076d27607",
            "neptune_parameter_group_name": "default.neptune1.3",
            "neptune_subnet_group_name": "multimodal-lib-prod-neptune-subnet-group",
            "port": 8182,
            "preferred_backup_window": "07:00-09:00",
            "preferred_maintenance_window": "mon:04:10-mon:04:40",
            "promotion_tier": 0,
            "publicly_accessible": false,
            "skip_final_snapshot": null,
            "storage_encrypted": true,
            "storage_type": "standard",
            "tags": {
              "CostCenter": "engineering",
              "CreatedBy": "aws-production-deployment-spec",
              "Environment": "prod",
              "ManagedBy": "terraform",
              "Name": "multimodal-lib-prod-neptune-instance-1",
              "Owner": "platform-team",
              "Project": "multimodal-lib"
            },
            "tags_all": {
              "CostCenter": "engineering",
              "CreatedBy": "aws-production-deployment-spec",
              "Environment": "prod",
              "ManagedBy": "terraform",
              "Name": "multimodal-lib-prod-neptune-instance-1",
              "Owner": "platform-team",
              "Project": "multimodal-lib"
            },
            "timeouts": null,
            "writer": true
          },
          "sensitive_attributes": [],
          "private": "eyJlMmJmYjczMC1lY2FhLTExZTYtOGY4OC0zNDM2M2JjN2M0YzAiOnsiY3JlYXRlIjo1NDAwMDAwMDAwMDAwLCJkZWxldGUiOjU0MDAwMDAwMDAwMDAsInVwZGF0ZSI6NTQwMDAwMDAwMDAwMH19",
          "dependencies": [
            "module.databases.aws_neptune_cluster.main"
          ]
        }
      ]
    },
    {
      "module": "module.databases",
      "mode": "managed",
      "type": "aws_neptune_parameter_group",
      "name": "main",
      "provider": "provider[\"registry.terraform.io/hashicorp/aws\"]",
      "instances": [
        {
          "schema_version": 0,
          "attributes": {
            "arn": "arn:aws:rds:us-east-1:591222106065:pg:multimodal-lib-prod-neptune-params",
            "description": "Managed by Terraform",
            "family": "neptune1.3",
            "id": "multimodal-lib-prod-neptune-params",
            "name": "multimodal-lib-prod-neptune-params",
            "name_prefix": "",
            "parameter": [
              {
                "apply_method": "pending-reboot",
                "name": "neptune_query_timeout",
                "value": "120000"
              }
            ],
            "tags": {
              "CostCenter": "engineering",
              "CreatedBy": "aws-production-deployment-spec",
              "Environment": "prod",
              "ManagedBy": "terraform",
              "Owner": "platform-team",
              "Project": "multimodal-lib"
            },
            "tags_all": {
              "CostCenter": "engineering",
              "CreatedBy": "aws-production-deployment-spec",
              "Environment": "prod",
              "ManagedBy": "terraform",
              "Owner": "platform-team",
              "Project": "multimodal-lib"
            }
          },
          "sensitive_attributes": [],
          "private": "bnVsbA=="
        }
      ]
    },
    {
      "module": "module.databases",
      "mode": "managed",
      "type": "aws_neptune_subnet_group",
      "name": "main",
      "provider": "provider[\"registry.terraform.io/hashicorp/aws\"]",
      "instances": [
        {
          "schema_version": 0,
          "attributes": {
            "arn": "arn:aws:rds:us-east-1:591222106065:subgrp:multimodal-lib-prod-neptune-subnet-group",
            "description": "Managed by Terraform",
            "id": "multimodal-lib-prod-neptune-subnet-group",
            "name": "multimodal-lib-prod-neptune-subnet-group",
            "name_prefix": "",
            "subnet_ids": [
              "subnet-02a84a72425ffa550",
              "subnet-0379e49e44be48905",
              "subnet-068219ec235688a19"
            ],
            "tags": {
              "CostCenter": "engineering",
              "CreatedBy": "aws-production-deployment-spec",
              "Environment": "prod",
              "ManagedBy": "terraform",
              "Name": "multimodal-lib-prod-neptune-subnet-group",
              "Owner": "platform-team",
              "Project": "multimodal-lib"
            },
            "tags_all": {
              "CostCenter": "engineering",
              "CreatedBy": "aws-production-deployment-spec",
              "Environment": "prod",
              "ManagedBy": "terraform",
              "Name": "multimodal-lib-prod-neptune-subnet-group",
              "Owner": "platform-team",
              "Project": "multimodal-lib"
            }
          },
          "sensitive_attributes": [],
          "private": "bnVsbA==",
          "dependencies": [
            "module.vpc.aws_subnet.private",
            "module.vpc.aws_vpc.main"
          ]
        }
      ]
    },
    {
      "module": "module.databases",
      "mode": "managed",
      "type": "aws_opensearch_domain",
      "name": "main",
      "provider": "provider[\"registry.terraform.io/hashicorp/aws\"]",
      "instances": [
        {
          "schema_version": 0,
          "attributes": {
            "access_policies": null,
            "advanced_options": {},
            "advanced_security_options": [
              {
                "anonymous_auth_enabled": false,
                "enabled": true,
                "internal_user_database_enabled": true,
                "master_user_options": [
                  {
                    "master_user_arn": "",
                    "master_user_name": "admin",
                    "master_user_password": "RuJ-v6?M=Kzj0KL7MB%zn6NjRHFWubw7"
                  }
                ]
              }
            ],
            "arn": "arn:aws:es:us-east-1:591222106065:domain/multimodal-lib-prod-search",
            "auto_tune_options": [
              {
                "desired_state": "DISABLED",
                "maintenance_schedule": [],
                "rollback_on_disable": "NO_ROLLBACK",
                "use_off_peak_window": false
              }
            ],
            "cluster_config": [
              {
                "cold_storage_options": [
                  {
                    "enabled": false
                  }
                ],
                "dedicated_master_count": 0,
                "dedicated_master_enabled": false,
                "dedicated_master_type": "",
                "instance_count": 1,
                "instance_type": "t3.small.search",
                "multi_az_with_standby_enabled": false,
                "node_options": [],
                "warm_count": 0,
                "warm_enabled": false,
                "warm_type": "",
                "zone_awareness_config": [],
                "zone_awareness_enabled": false
              }
            ],
            "cognito_options": [
              {
                "enabled": false,
                "identity_pool_id": "",
                "role_arn": "",
                "user_pool_id": ""
              }
            ],
            "dashboard_endpoint": "vpc-multimodal-lib-prod-search-2mjsemd5qwcuj3ezeltxxmwkrq.us-east-1.es.amazonaws.com/_dashboards",
            "dashboard_endpoint_v2": null,
            "domain_endpoint_options": [
              {
                "custom_endpoint": "",
                "custom_endpoint_certificate_arn": "",
                "custom_endpoint_enabled": false,
                "enforce_https": true,
                "tls_security_policy": "Policy-Min-TLS-1-2-2019-07"
              }
            ],
            "domain_endpoint_v2_hosted_zone_id": "",
            "domain_id": "591222106065/multimodal-lib-prod-search",
            "domain_name": "multimodal-lib-prod-search",
            "ebs_options": [
              {
                "ebs_enabled": true,
                "iops": 3000,
                "throughput": 125,
                "volume_size": 20,
                "volume_type": "gp3"
              }
            ],
            "encrypt_at_rest": [
              {
                "enabled": true,
                "kms_key_id": "arn:aws:kms:us-east-1:591222106065:key/3499b337-f818-47c9-93e1-455e92123752"
              }
            ],
            "endpoint": "vpc-multimodal-lib-prod-search-2mjsemd5qwcuj3ezeltxxmwkrq.us-east-1.es.amazonaws.com",
            "endpoint_v2": null,
            "engine_version": "OpenSearch_2.11",
            "id": "arn:aws:es:us-east-1:591222106065:domain/multimodal-lib-prod-search",
            "ip_address_type": "ipv4",
            "kibana_endpoint": "vpc-multimodal-lib-prod-search-2mjsemd5qwcuj3ezeltxxmwkrq.us-east-1.es.amazonaws.com/_plugin/kibana/",
            "log_publishing_options": [
              {
                "cloudwatch_log_group_arn": "arn:aws:logs:us-east-1:591222106065:log-group:/aws/opensearch/domains/multimodal-lib-prod-search/es-application-logs",
                "enabled": true,
                "log_type": "ES_APPLICATION_LOGS"
              },
              {
                "cloudwatch_log_group_arn": "arn:aws:logs:us-east-1:591222106065:log-group:/aws/opensearch/domains/multimodal-lib-prod-search/index-slow-logs",
                "enabled": true,
                "log_type": "INDEX_SLOW_LOGS"
              },
              {
                "cloudwatch_log_group_arn": "arn:aws:logs:us-east-1:591222106065:log-group:/aws/opensearch/domains/multimodal-lib-prod-search/search-slow-logs",
                "enabled": true,
                "log_type": "SEARCH_SLOW_LOGS"
              }
            ],
            "node_to_node_encryption": [
              {
                "enabled": true
              }
            ],
            "off_peak_window_options": [
              {
                "enabled": true,
                "off_peak_window": [
                  {
                    "window_start_time": [
                      {
                        "hours": 3,
                        "minutes": 0
                      }
                    ]
                  }
                ]
              }
            ],
            "snapshot_options": [
              {
                "automated_snapshot_start_hour": 0
              }
            ],
            "software_update_options": [
              {
                "auto_software_update_enabled": false
              }
            ],
            "tags": {
              "CostCenter": "engineering",
              "CreatedBy": "aws-production-deployment-spec",
              "Environment": "prod",
              "ManagedBy": "terraform",
              "Name": "multimodal-lib-prod-search",
              "Owner": "platform-team",
              "Project": "multimodal-lib"
            },
            "tags_all": {
              "CostCenter": "engineering",
              "CreatedBy": "aws-production-deployment-spec",
              "Environment": "prod",
              "ManagedBy": "terraform",
              "Name": "multimodal-lib-prod-search",
              "Owner": "platform-team",
              "Project": "multimodal-lib"
            },
            "timeouts": null,
            "vpc_options": [
              {
                "availability_zones": [
                  "us-east-1a"
                ],
                "security_group_ids": [
                  "sg-0231498cba0c6b983",
                  "sg-0cee28bdb3ec57732"
                ],
                "subnet_ids": [
                  "subnet-02a84a72425ffa550"
                ],
                "vpc_id": "vpc-0b2186b38779e77f6"
              }
            ]
          },
          "sensitive_attributes": [
            [
              {
                "type": "get_attr",
                "value": "advanced_security_options"
              },
              {
                "type": "index",
                "value": {
                  "value": 0,
                  "type": "number"
                }
              },
              {
                "type": "get_attr",
                "value": "master_user_options"
              },
              {
                "type": "index",
                "value": {
                  "value": 0,
                  "type": "number"
                }
              },
              {
                "type": "get_attr",
                "value": "master_user_password"
              }
            ]
          ],
          "private": "eyJlMmJmYjczMC1lY2FhLTExZTYtOGY4OC0zNDM2M2JjN2M0YzAiOnsiY3JlYXRlIjo3MjAwMDAwMDAwMDAwLCJkZWxldGUiOjU0MDAwMDAwMDAwMDAsInVwZGF0ZSI6MTA4MDAwMDAwMDAwMDB9fQ==",
          "dependencies": [
            "module.databases.aws_cloudwatch_log_group.opensearch_es_application",
            "module.databases.aws_cloudwatch_log_group.opensearch_index_slow",
            "module.databases.aws_cloudwatch_log_group.opensearch_search_slow",
            "module.databases.aws_cloudwatch_log_resource_policy.opensearch_es_application",
            "module.databases.aws_cloudwatch_log_resource_policy.opensearch_index_slow",
            "module.databases.aws_cloudwatch_log_resource_policy.opensearch_search_slow",
            "module.security.aws_kms_key.main",
            "module.security.aws_security_group.alb",
            "module.security.aws_security_group.ecs",
            "module.security.aws_security_group.neptune",
            "module.security.aws_security_group.opensearch",
            "module.vpc.aws_subnet.private",
            "module.vpc.aws_vpc.main",
            "random_password.opensearch_password"
          ]
        }
      ]
    },
    {
      "module": "module.databases",
      "mode": "managed",
      "type": "aws_s3_bucket",
      "name": "opensearch_snapshots",
      "provider": "provider[\"registry.terraform.io/hashicorp/aws\"]",
      "instances": [
        {
          "schema_version": 0,
          "attributes": {
            "acceleration_status": "",
            "acl": null,
            "arn": "arn:aws:s3:::multimodal-lib-prod-search-snapshots-50fcb7c1",
            "bucket": "multimodal-lib-prod-search-snapshots-50fcb7c1",
            "bucket_domain_name": "multimodal-lib-prod-search-snapshots-50fcb7c1.s3.amazonaws.com",
            "bucket_prefix": "",
            "bucket_regional_domain_name": "multimodal-lib-prod-search-snapshots-50fcb7c1.s3.us-east-1.amazonaws.com",
            "cors_rule": [],
            "force_destroy": false,
            "grant": [
              {
                "id": "93d1a3ab56d582bcb6a67930bcda06a7110be0b0bc945f5ebbbfd282cb90e854",
                "permissions": [
                  "FULL_CONTROL"
                ],
                "type": "CanonicalUser",
                "uri": ""
              }
            ],
            "hosted_zone_id": "Z3AQBSTGFYJSTF",
            "id": "multimodal-lib-prod-search-snapshots-50fcb7c1",
            "lifecycle_rule": [],
            "logging": [],
            "object_lock_configuration": [],
            "object_lock_enabled": false,
            "policy": "",
            "region": "us-east-1",
            "replication_configuration": [],
            "request_payer": "BucketOwner",
            "server_side_encryption_configuration": [
              {
                "rule": [
                  {
                    "apply_server_side_encryption_by_default": [
                      {
                        "kms_master_key_id": "",
                        "sse_algorithm": "AES256"
                      }
                    ],
                    "bucket_key_enabled": false
                  }
                ]
              }
            ],
            "tags": {
              "CostCenter": "engineering",
              "CreatedBy": "aws-production-deployment-spec",
              "Environment": "prod",
              "ManagedBy": "terraform",
              "Name": "multimodal-lib-prod-search-snapshots",
              "Owner": "platform-team",
              "Project": "multimodal-lib"
            },
            "tags_all": {
              "CostCenter": "engineering",
              "CreatedBy": "aws-production-deployment-spec",
              "Environment": "prod",
              "ManagedBy": "terraform",
              "Name": "multimodal-lib-prod-search-snapshots",
              "Owner": "platform-team",
              "Project": "multimodal-lib"
            },
            "timeouts": null,
            "versioning": [
              {
                "enabled": false,
                "mfa_delete": false
              }
            ],
            "website": [],
            "website_domain": null,
            "website_endpoint": null
          },
          "sensitive_attributes": [],
          "private": "eyJlMmJmYjczMC1lY2FhLTExZTYtOGY4OC0zNDM2M2JjN2M0YzAiOnsiY3JlYXRlIjoxMjAwMDAwMDAwMDAwLCJkZWxldGUiOjM2MDAwMDAwMDAwMDAsInJlYWQiOjEyMDAwMDAwMDAwMDAsInVwZGF0ZSI6MTIwMDAwMDAwMDAwMH19",
          "dependencies": [
            "random_id.bucket_suffix"
          ]
        }
      ]
    },
    {
      "module": "module.databases",
      "mode": "managed",
      "type": "aws_s3_bucket_public_access_block",
      "name": "opensearch_snapshots",
      "provider": "provider[\"registry.terraform.io/hashicorp/aws\"]",
      "instances": [
        {
          "schema_version": 0,
          "attributes": {
            "block_public_acls": true,
            "block_public_policy": true,
            "bucket": "multimodal-lib-prod-search-snapshots-50fcb7c1",
            "id": "multimodal-lib-prod-search-snapshots-50fcb7c1",
            "ignore_public_acls": true,
            "restrict_public_buckets": true
          },
          "sensitive_attributes": [],
          "private": "bnVsbA==",
          "dependencies": [
            "module.databases.aws_s3_bucket.opensearch_snapshots",
            "random_id.bucket_suffix"
          ]
        }
      ]
    },
    {
      "module": "module.databases",
      "mode": "managed",
      "type": "aws_s3_bucket_server_side_encryption_configuration",
      "name": "opensearch_snapshots",
      "provider": "provider[\"registry.terraform.io/hashicorp/aws\"]",
      "instances": [
        {
          "schema_version": 0,
          "attributes": {
            "bucket": "multimodal-lib-prod-search-snapshots-50fcb7c1",
            "expected_bucket_owner": "",
            "id": "multimodal-lib-prod-search-snapshots-50fcb7c1",
            "rule": [
              {
                "apply_server_side_encryption_by_default": [
                  {
                    "kms_master_key_id": "arn:aws:kms:us-east-1:591222106065:key/3499b337-f818-47c9-93e1-455e92123752",
                    "sse_algorithm": "aws:kms"
                  }
                ],
                "bucket_key_enabled": true
              }
            ]
          },
          "sensitive_attributes": [],
          "private": "bnVsbA==",
          "dependencies": [
            "module.databases.aws_s3_bucket.opensearch_snapshots",
            "module.security.aws_kms_key.main",
            "random_id.bucket_suffix"
          ]
        }
      ]
    },
    {
      "module": "module.databases",
      "mode": "managed",
      "type": "aws_s3_bucket_versioning",
      "name": "opensearch_snapshots",
      "provider": "provider[\"registry.terraform.io/hashicorp/aws\"]",
      "instances": [
        {
          "schema_version": 0,
          "attributes": {
            "bucket": "multimodal-lib-prod-search-snapshots-50fcb7c1",
            "expected_bucket_owner": "",
            "id": "multimodal-lib-prod-search-snapshots-50fcb7c1",
            "mfa": null,
            "versioning_configuration": [
              {
                "mfa_delete": "",
                "status": "Enabled"
              }
            ]
          },
          "sensitive_attributes": [],
          "private": "bnVsbA==",
          "dependencies": [
            "module.databases.aws_s3_bucket.opensearch_snapshots",
            "random_id.bucket_suffix"
          ]
        }
      ]
    },
    {
      "module": "module.monitoring",
      "mode": "data",
      "type": "aws_caller_identity",
      "name": "current",
      "provider": "provider[\"registry.terraform.io/hashicorp/aws\"]",
      "instances": [
        {
          "schema_version": 0,
          "attributes": {
            "account_id": "591222106065",
            "arn": "arn:aws:iam::591222106065:root",
            "id": "591222106065",
            "user_id": "591222106065"
          },
          "sensitive_attributes": []
        }
      ]
    },
    {
      "module": "module.monitoring",
      "mode": "managed",
      "type": "aws_cloudwatch_composite_alarm",
      "name": "startup_failure",
      "provider": "provider[\"registry.terraform.io/hashicorp/aws\"]",
      "instances": [
        {
          "schema_version": 0,
          "attributes": {
            "actions_enabled": true,
            "actions_suppressor": [],
            "alarm_actions": [
              "arn:aws:sns:us-east-1:591222106065:multimodal-lib-prod-critical-alerts",
              "arn:aws:sns:us-east-1:591222106065:multimodal-lib-prod-startup-alerts"
            ],
            "alarm_description": "Composite alarm for overall startup failure detection",
            "alarm_name": "multimodal-lib-prod-startup-failure-composite",
            "alarm_rule": "ALARM(multimodal-lib-prod-minimal-phase-timeout) OR ALARM(multimodal-lib-prod-model-loading-failures) OR ALARM(multimodal-lib-prod-health-check-failures)",
            "arn": "arn:aws:cloudwatch:us-east-1:591222106065:alarm:multimodal-lib-prod-startup-failure-composite",
            "id": "multimodal-lib-prod-startup-failure-composite",
            "insufficient_data_actions": null,
            "ok_actions": [
              "arn:aws:sns:us-east-1:591222106065:multimodal-lib-prod-info-alerts"
            ],
            "tags": {
              "Component": "StartupSystem",
              "CostCenter": "engineering",
              "CreatedBy": "aws-production-deployment-spec",
              "Environment": "prod",
              "ManagedBy": "terraform",
              "Owner": "platform-team",
              "Project": "multimodal-lib",
              "Severity": "Critical",
              "Type": "Composite"
            },
            "tags_all": {
              "Component": "StartupSystem",
              "CostCenter": "engineering",
              "CreatedBy": "aws-production-deployment-spec",
              "Environment": "prod",
              "ManagedBy": "terraform",
              "Owner": "platform-team",
              "Project": "multimodal-lib",
              "Severity": "Critical",
              "Type": "Composite"
            }
          },
          "sensitive_attributes": [],
          "private": "bnVsbA==",
          "dependencies": [
            "module.monitoring.aws_cloudwatch_metric_alarm.health_check_failures",
            "module.monitoring.aws_cloudwatch_metric_alarm.minimal_phase_timeout",
            "module.monitoring.aws_cloudwatch_metric_alarm.model_loading_failures",
            "module.monitoring.aws_sns_topic.critical_alerts",
            "module.monitoring.aws_sns_topic.info_alerts",
            "module.monitoring.aws_sns_topic.startup_alerts",
            "module.security.aws_kms_key.main"
          ]
        }
      ]
    },
    {
      "module": "module.monitoring",
      "mode": "managed",
      "type": "aws_cloudwatch_dashboard",
      "name": "main",
      "provider": "provider[\"registry.terraform.io/hashicorp/aws\"]",
      "instances": []
    },
    {
      "module": "module.monitoring",
      "mode": "managed",
      "type": "aws_cloudwatch_dashboard",
      "name": "startup_monitoring",
      "provider": "provider[\"registry.terraform.io/hashicorp/aws\"]",
      "instances": [
        {
          "schema_version": 0,
          "attributes": {
            "dashboard_arn": "arn:aws:cloudwatch::591222106065:dashboard/multimodal-lib-prod-startup-monitoring",
            "dashboard_body": "{\"widgets\":[{\"height\":6,\"properties\":{\"annotations\":{\"horizontal\":[{\"color\":\"#2ca02c\",\"fill\":\"below\",\"label\":\"Minimal Phase Target (30s)\",\"value\":30},{\"color\":\"#d62728\",\"fill\":\"above\",\"label\":\"Minimal Phase Threshold (60s)\",\"value\":60},{\"label\":\"Essential Phase Target (120s)\",\"value\":120},{\"label\":\"Essential Phase Threshold (180s)\",\"value\":180}]},\"metrics\":[[\"MultimodalLibrarian/prod/Startup\",\"MinimalPhaseCompletionTime\",{\"label\":\"Minimal Phase (avg)\",\"stat\":\"Average\"}],[\"...\",{\"label\":\"Minimal Phase (max)\",\"stat\":\"Maximum\"}],[\".\",\"EssentialPhaseCompletionTime\",{\"label\":\"Essential Phase (avg)\",\"stat\":\"Average\"}],[\"...\",{\"label\":\"Essential Phase (max)\",\"stat\":\"Maximum\"}],[\".\",\"FullPhaseCompletionTime\",{\"label\":\"Full Phase (avg)\",\"stat\":\"Average\"}],[\"...\",{\"label\":\"Full Phase (max)\",\"stat\":\"Maximum\"}]],\"period\":300,\"region\":\"us-east-1\",\"stacked\":false,\"title\":\"Startup Phase Completion Times\",\"view\":\"timeSeries\",\"yAxis\":{\"left\":{\"label\":\"Duration (seconds)\"}}},\"type\":\"metric\",\"width\":12,\"x\":0,\"y\":0},{\"height\":6,\"properties\":{\"metrics\":[[\"MultimodalLibrarian/prod/Startup\",\"ModelLoadingDuration\",{\"label\":\"Avg Load Time\",\"stat\":\"Average\"}],[\"...\",{\"label\":\"Max Load Time\",\"stat\":\"Maximum\"}],[\"...\",{\"label\":\"P95 Load Time\",\"stat\":\"p95\"}]],\"period\":300,\"region\":\"us-east-1\",\"stacked\":false,\"title\":\"Model Loading Performance\",\"view\":\"timeSeries\",\"yAxis\":{\"left\":{\"label\":\"Duration (seconds)\"}}},\"type\":\"metric\",\"width\":12,\"x\":12,\"y\":0},{\"height\":6,\"properties\":{\"metrics\":[[\"MultimodalLibrarian/prod/Startup\",\"ModelLoadingSuccessCount\",{\"label\":\"Successful Loads\",\"stat\":\"Sum\"}],[\".\",\"ModelLoadingFailureCount\",{\"label\":\"Failed Loads\",\"stat\":\"Sum\"}]],\"period\":300,\"region\":\"us-east-1\",\"stacked\":true,\"title\":\"Model Loading Success vs Failures\",\"view\":\"timeSeries\"},\"type\":\"metric\",\"width\":8,\"x\":0,\"y\":6},{\"height\":6,\"properties\":{\"annotations\":{\"horizontal\":[{\"color\":\"#2ca02c\",\"fill\":\"above\",\"label\":\"Target (70%)\",\"value\":70},{\"color\":\"#d62728\",\"fill\":\"below\",\"label\":\"Threshold (50%)\",\"value\":50}]},\"metrics\":[[{\"expression\":\"(hits / (hits + misses)) * 100\",\"id\":\"hit_rate\",\"label\":\"Cache Hit Rate %\"}],[\"MultimodalLibrarian/prod/Startup\",\"ModelCacheHitCount\",{\"id\":\"hits\",\"visible\":false}],[\".\",\"ModelCacheMissCount\",{\"id\":\"misses\",\"visible\":false}]],\"period\":300,\"region\":\"us-east-1\",\"stacked\":false,\"title\":\"Model Cache Hit Rate\",\"view\":\"timeSeries\",\"yAxis\":{\"left\":{\"label\":\"Hit Rate (%)\",\"max\":100,\"min\":0}}},\"type\":\"metric\",\"width\":8,\"x\":8,\"y\":6},{\"height\":6,\"properties\":{\"annotations\":{\"horizontal\":[{\"color\":\"#2ca02c\",\"fill\":\"below\",\"label\":\"Target (30s)\",\"value\":30000},{\"color\":\"#d62728\",\"fill\":\"above\",\"label\":\"P95 Threshold (60s)\",\"value\":60000}]},\"metrics\":[[\"MultimodalLibrarian/prod/Startup\",\"UserWaitTime\",{\"label\":\"Avg Wait Time\",\"stat\":\"Average\"}],[\"...\",{\"label\":\"P95 Wait Time\",\"stat\":\"p95\"}],[\"...\",{\"label\":\"Max Wait Time\",\"stat\":\"Maximum\"}]],\"period\":300,\"region\":\"us-east-1\",\"stacked\":false,\"title\":\"User Wait Times\",\"view\":\"timeSeries\",\"yAxis\":{\"left\":{\"label\":\"Wait Time (ms)\"}}},\"type\":\"metric\",\"width\":8,\"x\":16,\"y\":6},{\"height\":6,\"properties\":{\"metrics\":[[\"MultimodalLibrarian/prod/Startup\",\"FallbackResponseCount\",{\"label\":\"Fallback Responses\",\"stat\":\"Sum\"}],[\".\",\"HealthCheckFailureCount\",{\"label\":\"Health Check Failures\",\"stat\":\"Sum\"}]],\"period\":300,\"region\":\"us-east-1\",\"stacked\":false,\"title\":\"User Experience \u0026 Health Indicators\",\"view\":\"timeSeries\"},\"type\":\"metric\",\"width\":12,\"x\":0,\"y\":12},{\"height\":6,\"properties\":{\"query\":\"SOURCE '/aws/application/multimodal-lib-prod' | fields @timestamp, phase, duration, status | filter component = 'StartupPhaseManager' | filter message like /Phase transition/ | sort @timestamp desc | limit 20\",\"region\":\"us-east-1\",\"title\":\"Recent Startup Phase Transitions\",\"view\":\"table\"},\"type\":\"log\",\"width\":12,\"x\":12,\"y\":12}]}",
            "dashboard_name": "multimodal-lib-prod-startup-monitoring",
            "id": "multimodal-lib-prod-startup-monitoring"
          },
          "sensitive_attributes": [],
          "private": "bnVsbA==",
          "dependencies": [
            "module.monitoring.aws_cloudwatch_log_group.application"
          ]
        }
      ]
    },
    {
      "module": "module.monitoring",
      "mode": "managed",
      "type": "aws_cloudwatch_event_target",
      "name": "container_failure_monitor",
      "provider": "provider[\"registry.terraform.io/hashicorp/aws\"]",
      "instances": []
    },
    {
      "module": "module.monitoring",
      "mode": "managed",
      "type": "aws_cloudwatch_log_group",
      "name": "api_gateway",
      "provider": "provider[\"registry.terraform.io/hashicorp/aws\"]",
      "instances": [
        {
          "schema_version": 0,
          "attributes": {
            "arn": "arn:aws:logs:us-east-1:591222106065:log-group:/aws/apigateway/multimodal-lib-prod",
            "id": "/aws/apigateway/multimodal-lib-prod",
            "kms_key_id": "",
            "log_group_class": "STANDARD",
            "name": "/aws/apigateway/multimodal-lib-prod",
            "name_prefix": "",
            "retention_in_days": 30,
            "skip_destroy": false,
            "tags": {
              "CostCenter": "engineering",
              "CreatedBy": "aws-production-deployment-spec",
              "Environment": "prod",
              "ManagedBy": "terraform",
              "Owner": "platform-team",
              "Project": "multimodal-lib"
            },
            "tags_all": {
              "CostCenter": "engineering",
              "CreatedBy": "aws-production-deployment-spec",
              "Environment": "prod",
              "ManagedBy": "terraform",
              "Owner": "platform-team",
              "Project": "multimodal-lib"
            }
          },
          "sensitive_attributes": [],
          "private": "bnVsbA=="
        }
      ]
    },
    {
      "module": "module.monitoring",
      "mode": "managed",
      "type": "aws_cloudwatch_log_group",
      "name": "application",
      "provider": "provider[\"registry.terraform.io/hashicorp/aws\"]",
      "instances": [
        {
          "schema_version": 0,
          "attributes": {
            "arn": "arn:aws:logs:us-east-1:591222106065:log-group:/aws/application/multimodal-lib-prod",
            "id": "/aws/application/multimodal-lib-prod",
            "kms_key_id": "",
            "log_group_class": "STANDARD",
            "name": "/aws/application/multimodal-lib-prod",
            "name_prefix": "",
            "retention_in_days": 30,
            "skip_destroy": false,
            "tags": {
              "CostCenter": "engineering",
              "CreatedBy": "aws-production-deployment-spec",
              "Environment": "prod",
              "ManagedBy": "terraform",
              "Owner": "platform-team",
              "Project": "multimodal-lib"
            },
            "tags_all": {
              "CostCenter": "engineering",
              "CreatedBy": "aws-production-deployment-spec",
              "Environment": "prod",
              "ManagedBy": "terraform",
              "Owner": "platform-team",
              "Project": "multimodal-lib"
            }
          },
          "sensitive_attributes": [],
          "private": "bnVsbA=="
        }
      ]
    },
    {
      "module": "module.monitoring",
      "mode": "managed",
      "type": "aws_cloudwatch_log_group",
      "name": "container_failure_monitor",
      "provider": "provider[\"registry.terraform.io/hashicorp/aws\"]",
      "instances": []
    },
    {
      "module": "module.monitoring",
      "mode": "managed",
      "type": "aws_cloudwatch_log_group",
      "name": "lambda",
      "provider": "provider[\"registry.terraform.io/hashicorp/aws\"]",
      "instances": [
        {
          "schema_version": 0,
          "attributes": {
            "arn": "arn:aws:logs:us-east-1:591222106065:log-group:/aws/lambda/multimodal-lib-prod",
            "id": "/aws/lambda/multimodal-lib-prod",
            "kms_key_id": "",
            "log_group_class": "STANDARD",
            "name": "/aws/lambda/multimodal-lib-prod",
            "name_prefix": "",
            "retention_in_days": 30,
            "skip_destroy": false,
            "tags": {
              "CostCenter": "engineering",
              "CreatedBy": "aws-production-deployment-spec",
              "Environment": "prod",
              "ManagedBy": "terraform",
              "Owner": "platform-team",
              "Project": "multimodal-lib"
            },
            "tags_all": {
              "CostCenter": "engineering",
              "CreatedBy": "aws-production-deployment-spec",
              "Environment": "prod",
              "ManagedBy": "terraform",
              "Owner": "platform-team",
              "Project": "multimodal-lib"
            }
          },
          "sensitive_attributes": [],
          "private": "bnVsbA=="
        }
      ]
    },
    {
      "module": "module.monitoring",
      "mode": "managed",
      "type": "aws_cloudwatch_log_metric_filter",
      "name": "cache_hit_rate",
      "provider": "provider[\"registry.terraform.io/hashicorp/aws\"]",
      "instances": [
        {
          "schema_version": 0,
          "attributes": {
            "id": "multimodal-lib-prod-model-cache-hit",
            "log_group_name": "/aws/application/multimodal-lib-prod",
            "metric_transformation": [
              {
                "default_value": "",
                "dimensions": null,
                "name": "ModelCacheHitCount",
                "namespace": "MultimodalLibrarian/prod/Startup",
                "unit": "Count",
                "value": "1"
              }
            ],
            "name": "multimodal-lib-prod-model-cache-hit",
            "pattern": "[timestamp, request_id, level, component=\"ModelCache\", message=\"*Cache hit*\", model_name]"
          },
          "sensitive_attributes": [],
          "private": "bnVsbA==",
          "dependencies": [
            "module.monitoring.aws_cloudwatch_log_group.application"
          ]
        }
      ]
    },
    {
      "module": "module.monitoring",
      "mode": "managed",
      "type": "aws_cloudwatch_log_metric_filter",
      "name": "cache_miss_rate",
      "provider": "provider[\"registry.terraform.io/hashicorp/aws\"]",
      "instances": [
        {
          "schema_version": 0,
          "attributes": {
            "id": "multimodal-lib-prod-model-cache-miss",
            "log_group_name": "/aws/application/multimodal-lib-prod",
            "metric_transformation": [
              {
                "default_value": "",
                "dimensions": null,
                "name": "ModelCacheMissCount",
                "namespace": "MultimodalLibrarian/prod/Startup",
                "unit": "Count",
                "value": "1"
              }
            ],
            "name": "multimodal-lib-prod-model-cache-miss",
            "pattern": "[timestamp, request_id, level, component=\"ModelCache\", message=\"*Cache miss*\", model_name]"
          },
          "sensitive_attributes": [],
          "private": "bnVsbA==",
          "dependencies": [
            "module.monitoring.aws_cloudwatch_log_group.application"
          ]
        }
      ]
    },
    {
      "module": "module.monitoring",
      "mode": "managed",
      "type": "aws_cloudwatch_log_metric_filter",
      "name": "error_count",
      "provider": "provider[\"registry.terraform.io/hashicorp/aws\"]",
      "instances": [
        {
          "schema_version": 0,
          "attributes": {
            "id": "multimodal-lib-prod-error-count",
            "log_group_name": "/aws/application/multimodal-lib-prod",
            "metric_transformation": [
              {
                "default_value": "",
                "dimensions": null,
                "name": "ErrorCount",
                "namespace": "MultimodalLibrarian/prod",
                "unit": "None",
                "value": "1"
              }
            ],
            "name": "multimodal-lib-prod-error-count",
            "pattern": "[timestamp, request_id, level=\"ERROR\", ...]"
          },
          "sensitive_attributes": [],
          "private": "bnVsbA==",
          "dependencies": [
            "module.monitoring.aws_cloudwatch_log_group.application"
          ]
        }
      ]
    },
    {
      "module": "module.monitoring",
      "mode": "managed",
      "type": "aws_cloudwatch_log_metric_filter",
      "name": "essential_phase_completion",
      "provider": "provider[\"registry.terraform.io/hashicorp/aws\"]",
      "instances": [
        {
          "schema_version": 0,
          "attributes": {
            "id": "multimodal-lib-prod-essential-phase-completion",
            "log_group_name": "/aws/application/multimodal-lib-prod",
            "metric_transformation": [
              {
                "default_value": "",
                "dimensions": null,
                "name": "EssentialPhaseCompletionTime",
                "namespace": "MultimodalLibrarian/prod/Startup",
                "unit": "Seconds",
                "value": "$duration"
              }
            ],
            "name": "multimodal-lib-prod-essential-phase-completion",
            "pattern": "[timestamp, request_id, level, component=\"StartupPhaseManager\", message=\"*Phase transition*\", phase=\"essential\", status=\"completed\", duration]"
          },
          "sensitive_attributes": [],
          "private": "bnVsbA==",
          "dependencies": [
            "module.monitoring.aws_cloudwatch_log_group.application"
          ]
        }
      ]
    },
    {
      "module": "module.monitoring",
      "mode": "managed",
      "type": "aws_cloudwatch_log_metric_filter",
      "name": "fallback_response_usage",
      "provider": "provider[\"registry.terraform.io/hashicorp/aws\"]",
      "instances": [
        {
          "schema_version": 0,
          "attributes": {
            "id": "multimodal-lib-prod-fallback-response-usage",
            "log_group_name": "/aws/application/multimodal-lib-prod",
            "metric_transformation": [
              {
                "default_value": "",
                "dimensions": null,
                "name": "FallbackResponseCount",
                "namespace": "MultimodalLibrarian/prod/Startup",
                "unit": "Count",
                "value": "1"
              }
            ],
            "name": "multimodal-lib-prod-fallback-response-usage",
            "pattern": "[timestamp, request_id, level, component=\"FallbackService\", message=\"*Fallback response provided*\"]"
          },
          "sensitive_attributes": [],
          "private": "bnVsbA==",
          "dependencies": [
            "module.monitoring.aws_cloudwatch_log_group.application"
          ]
        }
      ]
    },
    {
      "module": "module.monitoring",
      "mode": "managed",
      "type": "aws_cloudwatch_log_metric_filter",
      "name": "full_phase_completion",
      "provider": "provider[\"registry.terraform.io/hashicorp/aws\"]",
      "instances": [
        {
          "schema_version": 0,
          "attributes": {
            "id": "multimodal-lib-prod-full-phase-completion",
            "log_group_name": "/aws/application/multimodal-lib-prod",
            "metric_transformation": [
              {
                "default_value": "",
                "dimensions": null,
                "name": "FullPhaseCompletionTime",
                "namespace": "MultimodalLibrarian/prod/Startup",
                "unit": "Seconds",
                "value": "$duration"
              }
            ],
            "name": "multimodal-lib-prod-full-phase-completion",
            "pattern": "[timestamp, request_id, level, component=\"StartupPhaseManager\", message=\"*Phase transition*\", phase=\"full\", status=\"completed\", duration]"
          },
          "sensitive_attributes": [],
          "private": "bnVsbA==",
          "dependencies": [
            "module.monitoring.aws_cloudwatch_log_group.application"
          ]
        }
      ]
    },
    {
      "module": "module.monitoring",
      "mode": "managed",
      "type": "aws_cloudwatch_log_metric_filter",
      "name": "health_check_failure",
      "provider": "provider[\"registry.terraform.io/hashicorp/aws\"]",
      "instances": [
        {
          "schema_version": 0,
          "attributes": {
            "id": "multimodal-lib-prod-health-check-failure",
            "log_group_name": "/aws/application/multimodal-lib-prod",
            "metric_transformation": [
              {
                "default_value": "",
                "dimensions": null,
                "name": "HealthCheckFailureCount",
                "namespace": "MultimodalLibrarian/prod/Startup",
                "unit": "Count",
                "value": "1"
              }
            ],
            "name": "multimodal-lib-prod-health-check-failure",
            "pattern": "[timestamp, request_id, level=\"ERROR\", component=\"HealthCheck\", message=\"*Health check failed*\"]"
          },
          "sensitive_attributes": [],
          "private": "bnVsbA==",
          "dependencies": [
            "module.monitoring.aws_cloudwatch_log_group.application"
          ]
        }
      ]
    },
    {
      "module": "module.monitoring",
      "mode": "managed",
      "type": "aws_cloudwatch_log_metric_filter",
      "name": "minimal_phase_completion",
      "provider": "provider[\"registry.terraform.io/hashicorp/aws\"]",
      "instances": [
        {
          "schema_version": 0,
          "attributes": {
            "id": "multimodal-lib-prod-minimal-phase-completion",
            "log_group_name": "/aws/application/multimodal-lib-prod",
            "metric_transformation": [
              {
                "default_value": "",
                "dimensions": null,
                "name": "MinimalPhaseCompletionTime",
                "namespace": "MultimodalLibrarian/prod/Startup",
                "unit": "Seconds",
                "value": "$duration"
              }
            ],
            "name": "multimodal-lib-prod-minimal-phase-completion",
            "pattern": "[timestamp, request_id, level, component=\"StartupPhaseManager\", message=\"*Phase transition*\", phase=\"minimal\", status=\"completed\", duration]"
          },
          "sensitive_attributes": [],
          "private": "bnVsbA==",
          "dependencies": [
            "module.monitoring.aws_cloudwatch_log_group.application"
          ]
        }
      ]
    },
    {
      "module": "module.monitoring",
      "mode": "managed",
      "type": "aws_cloudwatch_log_metric_filter",
      "name": "model_loading_duration",
      "provider": "provider[\"registry.terraform.io/hashicorp/aws\"]",
      "instances": [
        {
          "schema_version": 0,
          "attributes": {
            "id": "multimodal-lib-prod-model-loading-duration",
            "log_group_name": "/aws/application/multimodal-lib-prod",
            "metric_transformation": [
              {
                "default_value": "",
                "dimensions": null,
                "name": "ModelLoadingDuration",
                "namespace": "MultimodalLibrarian/prod/Startup",
                "unit": "Seconds",
                "value": "$duration_seconds"
              }
            ],
            "name": "multimodal-lib-prod-model-loading-duration",
            "pattern": "[timestamp, request_id, level, component=\"ModelManager\", message=\"*Model loaded*\", model_name, duration_seconds]"
          },
          "sensitive_attributes": [],
          "private": "bnVsbA==",
          "dependencies": [
            "module.monitoring.aws_cloudwatch_log_group.application"
          ]
        }
      ]
    },
    {
      "module": "module.monitoring",
      "mode": "managed",
      "type": "aws_cloudwatch_log_metric_filter",
      "name": "model_loading_failure",
      "provider": "provider[\"registry.terraform.io/hashicorp/aws\"]",
      "instances": [
        {
          "schema_version": 0,
          "attributes": {
            "id": "multimodal-lib-prod-model-loading-failure",
            "log_group_name": "/aws/application/multimodal-lib-prod",
            "metric_transformation": [
              {
                "default_value": "",
                "dimensions": null,
                "name": "ModelLoadingFailureCount",
                "namespace": "MultimodalLibrarian/prod/Startup",
                "unit": "Count",
                "value": "1"
              }
            ],
            "name": "multimodal-lib-prod-model-loading-failure",
            "pattern": "[timestamp, request_id, level=\"ERROR\", component=\"ModelManager\", message=\"*Model loading failed*\", model_name]"
          },
          "sensitive_attributes": [],
          "private": "bnVsbA==",
          "dependencies": [
            "module.monitoring.aws_cloudwatch_log_group.application"
          ]
        }
      ]
    },
    {
      "module": "module.monitoring",
      "mode": "managed",
      "type": "aws_cloudwatch_log_metric_filter",
      "name": "model_loading_success",
      "provider": "provider[\"registry.terraform.io/hashicorp/aws\"]",
      "instances": [
        {
          "schema_version": 0,
          "attributes": {
            "id": "multimodal-lib-prod-model-loading-success",
            "log_group_name": "/aws/application/multimodal-lib-prod",
            "metric_transformation": [
              {
                "default_value": "",
                "dimensions": null,
                "name": "ModelLoadingSuccessCount",
                "namespace": "MultimodalLibrarian/prod/Startup",
                "unit": "Count",
                "value": "1"
              }
            ],
            "name": "multimodal-lib-prod-model-loading-success",
            "pattern": "[timestamp, request_id, level, component=\"ModelManager\", message=\"*Model loaded successfully*\", model_name, duration]"
          },
          "sensitive_attributes": [],
          "private": "bnVsbA==",
          "dependencies": [
            "module.monitoring.aws_cloudwatch_log_group.application"
          ]
        }
      ]
    },
    {
      "module": "module.monitoring",
      "mode": "managed",
      "type": "aws_cloudwatch_log_metric_filter",
      "name": "response_time",
      "provider": "provider[\"registry.terraform.io/hashicorp/aws\"]",
      "instances": [
        {
          "schema_version": 0,
          "attributes": {
            "id": "multimodal-lib-prod-response-time",
            "log_group_name": "/aws/application/multimodal-lib-prod",
            "metric_transformation": [
              {
                "default_value": "",
                "dimensions": null,
                "name": "ResponseTime",
                "namespace": "MultimodalLibrarian/prod",
                "unit": "None",
                "value": "$response_time"
              }
            ],
            "name": "multimodal-lib-prod-response-time",
            "pattern": "[timestamp, request_id, level, method, path, status_code, response_time]"
          },
          "sensitive_attributes": [],
          "private": "bnVsbA==",
          "dependencies": [
            "module.monitoring.aws_cloudwatch_log_group.application"
          ]
        }
      ]
    },
    {
      "module": "module.monitoring",
      "mode": "managed",
      "type": "aws_cloudwatch_log_metric_filter",
      "name": "user_wait_time",
      "provider": "provider[\"registry.terraform.io/hashicorp/aws\"]",
      "instances": [
        {
          "schema_version": 0,
          "attributes": {
            "id": "multimodal-lib-prod-user-wait-time",
            "log_group_name": "/aws/application/multimodal-lib-prod",
            "metric_transformation": [
              {
                "default_value": "",
                "dimensions": null,
                "name": "UserWaitTime",
                "namespace": "MultimodalLibrarian/prod/Startup",
                "unit": "Milliseconds",
                "value": "$wait_time_ms"
              }
            ],
            "name": "multimodal-lib-prod-user-wait-time",
            "pattern": "[timestamp, request_id, level, component=\"UserWaitTracking\", message=\"*User request completed*\", wait_time_ms]"
          },
          "sensitive_attributes": [],
          "private": "bnVsbA==",
          "dependencies": [
            "module.monitoring.aws_cloudwatch_log_group.application"
          ]
        }
      ]
    },
    {
      "module": "module.monitoring",
      "mode": "managed",
      "type": "aws_cloudwatch_log_metric_filter",
      "name": "warning_count",
      "provider": "provider[\"registry.terraform.io/hashicorp/aws\"]",
      "instances": [
        {
          "schema_version": 0,
          "attributes": {
            "id": "multimodal-lib-prod-warning-count",
            "log_group_name": "/aws/application/multimodal-lib-prod",
            "metric_transformation": [
              {
                "default_value": "",
                "dimensions": null,
                "name": "WarningCount",
                "namespace": "MultimodalLibrarian/prod",
                "unit": "None",
                "value": "1"
              }
            ],
            "name": "multimodal-lib-prod-warning-count",
            "pattern": "[timestamp, request_id, level=\"WARNING\", ...]"
          },
          "sensitive_attributes": [],
          "private": "bnVsbA==",
          "dependencies": [
            "module.monitoring.aws_cloudwatch_log_group.application"
          ]
        }
      ]
    },
    {
      "module": "module.monitoring",
      "mode": "managed",
      "type": "aws_cloudwatch_metric_alarm",
      "name": "alb_4xx_errors",
      "provider": "provider[\"registry.terraform.io/hashicorp/aws\"]",
      "instances": [
        {
          "schema_version": 1,
          "attributes": {
            "actions_enabled": true,
            "alarm_actions": [
              "arn:aws:sns:us-east-1:591222106065:multimodal-lib-prod-warning-alerts"
            ],
            "alarm_description": "This metric monitors ALB 4xx errors",
            "alarm_name": "multimodal-lib-prod-alb-4xx-errors",
            "arn": "arn:aws:cloudwatch:us-east-1:591222106065:alarm:multimodal-lib-prod-alb-4xx-errors",
            "comparison_operator": "GreaterThanThreshold",
            "datapoints_to_alarm": 0,
            "dimensions": {
              "LoadBalancer": "app/multimodal-lib-prod-alb/14a18ebae5be6c55"
            },
            "evaluate_low_sample_count_percentiles": "",
            "evaluation_periods": 3,
            "extended_statistic": "",
            "id": "multimodal-lib-prod-alb-4xx-errors",
            "insufficient_data_actions": null,
            "metric_name": "HTTPCode_Target_4XX_Count",
            "metric_query": [],
            "namespace": "AWS/ApplicationELB",
            "ok_actions": [
              "arn:aws:sns:us-east-1:591222106065:multimodal-lib-prod-info-alerts"
            ],
            "period": 300,
            "statistic": "Sum",
            "tags": {
              "CostCenter": "engineering",
              "CreatedBy": "aws-production-deployment-spec",
              "Environment": "prod",
              "ManagedBy": "terraform",
              "Owner": "platform-team",
              "Project": "multimodal-lib"
            },
            "tags_all": {
              "CostCenter": "engineering",
              "CreatedBy": "aws-production-deployment-spec",
              "Environment": "prod",
              "ManagedBy": "terraform",
              "Owner": "platform-team",
              "Project": "multimodal-lib"
            },
            "threshold": 50,
            "threshold_metric_id": "",
            "treat_missing_data": "missing",
            "unit": ""
          },
          "sensitive_attributes": [],
          "private": "eyJzY2hlbWFfdmVyc2lvbiI6IjEifQ==",
          "dependencies": [
            "module.application.aws_lb.main",
            "module.application.aws_s3_bucket.alb_logs",
            "module.monitoring.aws_sns_topic.info_alerts",
            "module.monitoring.aws_sns_topic.warning_alerts",
            "module.security.aws_kms_key.main",
            "module.security.aws_security_group.alb",
            "module.vpc.aws_subnet.public",
            "module.vpc.aws_vpc.main",
            "random_id.bucket_suffix"
          ]
        }
      ]
    },
    {
      "module": "module.monitoring",
      "mode": "managed",
      "type": "aws_cloudwatch_metric_alarm",
      "name": "alb_5xx_errors",
      "provider": "provider[\"registry.terraform.io/hashicorp/aws\"]",
      "instances": [
        {
          "schema_version": 1,
          "attributes": {
            "actions_enabled": true,
            "alarm_actions": [
              "arn:aws:sns:us-east-1:591222106065:multimodal-lib-prod-critical-alerts"
            ],
            "alarm_description": "This metric monitors ALB 5xx errors",
            "alarm_name": "multimodal-lib-prod-alb-5xx-errors",
            "arn": "arn:aws:cloudwatch:us-east-1:591222106065:alarm:multimodal-lib-prod-alb-5xx-errors",
            "comparison_operator": "GreaterThanThreshold",
            "datapoints_to_alarm": 0,
            "dimensions": {
              "LoadBalancer": "app/multimodal-lib-prod-alb/14a18ebae5be6c55"
            },
            "evaluate_low_sample_count_percentiles": "",
            "evaluation_periods": 2,
            "extended_statistic": "",
            "id": "multimodal-lib-prod-alb-5xx-errors",
            "insufficient_data_actions": null,
            "metric_name": "HTTPCode_Target_5XX_Count",
            "metric_query": [],
            "namespace": "AWS/ApplicationELB",
            "ok_actions": [
              "arn:aws:sns:us-east-1:591222106065:multimodal-lib-prod-info-alerts"
            ],
            "period": 300,
            "statistic": "Sum",
            "tags": {
              "CostCenter": "engineering",
              "CreatedBy": "aws-production-deployment-spec",
              "Environment": "prod",
              "ManagedBy": "terraform",
              "Owner": "platform-team",
              "Project": "multimodal-lib"
            },
            "tags_all": {
              "CostCenter": "engineering",
              "CreatedBy": "aws-production-deployment-spec",
              "Environment": "prod",
              "ManagedBy": "terraform",
              "Owner": "platform-team",
              "Project": "multimodal-lib"
            },
            "threshold": 10,
            "threshold_metric_id": "",
            "treat_missing_data": "missing",
            "unit": ""
          },
          "sensitive_attributes": [],
          "private": "eyJzY2hlbWFfdmVyc2lvbiI6IjEifQ==",
          "dependencies": [
            "module.application.aws_lb.main",
            "module.application.aws_s3_bucket.alb_logs",
            "module.monitoring.aws_sns_topic.critical_alerts",
            "module.monitoring.aws_sns_topic.info_alerts",
            "module.security.aws_kms_key.main",
            "module.security.aws_security_group.alb",
            "module.vpc.aws_subnet.public",
            "module.vpc.aws_vpc.main",
            "random_id.bucket_suffix"
          ]
        }
      ]
    },
    {
      "module": "module.monitoring",
      "mode": "managed",
      "type": "aws_cloudwatch_metric_alarm",
      "name": "alb_response_time",
      "provider": "provider[\"registry.terraform.io/hashicorp/aws\"]",
      "instances": [
        {
          "schema_version": 1,
          "attributes": {
            "actions_enabled": true,
            "alarm_actions": [
              "arn:aws:sns:us-east-1:591222106065:multimodal-lib-prod-warning-alerts"
            ],
            "alarm_description": "This metric monitors ALB response time",
            "alarm_name": "multimodal-lib-prod-alb-response-time",
            "arn": "arn:aws:cloudwatch:us-east-1:591222106065:alarm:multimodal-lib-prod-alb-response-time",
            "comparison_operator": "GreaterThanThreshold",
            "datapoints_to_alarm": 0,
            "dimensions": {
              "LoadBalancer": "app/multimodal-lib-prod-alb/14a18ebae5be6c55"
            },
            "evaluate_low_sample_count_percentiles": "",
            "evaluation_periods": 2,
            "extended_statistic": "",
            "id": "multimodal-lib-prod-alb-response-time",
            "insufficient_data_actions": null,
            "metric_name": "TargetResponseTime",
            "metric_query": [],
            "namespace": "AWS/ApplicationELB",
            "ok_actions": [
              "arn:aws:sns:us-east-1:591222106065:multimodal-lib-prod-info-alerts"
            ],
            "period": 300,
            "statistic": "Average",
            "tags": {
              "CostCenter": "engineering",
              "CreatedBy": "aws-production-deployment-spec",
              "Environment": "prod",
              "ManagedBy": "terraform",
              "Owner": "platform-team",
              "Project": "multimodal-lib"
            },
            "tags_all": {
              "CostCenter": "engineering",
              "CreatedBy": "aws-production-deployment-spec",
              "Environment": "prod",
              "ManagedBy": "terraform",
              "Owner": "platform-team",
              "Project": "multimodal-lib"
            },
            "threshold": 2,
            "threshold_metric_id": "",
            "treat_missing_data": "missing",
            "unit": ""
          },
          "sensitive_attributes": [],
          "private": "eyJzY2hlbWFfdmVyc2lvbiI6IjEifQ==",
          "dependencies": [
            "module.application.aws_lb.main",
            "module.application.aws_s3_bucket.alb_logs",
            "module.monitoring.aws_sns_topic.info_alerts",
            "module.monitoring.aws_sns_topic.warning_alerts",
            "module.security.aws_kms_key.main",
            "module.security.aws_security_group.alb",
            "module.vpc.aws_subnet.public",
            "module.vpc.aws_vpc.main",
            "random_id.bucket_suffix"
          ]
        }
      ]
    },
    {
      "module": "module.monitoring",
      "mode": "managed",
      "type": "aws_cloudwatch_metric_alarm",
      "name": "application_errors",
      "provider": "provider[\"registry.terraform.io/hashicorp/aws\"]",
      "instances": [
        {
          "schema_version": 1,
          "attributes": {
            "actions_enabled": true,
            "alarm_actions": [
              "arn:aws:sns:us-east-1:591222106065:multimodal-lib-prod-critical-alerts"
            ],
            "alarm_description": "This metric monitors application error count",
            "alarm_name": "multimodal-lib-prod-application-errors",
            "arn": "arn:aws:cloudwatch:us-east-1:591222106065:alarm:multimodal-lib-prod-application-errors",
            "comparison_operator": "GreaterThanThreshold",
            "datapoints_to_alarm": 0,
            "dimensions": null,
            "evaluate_low_sample_count_percentiles": "",
            "evaluation_periods": 2,
            "extended_statistic": "",
            "id": "multimodal-lib-prod-application-errors",
            "insufficient_data_actions": null,
            "metric_name": "ErrorCount",
            "metric_query": [],
            "namespace": "MultimodalLibrarian/prod",
            "ok_actions": [
              "arn:aws:sns:us-east-1:591222106065:multimodal-lib-prod-info-alerts"
            ],
            "period": 300,
            "statistic": "Sum",
            "tags": {
              "CostCenter": "engineering",
              "CreatedBy": "aws-production-deployment-spec",
              "Environment": "prod",
              "ManagedBy": "terraform",
              "Owner": "platform-team",
              "Project": "multimodal-lib"
            },
            "tags_all": {
              "CostCenter": "engineering",
              "CreatedBy": "aws-production-deployment-spec",
              "Environment": "prod",
              "ManagedBy": "terraform",
              "Owner": "platform-team",
              "Project": "multimodal-lib"
            },
            "threshold": 10,
            "threshold_metric_id": "",
            "treat_missing_data": "notBreaching",
            "unit": ""
          },
          "sensitive_attributes": [],
          "private": "eyJzY2hlbWFfdmVyc2lvbiI6IjEifQ==",
          "dependencies": [
            "module.monitoring.aws_sns_topic.critical_alerts",
            "module.monitoring.aws_sns_topic.info_alerts",
            "module.security.aws_kms_key.main"
          ]
        }
      ]
    },
    {
      "module": "module.monitoring",
      "mode": "managed",
      "type": "aws_cloudwatch_metric_alarm",
      "name": "application_response_time",
      "provider": "provider[\"registry.terraform.io/hashicorp/aws\"]",
      "instances": [
        {
          "schema_version": 1,
          "attributes": {
            "actions_enabled": true,
            "alarm_actions": [
              "arn:aws:sns:us-east-1:591222106065:multimodal-lib-prod-warning-alerts"
            ],
            "alarm_description": "This metric monitors application response time (ms)",
            "alarm_name": "multimodal-lib-prod-application-response-time",
            "arn": "arn:aws:cloudwatch:us-east-1:591222106065:alarm:multimodal-lib-prod-application-response-time",
            "comparison_operator": "GreaterThanThreshold",
            "datapoints_to_alarm": 0,
            "dimensions": null,
            "evaluate_low_sample_count_percentiles": "",
            "evaluation_periods": 3,
            "extended_statistic": "",
            "id": "multimodal-lib-prod-application-response-time",
            "insufficient_data_actions": null,
            "metric_name": "ResponseTime",
            "metric_query": [],
            "namespace": "MultimodalLibrarian/prod",
            "ok_actions": [
              "arn:aws:sns:us-east-1:591222106065:multimodal-lib-prod-info-alerts"
            ],
            "period": 300,
            "statistic": "Average",
            "tags": {
              "CostCenter": "engineering",
              "CreatedBy": "aws-production-deployment-spec",
              "Environment": "prod",
              "ManagedBy": "terraform",
              "Owner": "platform-team",
              "Project": "multimodal-lib"
            },
            "tags_all": {
              "CostCenter": "engineering",
              "CreatedBy": "aws-production-deployment-spec",
              "Environment": "prod",
              "ManagedBy": "terraform",
              "Owner": "platform-team",
              "Project": "multimodal-lib"
            },
            "threshold": 5000,
            "threshold_metric_id": "",
            "treat_missing_data": "notBreaching",
            "unit": ""
          },
          "sensitive_attributes": [],
          "private": "eyJzY2hlbWFfdmVyc2lvbiI6IjEifQ==",
          "dependencies": [
            "module.monitoring.aws_sns_topic.info_alerts",
            "module.monitoring.aws_sns_topic.warning_alerts",
            "module.security.aws_kms_key.main"
          ]
        }
      ]
    },
    {
      "module": "module.monitoring",
      "mode": "managed",
      "type": "aws_cloudwatch_metric_alarm",
      "name": "container_failure_monitor_errors",
      "provider": "provider[\"registry.terraform.io/hashicorp/aws\"]",
      "instances": []
    },
    {
      "module": "module.monitoring",
      "mode": "managed",
      "type": "aws_cloudwatch_metric_alarm",
      "name": "ecs_cpu_high",
      "provider": "provider[\"registry.terraform.io/hashicorp/aws\"]",
      "instances": []
    },
    {
      "module": "module.monitoring",
      "mode": "managed",
      "type": "aws_cloudwatch_metric_alarm",
      "name": "ecs_memory_high",
      "provider": "provider[\"registry.terraform.io/hashicorp/aws\"]",
      "instances": []
    },
    {
      "module": "module.monitoring",
      "mode": "managed",
      "type": "aws_cloudwatch_metric_alarm",
      "name": "essential_phase_timeout",
      "provider": "provider[\"registry.terraform.io/hashicorp/aws\"]",
      "instances": [
        {
          "schema_version": 1,
          "attributes": {
            "actions_enabled": true,
            "alarm_actions": [
              "arn:aws:sns:us-east-1:591222106065:multimodal-lib-prod-startup-alerts",
              "arn:aws:sns:us-east-1:591222106065:multimodal-lib-prod-warning-alerts"
            ],
            "alarm_description": "Essential startup phase taking longer than 3 minutes",
            "alarm_name": "multimodal-lib-prod-essential-phase-timeout",
            "arn": "arn:aws:cloudwatch:us-east-1:591222106065:alarm:multimodal-lib-prod-essential-phase-timeout",
            "comparison_operator": "GreaterThanThreshold",
            "datapoints_to_alarm": 0,
            "dimensions": null,
            "evaluate_low_sample_count_percentiles": "",
            "evaluation_periods": 1,
            "extended_statistic": "",
            "id": "multimodal-lib-prod-essential-phase-timeout",
            "insufficient_data_actions": null,
            "metric_name": "EssentialPhaseCompletionTime",
            "metric_query": [],
            "namespace": "MultimodalLibrarian/prod/Startup",
            "ok_actions": [
              "arn:aws:sns:us-east-1:591222106065:multimodal-lib-prod-info-alerts"
            ],
            "period": 120,
            "statistic": "Maximum",
            "tags": {
              "Component": "StartupPhase",
              "CostCenter": "engineering",
              "CreatedBy": "aws-production-deployment-spec",
              "Environment": "prod",
              "ManagedBy": "terraform",
              "Owner": "platform-team",
              "Phase": "Essential",
              "Project": "multimodal-lib",
              "Severity": "High"
            },
            "tags_all": {
              "Component": "StartupPhase",
              "CostCenter": "engineering",
              "CreatedBy": "aws-production-deployment-spec",
              "Environment": "prod",
              "ManagedBy": "terraform",
              "Owner": "platform-team",
              "Phase": "Essential",
              "Project": "multimodal-lib",
              "Severity": "High"
            },
            "threshold": 180,
            "threshold_metric_id": "",
            "treat_missing_data": "notBreaching",
            "unit": ""
          },
          "sensitive_attributes": [],
          "private": "eyJzY2hlbWFfdmVyc2lvbiI6IjEifQ==",
          "dependencies": [
            "module.monitoring.aws_sns_topic.info_alerts",
            "module.monitoring.aws_sns_topic.startup_alerts",
            "module.monitoring.aws_sns_topic.warning_alerts",
            "module.security.aws_kms_key.main"
          ]
        }
      ]
    },
    {
      "module": "module.monitoring",
      "mode": "managed",
      "type": "aws_cloudwatch_metric_alarm",
      "name": "full_phase_timeout",
      "provider": "provider[\"registry.terraform.io/hashicorp/aws\"]",
      "instances": [
        {
          "schema_version": 1,
          "attributes": {
            "actions_enabled": true,
            "alarm_actions": [
              "arn:aws:sns:us-east-1:591222106065:multimodal-lib-prod-startup-alerts",
              "arn:aws:sns:us-east-1:591222106065:multimodal-lib-prod-warning-alerts"
            ],
            "alarm_description": "Full startup phase taking longer than 10 minutes",
            "alarm_name": "multimodal-lib-prod-full-phase-timeout",
            "arn": "arn:aws:cloudwatch:us-east-1:591222106065:alarm:multimodal-lib-prod-full-phase-timeout",
            "comparison_operator": "GreaterThanThreshold",
            "datapoints_to_alarm": 0,
            "dimensions": null,
            "evaluate_low_sample_count_percentiles": "",
            "evaluation_periods": 1,
            "extended_statistic": "",
            "id": "multimodal-lib-prod-full-phase-timeout",
            "insufficient_data_actions": null,
            "metric_name": "FullPhaseCompletionTime",
            "metric_query": [],
            "namespace": "MultimodalLibrarian/prod/Startup",
            "ok_actions": [
              "arn:aws:sns:us-east-1:591222106065:multimodal-lib-prod-info-alerts"
            ],
            "period": 300,
            "statistic": "Maximum",
            "tags": {
              "Component": "StartupPhase",
              "CostCenter": "engineering",
              "CreatedBy": "aws-production-deployment-spec",
              "Environment": "prod",
              "ManagedBy": "terraform",
              "Owner": "platform-team",
              "Phase": "Full",
              "Project": "multimodal-lib",
              "Severity": "Medium"
            },
            "tags_all": {
              "Component": "StartupPhase",
              "CostCenter": "engineering",
              "CreatedBy": "aws-production-deployment-spec",
              "Environment": "prod",
              "ManagedBy": "terraform",
              "Owner": "platform-team",
              "Phase": "Full",
              "Project": "multimodal-lib",
              "Severity": "Medium"
            },
            "threshold": 600,
            "threshold_metric_id": "",
            "treat_missing_data": "notBreaching",
            "unit": ""
          },
          "sensitive_attributes": [],
          "private": "eyJzY2hlbWFfdmVyc2lvbiI6IjEifQ==",
          "dependencies": [
            "module.monitoring.aws_sns_topic.info_alerts",
            "module.monitoring.aws_sns_topic.startup_alerts",
            "module.monitoring.aws_sns_topic.warning_alerts",
            "module.security.aws_kms_key.main"
          ]
        }
      ]
    },
    {
      "module": "module.monitoring",
      "mode": "managed",
      "type": "aws_cloudwatch_metric_alarm",
      "name": "guardduty_findings",
      "provider": "provider[\"registry.terraform.io/hashicorp/aws\"]",
      "instances": [
        {
          "index_key": 0,
          "schema_version": 1,
          "attributes": {
            "actions_enabled": true,
            "alarm_actions": [
              "arn:aws:sns:us-east-1:591222106065:multimodal-lib-prod-critical-alerts"
            ],
            "alarm_description": "This metric monitors GuardDuty findings indicating security threats",
            "alarm_name": "multimodal-lib-prod-guardduty-findings",
            "arn": "arn:aws:cloudwatch:us-east-1:591222106065:alarm:multimodal-lib-prod-guardduty-findings",
            "comparison_operator": "GreaterThanThreshold",
            "datapoints_to_alarm": 0,
            "dimensions": null,
            "evaluate_low_sample_count_percentiles": "",
            "evaluation_periods": 1,
            "extended_statistic": "",
            "id": "multimodal-lib-prod-guardduty-findings",
            "insufficient_data_actions": null,
            "metric_name": "FindingCount",
            "metric_query": [],
            "namespace": "AWS/GuardDuty",
            "ok_actions": [
              "arn:aws:sns:us-east-1:591222106065:multimodal-lib-prod-info-alerts"
            ],
            "period": 300,
            "statistic": "Sum",
            "tags": {
              "CostCenter": "engineering",
              "CreatedBy": "aws-production-deployment-spec",
              "Environment": "prod",
              "ManagedBy": "terraform",
              "Owner": "platform-team",
              "Project": "multimodal-lib"
            },
            "tags_all": {
              "CostCenter": "engineering",
              "CreatedBy": "aws-production-deployment-spec",
              "Environment": "prod",
              "ManagedBy": "terraform",
              "Owner": "platform-team",
              "Project": "multimodal-lib"
            },
            "threshold": 0,
            "threshold_metric_id": "",
            "treat_missing_data": "notBreaching",
            "unit": ""
          },
          "sensitive_attributes": [],
          "private": "eyJzY2hlbWFfdmVyc2lvbiI6IjEifQ==",
          "dependencies": [
            "module.monitoring.aws_sns_topic.critical_alerts",
            "module.monitoring.aws_sns_topic.info_alerts",
            "module.security.aws_kms_key.main"
          ]
        }
      ]
    },
    {
      "module": "module.monitoring",
      "mode": "managed",
      "type": "aws_cloudwatch_metric_alarm",
      "name": "health_check_failures",
      "provider": "provider[\"registry.terraform.io/hashicorp/aws\"]",
      "instances": [
        {
          "schema_version": 1,
          "attributes": {
            "actions_enabled": true,
            "alarm_actions": [
              "arn:aws:sns:us-east-1:591222106065:multimodal-lib-prod-critical-alerts",
              "arn:aws:sns:us-east-1:591222106065:multimodal-lib-prod-startup-alerts"
            ],
            "alarm_description": "Multiple consecutive health check failures",
            "alarm_name": "multimodal-lib-prod-health-check-failures",
            "arn": "arn:aws:cloudwatch:us-east-1:591222106065:alarm:multimodal-lib-prod-health-check-failures",
            "comparison_operator": "GreaterThanThreshold",
            "datapoints_to_alarm": 0,
            "dimensions": null,
            "evaluate_low_sample_count_percentiles": "",
            "evaluation_periods": 2,
            "extended_statistic": "",
            "id": "multimodal-lib-prod-health-check-failures",
            "insufficient_data_actions": null,
            "metric_name": "HealthCheckFailureCount",
            "metric_query": [],
            "namespace": "MultimodalLibrarian/prod/Startup",
            "ok_actions": [
              "arn:aws:sns:us-east-1:591222106065:multimodal-lib-prod-info-alerts"
            ],
            "period": 60,
            "statistic": "Sum",
            "tags": {
              "Component": "HealthCheck",
              "CostCenter": "engineering",
              "CreatedBy": "aws-production-deployment-spec",
              "Environment": "prod",
              "ManagedBy": "terraform",
              "Owner": "platform-team",
              "Project": "multimodal-lib",
              "Severity": "Critical"
            },
            "tags_all": {
              "Component": "HealthCheck",
              "CostCenter": "engineering",
              "CreatedBy": "aws-production-deployment-spec",
              "Environment": "prod",
              "ManagedBy": "terraform",
              "Owner": "platform-team",
              "Project": "multimodal-lib",
              "Severity": "Critical"
            },
            "threshold": 3,
            "threshold_metric_id": "",
            "treat_missing_data": "notBreaching",
            "unit": ""
          },
          "sensitive_attributes": [],
          "private": "eyJzY2hlbWFfdmVyc2lvbiI6IjEifQ==",
          "dependencies": [
            "module.monitoring.aws_sns_topic.critical_alerts",
            "module.monitoring.aws_sns_topic.info_alerts",
            "module.monitoring.aws_sns_topic.startup_alerts",
            "module.security.aws_kms_key.main"
          ]
        }
      ]
    },
    {
      "module": "module.monitoring",
      "mode": "managed",
      "type": "aws_cloudwatch_metric_alarm",
      "name": "high_fallback_usage",
      "provider": "provider[\"registry.terraform.io/hashicorp/aws\"]",
      "instances": [
        {
          "schema_version": 1,
          "attributes": {
            "actions_enabled": true,
            "alarm_actions": [
              "arn:aws:sns:us-east-1:591222106065:multimodal-lib-prod-startup-alerts",
              "arn:aws:sns:us-east-1:591222106065:multimodal-lib-prod-warning-alerts"
            ],
            "alarm_description": "High fallback response usage indicating degraded service",
            "alarm_name": "multimodal-lib-prod-high-fallback-usage",
            "arn": "arn:aws:cloudwatch:us-east-1:591222106065:alarm:multimodal-lib-prod-high-fallback-usage",
            "comparison_operator": "GreaterThanThreshold",
            "datapoints_to_alarm": 0,
            "dimensions": null,
            "evaluate_low_sample_count_percentiles": "",
            "evaluation_periods": 3,
            "extended_statistic": "",
            "id": "multimodal-lib-prod-high-fallback-usage",
            "insufficient_data_actions": null,
            "metric_name": "FallbackResponseCount",
            "metric_query": [],
            "namespace": "MultimodalLibrarian/prod/Startup",
            "ok_actions": [
              "arn:aws:sns:us-east-1:591222106065:multimodal-lib-prod-info-alerts"
            ],
            "period": 300,
            "statistic": "Sum",
            "tags": {
              "Component": "UserExperience",
              "CostCenter": "engineering",
              "CreatedBy": "aws-production-deployment-spec",
              "Environment": "prod",
              "ManagedBy": "terraform",
              "Owner": "platform-team",
              "Project": "multimodal-lib",
              "Severity": "Medium"
            },
            "tags_all": {
              "Component": "UserExperience",
              "CostCenter": "engineering",
              "CreatedBy": "aws-production-deployment-spec",
              "Environment": "prod",
              "ManagedBy": "terraform",
              "Owner": "platform-team",
              "Project": "multimodal-lib",
              "Severity": "Medium"
            },
            "threshold": 50,
            "threshold_metric_id": "",
            "treat_missing_data": "notBreaching",
            "unit": ""
          },
          "sensitive_attributes": [],
          "private": "eyJzY2hlbWFfdmVyc2lvbiI6IjEifQ==",
          "dependencies": [
            "module.monitoring.aws_sns_topic.info_alerts",
            "module.monitoring.aws_sns_topic.startup_alerts",
            "module.monitoring.aws_sns_topic.warning_alerts",
            "module.security.aws_kms_key.main"
          ]
        }
      ]
    },
    {
      "module": "module.monitoring",
      "mode": "managed",
      "type": "aws_cloudwatch_metric_alarm",
      "name": "low_cache_hit_rate",
      "provider": "provider[\"registry.terraform.io/hashicorp/aws\"]",
      "instances": [
        {
          "schema_version": 1,
          "attributes": {
            "actions_enabled": true,
            "alarm_actions": [
              "arn:aws:sns:us-east-1:591222106065:multimodal-lib-prod-startup-alerts",
              "arn:aws:sns:us-east-1:591222106065:multimodal-lib-prod-warning-alerts"
            ],
            "alarm_description": "Model cache hit rate below 50%",
            "alarm_name": "multimodal-lib-prod-low-cache-hit-rate",
            "arn": "arn:aws:cloudwatch:us-east-1:591222106065:alarm:multimodal-lib-prod-low-cache-hit-rate",
            "comparison_operator": "LessThanThreshold",
            "datapoints_to_alarm": 0,
            "dimensions": null,
            "evaluate_low_sample_count_percentiles": "",
            "evaluation_periods": 3,
            "extended_statistic": "",
            "id": "multimodal-lib-prod-low-cache-hit-rate",
            "insufficient_data_actions": null,
            "metric_name": "",
            "metric_query": [
              {
                "account_id": "",
                "expression": "",
                "id": "hits",
                "label": "",
                "metric": [
                  {
                    "dimensions": null,
                    "metric_name": "ModelCacheHitCount",
                    "namespace": "MultimodalLibrarian/prod/Startup",
                    "period": 300,
                    "stat": "Sum",
                    "unit": ""
                  }
                ],
                "period": null,
                "return_data": false
              },
              {
                "account_id": "",
                "expression": "",
                "id": "misses",
                "label": "",
                "metric": [
                  {
                    "dimensions": null,
                    "metric_name": "ModelCacheMissCount",
                    "namespace": "MultimodalLibrarian/prod/Startup",
                    "period": 300,
                    "stat": "Sum",
                    "unit": ""
                  }
                ],
                "period": null,
                "return_data": false
              },
              {
                "account_id": "",
                "expression": "(hits / (hits + misses)) * 100",
                "id": "cache_hit_rate",
                "label": "Cache Hit Rate Percentage",
                "metric": [],
                "period": null,
                "return_data": true
              }
            ],
            "namespace": "",
            "ok_actions": [
              "arn:aws:sns:us-east-1:591222106065:multimodal-lib-prod-info-alerts"
            ],
            "period": 0,
            "statistic": "",
            "tags": {
              "Component": "CachePerformance",
              "CostCenter": "engineering",
              "CreatedBy": "aws-production-deployment-spec",
              "Environment": "prod",
              "ManagedBy": "terraform",
              "Owner": "platform-team",
              "Project": "multimodal-lib",
              "Severity": "Medium"
            },
            "tags_all": {
              "Component": "CachePerformance",
              "CostCenter": "engineering",
              "CreatedBy": "aws-production-deployment-spec",
              "Environment": "prod",
              "ManagedBy": "terraform",
              "Owner": "platform-team",
              "Project": "multimodal-lib",
              "Severity": "Medium"
            },
            "threshold": 50,
            "threshold_metric_id": "",
            "treat_missing_data": "notBreaching",
            "unit": ""
          },
          "sensitive_attributes": [],
          "private": "eyJzY2hlbWFfdmVyc2lvbiI6IjEifQ==",
          "dependencies": [
            "module.monitoring.aws_sns_topic.info_alerts",
            "module.monitoring.aws_sns_topic.startup_alerts",
            "module.monitoring.aws_sns_topic.warning_alerts",
            "module.security.aws_kms_key.main"
          ]
        }
      ]
    },
    {
      "module": "module.monitoring",
      "mode": "managed",
      "type": "aws_cloudwatch_metric_alarm",
      "name": "minimal_phase_timeout",
      "provider": "provider[\"registry.terraform.io/hashicorp/aws\"]",
      "instances": [
        {
          "schema_version": 1,
          "attributes": {
            "actions_enabled": true,
            "alarm_actions": [
              "arn:aws:sns:us-east-1:591222106065:multimodal-lib-prod-critical-alerts",
              "arn:aws:sns:us-east-1:591222106065:multimodal-lib-prod-startup-alerts"
            ],
            "alarm_description": "Minimal startup phase taking longer than 60 seconds",
            "alarm_name": "multimodal-lib-prod-minimal-phase-timeout",
            "arn": "arn:aws:cloudwatch:us-east-1:591222106065:alarm:multimodal-lib-prod-minimal-phase-timeout",
            "comparison_operator": "GreaterThanThreshold",
            "datapoints_to_alarm": 0,
            "dimensions": null,
            "evaluate_low_sample_count_percentiles": "",
            "evaluation_periods": 1,
            "extended_statistic": "",
            "id": "multimodal-lib-prod-minimal-phase-timeout",
            "insufficient_data_actions": null,
            "metric_name": "MinimalPhaseCompletionTime",
            "metric_query": [],
            "namespace": "MultimodalLibrarian/prod/Startup",
            "ok_actions": [
              "arn:aws:sns:us-east-1:591222106065:multimodal-lib-prod-info-alerts"
            ],
            "period": 60,
            "statistic": "Maximum",
            "tags": {
              "Component": "StartupPhase",
              "CostCenter": "engineering",
              "CreatedBy": "aws-production-deployment-spec",
              "Environment": "prod",
              "ManagedBy": "terraform",
              "Owner": "platform-team",
              "Phase": "Minimal",
              "Project": "multimodal-lib",
              "Severity": "High"
            },
            "tags_all": {
              "Component": "StartupPhase",
              "CostCenter": "engineering",
              "CreatedBy": "aws-production-deployment-spec",
              "Environment": "prod",
              "ManagedBy": "terraform",
              "Owner": "platform-team",
              "Phase": "Minimal",
              "Project": "multimodal-lib",
              "Severity": "High"
            },
            "threshold": 60,
            "threshold_metric_id": "",
            "treat_missing_data": "notBreaching",
            "unit": ""
          },
          "sensitive_attributes": [],
          "private": "eyJzY2hlbWFfdmVyc2lvbiI6IjEifQ==",
          "dependencies": [
            "module.monitoring.aws_sns_topic.critical_alerts",
            "module.monitoring.aws_sns_topic.info_alerts",
            "module.monitoring.aws_sns_topic.startup_alerts",
            "module.security.aws_kms_key.main"
          ]
        }
      ]
    },
    {
      "module": "module.monitoring",
      "mode": "managed",
      "type": "aws_cloudwatch_metric_alarm",
      "name": "model_loading_failures",
      "provider": "provider[\"registry.terraform.io/hashicorp/aws\"]",
      "instances": [
        {
          "schema_version": 1,
          "attributes": {
            "actions_enabled": true,
            "alarm_actions": [
              "arn:aws:sns:us-east-1:591222106065:multimodal-lib-prod-critical-alerts",
              "arn:aws:sns:us-east-1:591222106065:multimodal-lib-prod-startup-alerts"
            ],
            "alarm_description": "Multiple model loading failures detected",
            "alarm_name": "multimodal-lib-prod-model-loading-failures",
            "arn": "arn:aws:cloudwatch:us-east-1:591222106065:alarm:multimodal-lib-prod-model-loading-failures",
            "comparison_operator": "GreaterThanThreshold",
            "datapoints_to_alarm": 0,
            "dimensions": null,
            "evaluate_low_sample_count_percentiles": "",
            "evaluation_periods": 1,
            "extended_statistic": "",
            "id": "multimodal-lib-prod-model-loading-failures",
            "insufficient_data_actions": null,
            "metric_name": "ModelLoadingFailureCount",
            "metric_query": [],
            "namespace": "MultimodalLibrarian/prod/Startup",
            "ok_actions": [
              "arn:aws:sns:us-east-1:591222106065:multimodal-lib-prod-info-alerts"
            ],
            "period": 300,
            "statistic": "Sum",
            "tags": {
              "Component": "ModelLoading",
              "CostCenter": "engineering",
              "CreatedBy": "aws-production-deployment-spec",
              "Environment": "prod",
              "ManagedBy": "terraform",
              "Owner": "platform-team",
              "Project": "multimodal-lib",
              "Severity": "Critical"
            },
            "tags_all": {
              "Component": "ModelLoading",
              "CostCenter": "engineering",
              "CreatedBy": "aws-production-deployment-spec",
              "Environment": "prod",
              "ManagedBy": "terraform",
              "Owner": "platform-team",
              "Project": "multimodal-lib",
              "Severity": "Critical"
            },
            "threshold": 2,
            "threshold_metric_id": "",
            "treat_missing_data": "notBreaching",
            "unit": ""
          },
          "sensitive_attributes": [],
          "private": "eyJzY2hlbWFfdmVyc2lvbiI6IjEifQ==",
          "dependencies": [
            "module.monitoring.aws_sns_topic.critical_alerts",
            "module.monitoring.aws_sns_topic.info_alerts",
            "module.monitoring.aws_sns_topic.startup_alerts",
            "module.security.aws_kms_key.main"
          ]
        }
      ]
    },
    {
      "module": "module.monitoring",
      "mode": "managed",
      "type": "aws_cloudwatch_metric_alarm",
      "name": "model_loading_slow",
      "provider": "provider[\"registry.terraform.io/hashicorp/aws\"]",
      "instances": [
        {
          "schema_version": 1,
          "attributes": {
            "actions_enabled": true,
            "alarm_actions": [
              "arn:aws:sns:us-east-1:591222106065:multimodal-lib-prod-startup-alerts",
              "arn:aws:sns:us-east-1:591222106065:multimodal-lib-prod-warning-alerts"
            ],
            "alarm_description": "Model loading taking longer than expected (\u003e3 minutes average)",
            "alarm_name": "multimodal-lib-prod-model-loading-slow",
            "arn": "arn:aws:cloudwatch:us-east-1:591222106065:alarm:multimodal-lib-prod-model-loading-slow",
            "comparison_operator": "GreaterThanThreshold",
            "datapoints_to_alarm": 0,
            "dimensions": null,
            "evaluate_low_sample_count_percentiles": "",
            "evaluation_periods": 2,
            "extended_statistic": "",
            "id": "multimodal-lib-prod-model-loading-slow",
            "insufficient_data_actions": null,
            "metric_name": "ModelLoadingDuration",
            "metric_query": [],
            "namespace": "MultimodalLibrarian/prod/Startup",
            "ok_actions": [
              "arn:aws:sns:us-east-1:591222106065:multimodal-lib-prod-info-alerts"
            ],
            "period": 300,
            "statistic": "Average",
            "tags": {
              "Component": "ModelLoading",
              "CostCenter": "engineering",
              "CreatedBy": "aws-production-deployment-spec",
              "Environment": "prod",
              "ManagedBy": "terraform",
              "Owner": "platform-team",
              "Project": "multimodal-lib",
              "Severity": "Medium"
            },
            "tags_all": {
              "Component": "ModelLoading",
              "CostCenter": "engineering",
              "CreatedBy": "aws-production-deployment-spec",
              "Environment": "prod",
              "ManagedBy": "terraform",
              "Owner": "platform-team",
              "Project": "multimodal-lib",
              "Severity": "Medium"
            },
            "threshold": 180,
            "threshold_metric_id": "",
            "treat_missing_data": "notBreaching",
            "unit": ""
          },
          "sensitive_attributes": [],
          "private": "eyJzY2hlbWFfdmVyc2lvbiI6IjEifQ==",
          "dependencies": [
            "module.monitoring.aws_sns_topic.info_alerts",
            "module.monitoring.aws_sns_topic.startup_alerts",
            "module.monitoring.aws_sns_topic.warning_alerts",
            "module.security.aws_kms_key.main"
          ]
        }
      ]
    },
    {
      "module": "module.monitoring",
      "mode": "managed",
      "type": "aws_cloudwatch_metric_alarm",
      "name": "neptune_connections_high",
      "provider": "provider[\"registry.terraform.io/hashicorp/aws\"]",
      "instances": [
        {
          "schema_version": 1,
          "attributes": {
            "actions_enabled": true,
            "alarm_actions": [
              "arn:aws:sns:us-east-1:591222106065:multimodal-lib-prod-warning-alerts"
            ],
            "alarm_description": "This metric monitors Neptune database connections",
            "alarm_name": "multimodal-lib-prod-neptune-connections-high",
            "arn": "arn:aws:cloudwatch:us-east-1:591222106065:alarm:multimodal-lib-prod-neptune-connections-high",
            "comparison_operator": "GreaterThanThreshold",
            "datapoints_to_alarm": 0,
            "dimensions": {
              "DBClusterIdentifier": "multimodal-lib-prod-neptune"
            },
            "evaluate_low_sample_count_percentiles": "",
            "evaluation_periods": 2,
            "extended_statistic": "",
            "id": "multimodal-lib-prod-neptune-connections-high",
            "insufficient_data_actions": null,
            "metric_name": "DatabaseConnections",
            "metric_query": [],
            "namespace": "AWS/Neptune",
            "ok_actions": [
              "arn:aws:sns:us-east-1:591222106065:multimodal-lib-prod-info-alerts"
            ],
            "period": 300,
            "statistic": "Average",
            "tags": {
              "CostCenter": "engineering",
              "CreatedBy": "aws-production-deployment-spec",
              "Environment": "prod",
              "ManagedBy": "terraform",
              "Owner": "platform-team",
              "Project": "multimodal-lib"
            },
            "tags_all": {
              "CostCenter": "engineering",
              "CreatedBy": "aws-production-deployment-spec",
              "Environment": "prod",
              "ManagedBy": "terraform",
              "Owner": "platform-team",
              "Project": "multimodal-lib"
            },
            "threshold": 80,
            "threshold_metric_id": "",
            "treat_missing_data": "missing",
            "unit": ""
          },
          "sensitive_attributes": [],
          "private": "eyJzY2hlbWFfdmVyc2lvbiI6IjEifQ==",
          "dependencies": [
            "module.databases.aws_neptune_cluster.main",
            "module.monitoring.aws_sns_topic.info_alerts",
            "module.monitoring.aws_sns_topic.warning_alerts",
            "module.security.aws_kms_key.main"
          ]
        }
      ]
    },
    {
      "module": "module.monitoring",
      "mode": "managed",
      "type": "aws_cloudwatch_metric_alarm",
      "name": "neptune_cpu_high",
      "provider": "provider[\"registry.terraform.io/hashicorp/aws\"]",
      "instances": [
        {
          "schema_version": 1,
          "attributes": {
            "actions_enabled": true,
            "alarm_actions": [
              "arn:aws:sns:us-east-1:591222106065:multimodal-lib-prod-warning-alerts"
            ],
            "alarm_description": "This metric monitors Neptune CPU utilization",
            "alarm_name": "multimodal-lib-prod-neptune-cpu-high",
            "arn": "arn:aws:cloudwatch:us-east-1:591222106065:alarm:multimodal-lib-prod-neptune-cpu-high",
            "comparison_operator": "GreaterThanThreshold",
            "datapoints_to_alarm": 0,
            "dimensions": {
              "DBClusterIdentifier": "multimodal-lib-prod-neptune"
            },
            "evaluate_low_sample_count_percentiles": "",
            "evaluation_periods": 2,
            "extended_statistic": "",
            "id": "multimodal-lib-prod-neptune-cpu-high",
            "insufficient_data_actions": null,
            "metric_name": "CPUUtilization",
            "metric_query": [],
            "namespace": "AWS/Neptune",
            "ok_actions": [
              "arn:aws:sns:us-east-1:591222106065:multimodal-lib-prod-info-alerts"
            ],
            "period": 300,
            "statistic": "Average",
            "tags": {
              "CostCenter": "engineering",
              "CreatedBy": "aws-production-deployment-spec",
              "Environment": "prod",
              "ManagedBy": "terraform",
              "Owner": "platform-team",
              "Project": "multimodal-lib"
            },
            "tags_all": {
              "CostCenter": "engineering",
              "CreatedBy": "aws-production-deployment-spec",
              "Environment": "prod",
              "ManagedBy": "terraform",
              "Owner": "platform-team",
              "Project": "multimodal-lib"
            },
            "threshold": 80,
            "threshold_metric_id": "",
            "treat_missing_data": "missing",
            "unit": ""
          },
          "sensitive_attributes": [],
          "private": "eyJzY2hlbWFfdmVyc2lvbiI6IjEifQ==",
          "dependencies": [
            "module.databases.aws_neptune_cluster.main",
            "module.monitoring.aws_sns_topic.info_alerts",
            "module.monitoring.aws_sns_topic.warning_alerts",
            "module.security.aws_kms_key.main"
          ]
        }
      ]
    },
    {
      "module": "module.monitoring",
      "mode": "managed",
      "type": "aws_cloudwatch_metric_alarm",
      "name": "opensearch_cpu_high",
      "provider": "provider[\"registry.terraform.io/hashicorp/aws\"]",
      "instances": [
        {
          "schema_version": 1,
          "attributes": {
            "actions_enabled": true,
            "alarm_actions": [
              "arn:aws:sns:us-east-1:591222106065:multimodal-lib-prod-warning-alerts"
            ],
            "alarm_description": "This metric monitors OpenSearch CPU utilization",
            "alarm_name": "multimodal-lib-prod-opensearch-cpu-high",
            "arn": "arn:aws:cloudwatch:us-east-1:591222106065:alarm:multimodal-lib-prod-opensearch-cpu-high",
            "comparison_operator": "GreaterThanThreshold",
            "datapoints_to_alarm": 0,
            "dimensions": {
              "ClientId": "591222106065",
              "DomainName": "multimodal-lib-prod-search"
            },
            "evaluate_low_sample_count_percentiles": "",
            "evaluation_periods": 2,
            "extended_statistic": "",
            "id": "multimodal-lib-prod-opensearch-cpu-high",
            "insufficient_data_actions": null,
            "metric_name": "CPUUtilization",
            "metric_query": [],
            "namespace": "AWS/ES",
            "ok_actions": [
              "arn:aws:sns:us-east-1:591222106065:multimodal-lib-prod-info-alerts"
            ],
            "period": 300,
            "statistic": "Average",
            "tags": {
              "CostCenter": "engineering",
              "CreatedBy": "aws-production-deployment-spec",
              "Environment": "prod",
              "ManagedBy": "terraform",
              "Owner": "platform-team",
              "Project": "multimodal-lib"
            },
            "tags_all": {
              "CostCenter": "engineering",
              "CreatedBy": "aws-production-deployment-spec",
              "Environment": "prod",
              "ManagedBy": "terraform",
              "Owner": "platform-team",
              "Project": "multimodal-lib"
            },
            "threshold": 80,
            "threshold_metric_id": "",
            "treat_missing_data": "missing",
            "unit": ""
          },
          "sensitive_attributes": [],
          "private": "eyJzY2hlbWFfdmVyc2lvbiI6IjEifQ==",
          "dependencies": [
            "module.databases.aws_cloudwatch_log_group.opensearch_es_application",
            "module.databases.aws_cloudwatch_log_group.opensearch_index_slow",
            "module.databases.aws_cloudwatch_log_group.opensearch_search_slow",
            "module.databases.aws_cloudwatch_log_resource_policy.opensearch_es_application",
            "module.databases.aws_cloudwatch_log_resource_policy.opensearch_index_slow",
            "module.databases.aws_cloudwatch_log_resource_policy.opensearch_search_slow",
            "module.databases.aws_opensearch_domain.main",
            "module.monitoring.aws_sns_topic.info_alerts",
            "module.monitoring.aws_sns_topic.warning_alerts",
            "module.monitoring.data.aws_caller_identity.current",
            "module.security.aws_kms_key.main",
            "module.security.aws_security_group.alb",
            "module.security.aws_security_group.ecs",
            "module.security.aws_security_group.neptune",
            "module.security.aws_security_group.opensearch",
            "module.vpc.aws_subnet.private",
            "module.vpc.aws_vpc.main",
            "random_password.opensearch_password"
          ]
        }
      ]
    },
    {
      "module": "module.monitoring",
      "mode": "managed",
      "type": "aws_cloudwatch_metric_alarm",
      "name": "opensearch_storage_high",
      "provider": "provider[\"registry.terraform.io/hashicorp/aws\"]",
      "instances": [
        {
          "schema_version": 1,
          "attributes": {
            "actions_enabled": true,
            "alarm_actions": [
              "arn:aws:sns:us-east-1:591222106065:multimodal-lib-prod-critical-alerts"
            ],
            "alarm_description": "This metric monitors OpenSearch storage utilization",
            "alarm_name": "multimodal-lib-prod-opensearch-storage-high",
            "arn": "arn:aws:cloudwatch:us-east-1:591222106065:alarm:multimodal-lib-prod-opensearch-storage-high",
            "comparison_operator": "GreaterThanThreshold",
            "datapoints_to_alarm": 0,
            "dimensions": {
              "ClientId": "591222106065",
              "DomainName": "multimodal-lib-prod-search"
            },
            "evaluate_low_sample_count_percentiles": "",
            "evaluation_periods": 1,
            "extended_statistic": "",
            "id": "multimodal-lib-prod-opensearch-storage-high",
            "insufficient_data_actions": null,
            "metric_name": "StorageUtilization",
            "metric_query": [],
            "namespace": "AWS/ES",
            "ok_actions": [
              "arn:aws:sns:us-east-1:591222106065:multimodal-lib-prod-info-alerts"
            ],
            "period": 300,
            "statistic": "Maximum",
            "tags": {
              "CostCenter": "engineering",
              "CreatedBy": "aws-production-deployment-spec",
              "Environment": "prod",
              "ManagedBy": "terraform",
              "Owner": "platform-team",
              "Project": "multimodal-lib"
            },
            "tags_all": {
              "CostCenter": "engineering",
              "CreatedBy": "aws-production-deployment-spec",
              "Environment": "prod",
              "ManagedBy": "terraform",
              "Owner": "platform-team",
              "Project": "multimodal-lib"
            },
            "threshold": 85,
            "threshold_metric_id": "",
            "treat_missing_data": "missing",
            "unit": ""
          },
          "sensitive_attributes": [],
          "private": "eyJzY2hlbWFfdmVyc2lvbiI6IjEifQ==",
          "dependencies": [
            "module.databases.aws_cloudwatch_log_group.opensearch_es_application",
            "module.databases.aws_cloudwatch_log_group.opensearch_index_slow",
            "module.databases.aws_cloudwatch_log_group.opensearch_search_slow",
            "module.databases.aws_cloudwatch_log_resource_policy.opensearch_es_application",
            "module.databases.aws_cloudwatch_log_resource_policy.opensearch_index_slow",
            "module.databases.aws_cloudwatch_log_resource_policy.opensearch_search_slow",
            "module.databases.aws_opensearch_domain.main",
            "module.monitoring.aws_sns_topic.critical_alerts",
            "module.monitoring.aws_sns_topic.info_alerts",
            "module.monitoring.data.aws_caller_identity.current",
            "module.security.aws_kms_key.main",
            "module.security.aws_security_group.alb",
            "module.security.aws_security_group.ecs",
            "module.security.aws_security_group.neptune",
            "module.security.aws_security_group.opensearch",
            "module.vpc.aws_subnet.private",
            "module.vpc.aws_vpc.main",
            "random_password.opensearch_password"
          ]
        }
      ]
    },
    {
      "module": "module.monitoring",
      "mode": "managed",
      "type": "aws_cloudwatch_metric_alarm",
      "name": "user_wait_time_high",
      "provider": "provider[\"registry.terraform.io/hashicorp/aws\"]",
      "instances": [
        {
          "schema_version": 1,
          "attributes": {
            "actions_enabled": true,
            "alarm_actions": [
              "arn:aws:sns:us-east-1:591222106065:multimodal-lib-prod-startup-alerts",
              "arn:aws:sns:us-east-1:591222106065:multimodal-lib-prod-warning-alerts"
            ],
            "alarm_description": "User wait times exceeding 30 seconds on average",
            "alarm_name": "multimodal-lib-prod-user-wait-time-high",
            "arn": "arn:aws:cloudwatch:us-east-1:591222106065:alarm:multimodal-lib-prod-user-wait-time-high",
            "comparison_operator": "GreaterThanThreshold",
            "datapoints_to_alarm": 0,
            "dimensions": null,
            "evaluate_low_sample_count_percentiles": "",
            "evaluation_periods": 2,
            "extended_statistic": "",
            "id": "multimodal-lib-prod-user-wait-time-high",
            "insufficient_data_actions": null,
            "metric_name": "UserWaitTime",
            "metric_query": [],
            "namespace": "MultimodalLibrarian/prod/Startup",
            "ok_actions": [
              "arn:aws:sns:us-east-1:591222106065:multimodal-lib-prod-info-alerts"
            ],
            "period": 300,
            "statistic": "Average",
            "tags": {
              "Component": "UserExperience",
              "CostCenter": "engineering",
              "CreatedBy": "aws-production-deployment-spec",
              "Environment": "prod",
              "ManagedBy": "terraform",
              "Owner": "platform-team",
              "Project": "multimodal-lib",
              "Severity": "Medium"
            },
            "tags_all": {
              "Component": "UserExperience",
              "CostCenter": "engineering",
              "CreatedBy": "aws-production-deployment-spec",
              "Environment": "prod",
              "ManagedBy": "terraform",
              "Owner": "platform-team",
              "Project": "multimodal-lib",
              "Severity": "Medium"
            },
            "threshold": 30000,
            "threshold_metric_id": "",
            "treat_missing_data": "notBreaching",
            "unit": ""
          },
          "sensitive_attributes": [],
          "private": "eyJzY2hlbWFfdmVyc2lvbiI6IjEifQ==",
          "dependencies": [
            "module.monitoring.aws_sns_topic.info_alerts",
            "module.monitoring.aws_sns_topic.startup_alerts",
            "module.monitoring.aws_sns_topic.warning_alerts",
            "module.security.aws_kms_key.main"
          ]
        }
      ]
    },
    {
      "module": "module.monitoring",
      "mode": "managed",
      "type": "aws_cloudwatch_metric_alarm",
      "name": "user_wait_time_p95_high",
      "provider": "provider[\"registry.terraform.io/hashicorp/aws\"]",
      "instances": [
        {
          "schema_version": 1,
          "attributes": {
            "actions_enabled": true,
            "alarm_actions": [
              "arn:aws:sns:us-east-1:591222106065:multimodal-lib-prod-critical-alerts",
              "arn:aws:sns:us-east-1:591222106065:multimodal-lib-prod-startup-alerts"
            ],
            "alarm_description": "P95 user wait times exceeding 60 seconds",
            "alarm_name": "multimodal-lib-prod-user-wait-time-p95-high",
            "arn": "arn:aws:cloudwatch:us-east-1:591222106065:alarm:multimodal-lib-prod-user-wait-time-p95-high",
            "comparison_operator": "GreaterThanThreshold",
            "datapoints_to_alarm": 0,
            "dimensions": null,
            "evaluate_low_sample_count_percentiles": "",
            "evaluation_periods": 2,
            "extended_statistic": "p95",
            "id": "multimodal-lib-prod-user-wait-time-p95-high",
            "insufficient_data_actions": null,
            "metric_name": "UserWaitTime",
            "metric_query": [],
            "namespace": "MultimodalLibrarian/prod/Startup",
            "ok_actions": [
              "arn:aws:sns:us-east-1:591222106065:multimodal-lib-prod-info-alerts"
            ],
            "period": 300,
            "statistic": "",
            "tags": {
              "Component": "UserExperience",
              "CostCenter": "engineering",
              "CreatedBy": "aws-production-deployment-spec",
              "Environment": "prod",
              "ManagedBy": "terraform",
              "Owner": "platform-team",
              "Project": "multimodal-lib",
              "Severity": "High"
            },
            "tags_all": {
              "Component": "UserExperience",
              "CostCenter": "engineering",
              "CreatedBy": "aws-production-deployment-spec",
              "Environment": "prod",
              "ManagedBy": "terraform",
              "Owner": "platform-team",
              "Project": "multimodal-lib",
              "Severity": "High"
            },
            "threshold": 60000,
            "threshold_metric_id": "",
            "treat_missing_data": "notBreaching",
            "unit": ""
          },
          "sensitive_attributes": [],
          "private": "eyJzY2hlbWFfdmVyc2lvbiI6IjEifQ==",
          "dependencies": [
            "module.monitoring.aws_sns_topic.critical_alerts",
            "module.monitoring.aws_sns_topic.info_alerts",
            "module.monitoring.aws_sns_topic.startup_alerts",
            "module.security.aws_kms_key.main"
          ]
        }
      ]
    },
    {
      "module": "module.monitoring",
      "mode": "managed",
      "type": "aws_cloudwatch_metric_alarm",
      "name": "waf_blocked_requests",
      "provider": "provider[\"registry.terraform.io/hashicorp/aws\"]",
      "instances": [
        {
          "index_key": 0,
          "schema_version": 1,
          "attributes": {
            "actions_enabled": true,
            "alarm_actions": [
              "arn:aws:sns:us-east-1:591222106065:multimodal-lib-prod-warning-alerts"
            ],
            "alarm_description": "This metric monitors WAF blocked requests indicating potential attacks",
            "alarm_name": "multimodal-lib-prod-waf-blocked-requests",
            "arn": "arn:aws:cloudwatch:us-east-1:591222106065:alarm:multimodal-lib-prod-waf-blocked-requests",
            "comparison_operator": "GreaterThanThreshold",
            "datapoints_to_alarm": 0,
            "dimensions": {
              "Region": "us-east-1",
              "Rule": "ALL",
              "WebACL": "df697187-7280-4208-83ee-0a843a81ee44"
            },
            "evaluate_low_sample_count_percentiles": "",
            "evaluation_periods": 2,
            "extended_statistic": "",
            "id": "multimodal-lib-prod-waf-blocked-requests",
            "insufficient_data_actions": null,
            "metric_name": "BlockedRequests",
            "metric_query": [],
            "namespace": "AWS/WAFV2",
            "ok_actions": [
              "arn:aws:sns:us-east-1:591222106065:multimodal-lib-prod-info-alerts"
            ],
            "period": 300,
            "statistic": "Sum",
            "tags": {
              "CostCenter": "engineering",
              "CreatedBy": "aws-production-deployment-spec",
              "Environment": "prod",
              "ManagedBy": "terraform",
              "Owner": "platform-team",
              "Project": "multimodal-lib"
            },
            "tags_all": {
              "CostCenter": "engineering",
              "CreatedBy": "aws-production-deployment-spec",
              "Environment": "prod",
              "ManagedBy": "terraform",
              "Owner": "platform-team",
              "Project": "multimodal-lib"
            },
            "threshold": 100,
            "threshold_metric_id": "",
            "treat_missing_data": "missing",
            "unit": ""
          },
          "sensitive_attributes": [],
          "private": "eyJzY2hlbWFfdmVyc2lvbiI6IjEifQ==",
          "dependencies": [
            "module.monitoring.aws_sns_topic.info_alerts",
            "module.monitoring.aws_sns_topic.warning_alerts",
            "module.security.aws_kms_key.main",
            "module.security.aws_wafv2_web_acl.main"
          ]
        }
      ]
    },
    {
      "module": "module.monitoring",
      "mode": "managed",
      "type": "aws_cloudwatch_query_definition",
      "name": "database_connection_analysis",
      "provider": "provider[\"registry.terraform.io/hashicorp/aws\"]",
      "instances": [
        {
          "schema_version": 0,
          "attributes": {
            "id": "a5fd8362-4c2e-473c-93db-bcf164c8186e",
            "log_group_names": [
              "/aws/application/multimodal-lib-prod"
            ],
            "name": "multimodal-lib-prod-database-connection-analysis",
            "query_definition_id": "a5fd8362-4c2e-473c-93db-bcf164c8186e",
            "query_string": "fields @timestamp, @message\n| filter @message like /database/ or @message like /connection/\n| stats count() by bin(5m)\n| sort @timestamp desc\n"
          },
          "sensitive_attributes": [],
          "private": "bnVsbA==",
          "dependencies": [
            "module.monitoring.aws_cloudwatch_log_group.application"
          ]
        }
      ]
    },
    {
      "module": "module.monitoring",
      "mode": "managed",
      "type": "aws_cloudwatch_query_definition",
      "name": "error_analysis",
      "provider": "provider[\"registry.terraform.io/hashicorp/aws\"]",
      "instances": [
        {
          "schema_version": 0,
          "attributes": {
            "id": "75d454b4-b248-483f-9a39-e6b4d462aaef",
            "log_group_names": [
              "/aws/application/multimodal-lib-prod"
            ],
            "name": "multimodal-lib-prod-error-analysis",
            "query_definition_id": "75d454b4-b248-483f-9a39-e6b4d462aaef",
            "query_string": "fields @timestamp, @message\n| filter @message like /ERROR/\n| stats count() by bin(5m)\n| sort @timestamp desc\n"
          },
          "sensitive_attributes": [],
          "private": "bnVsbA==",
          "dependencies": [
            "module.monitoring.aws_cloudwatch_log_group.application"
          ]
        }
      ]
    },
    {
      "module": "module.monitoring",
      "mode": "managed",
      "type": "aws_cloudwatch_query_definition",
      "name": "model_loading_analysis",
      "provider": "provider[\"registry.terraform.io/hashicorp/aws\"]",
      "instances": [
        {
          "schema_version": 0,
          "attributes": {
            "id": "76992cec-2801-4f18-9540-0be075bf626f",
            "log_group_names": [
              "/aws/application/multimodal-lib-prod"
            ],
            "name": "multimodal-lib-prod-model-loading-analysis",
            "query_definition_id": "76992cec-2801-4f18-9540-0be075bf626f",
            "query_string": "fields @timestamp, model_name, duration_seconds, cache_hit, memory_usage_mb\n| filter component = \"ModelManager\"\n| filter message like /Model loaded/\n| stats avg(duration_seconds) as avg_load_time, count(*) as load_count, sum(cache_hit) as cache_hits by model_name\n| sort avg_load_time desc\n"
          },
          "sensitive_attributes": [],
          "private": "bnVsbA==",
          "dependencies": [
            "module.monitoring.aws_cloudwatch_log_group.application"
          ]
        }
      ]
    },
    {
      "module": "module.monitoring",
      "mode": "managed",
      "type": "aws_cloudwatch_query_definition",
      "name": "performance_analysis",
      "provider": "provider[\"registry.terraform.io/hashicorp/aws\"]",
      "instances": [
        {
          "schema_version": 0,
          "attributes": {
            "id": "11a2eab7-0227-4e2d-a910-29cb9fbcea33",
            "log_group_names": [
              "/aws/application/multimodal-lib-prod"
            ],
            "name": "multimodal-lib-prod-performance-analysis",
            "query_definition_id": "11a2eab7-0227-4e2d-a910-29cb9fbcea33",
            "query_string": "fields @timestamp, @message\n| filter @message like /response_time/\n| parse @message /response_time: (?\u003cresponse_time\u003e\\d+)/\n| stats avg(response_time), max(response_time), min(response_time) by bin(5m)\n| sort @timestamp desc\n"
          },
          "sensitive_attributes": [],
          "private": "bnVsbA==",
          "dependencies": [
            "module.monitoring.aws_cloudwatch_log_group.application"
          ]
        }
      ]
    },
    {
      "module": "module.monitoring",
      "mode": "managed",
      "type": "aws_cloudwatch_query_definition",
      "name": "startup_errors",
      "provider": "provider[\"registry.terraform.io/hashicorp/aws\"]",
      "instances": [
        {
          "schema_version": 0,
          "attributes": {
            "id": "85645774-f581-47f9-8908-a08dcaa889ee",
            "log_group_names": [
              "/aws/application/multimodal-lib-prod"
            ],
            "name": "multimodal-lib-prod-startup-errors",
            "query_definition_id": "85645774-f581-47f9-8908-a08dcaa889ee",
            "query_string": "fields @timestamp, component, message, error_type\n| filter level = \"ERROR\"\n| filter component in [\"StartupPhaseManager\", \"ModelManager\", \"HealthCheck\", \"ModelCache\"]\n| stats count(*) as error_count by component, error_type\n| sort error_count desc\n"
          },
          "sensitive_attributes": [],
          "private": "bnVsbA==",
          "dependencies": [
            "module.monitoring.aws_cloudwatch_log_group.application"
          ]
        }
      ]
    },
    {
      "module": "module.monitoring",
      "mode": "managed",
      "type": "aws_cloudwatch_query_definition",
      "name": "startup_phase_analysis",
      "provider": "provider[\"registry.terraform.io/hashicorp/aws\"]",
      "instances": [
        {
          "schema_version": 0,
          "attributes": {
            "id": "6949c744-21ee-4ae0-af02-c15de0e6dec9",
            "log_group_names": [
              "/aws/application/multimodal-lib-prod"
            ],
            "name": "multimodal-lib-prod-startup-phase-analysis",
            "query_definition_id": "6949c744-21ee-4ae0-af02-c15de0e6dec9",
            "query_string": "fields @timestamp, phase, duration, status\n| filter component = \"StartupPhaseManager\"\n| filter message like /Phase transition/\n| stats avg(duration) as avg_duration, max(duration) as max_duration, min(duration) as min_duration by phase\n| sort phase asc\n"
          },
          "sensitive_attributes": [],
          "private": "bnVsbA==",
          "dependencies": [
            "module.monitoring.aws_cloudwatch_log_group.application"
          ]
        }
      ]
    },
    {
      "module": "module.monitoring",
      "mode": "managed",
      "type": "aws_cloudwatch_query_definition",
      "name": "user_experience_analysis",
      "provider": "provider[\"registry.terraform.io/hashicorp/aws\"]",
      "instances": [
        {
          "schema_version": 0,
          "attributes": {
            "id": "981e7ae3-a629-4368-8145-39a58479a522",
            "log_group_names": [
              "/aws/application/multimodal-lib-prod"
            ],
            "name": "multimodal-lib-prod-user-experience-analysis",
            "query_definition_id": "981e7ae3-a629-4368-8145-39a58479a522",
            "query_string": "fields @timestamp, wait_time_ms, fallback_used, startup_phase\n| filter component = \"UserWaitTracking\"\n| stats avg(wait_time_ms) as avg_wait, max(wait_time_ms) as max_wait, count(*) as request_count, sum(fallback_used) as fallback_count by startup_phase\n| sort startup_phase asc\n"
          },
          "sensitive_attributes": [],
          "private": "bnVsbA==",
          "dependencies": [
            "module.monitoring.aws_cloudwatch_log_group.application"
          ]
        }
      ]
    },
    {
      "module": "module.monitoring",
      "mode": "managed",
      "type": "aws_lambda_function",
      "name": "container_failure_monitor",
      "provider": "provider[\"registry.terraform.io/hashicorp/aws\"]",
      "instances": []
    },
    {
      "module": "module.monitoring",
      "mode": "managed",
      "type": "aws_lambda_permission",
      "name": "container_failure_monitor",
      "provider": "provider[\"registry.terraform.io/hashicorp/aws\"]",
      "instances": []
    },
    {
      "module": "module.monitoring",
      "mode": "managed",
      "type": "aws_sns_topic",
      "name": "critical_alerts",
      "provider": "provider[\"registry.terraform.io/hashicorp/aws\"]",
      "instances": [
        {
          "schema_version": 0,
          "attributes": {
            "application_failure_feedback_role_arn": "",
            "application_success_feedback_role_arn": "",
            "application_success_feedback_sample_rate": 0,
            "archive_policy": "",
            "arn": "arn:aws:sns:us-east-1:591222106065:multimodal-lib-prod-critical-alerts",
            "beginning_archive_time": "",
            "content_based_deduplication": false,
            "delivery_policy": "",
            "display_name": "",
            "fifo_throughput_scope": "",
            "fifo_topic": false,
            "firehose_failure_feedback_role_arn": "",
            "firehose_success_feedback_role_arn": "",
            "firehose_success_feedback_sample_rate": 0,
            "http_failure_feedback_role_arn": "",
            "http_success_feedback_role_arn": "",
            "http_success_feedback_sample_rate": 0,
            "id": "arn:aws:sns:us-east-1:591222106065:multimodal-lib-prod-critical-alerts",
            "kms_master_key_id": "arn:aws:kms:us-east-1:591222106065:key/3499b337-f818-47c9-93e1-455e92123752",
            "lambda_failure_feedback_role_arn": "",
            "lambda_success_feedback_role_arn": "",
            "lambda_success_feedback_sample_rate": 0,
            "name": "multimodal-lib-prod-critical-alerts",
            "name_prefix": "",
            "owner": "591222106065",
            "policy": "{\"Id\":\"__default_policy_ID\",\"Statement\":[{\"Action\":[\"SNS:GetTopicAttributes\",\"SNS:SetTopicAttributes\",\"SNS:AddPermission\",\"SNS:RemovePermission\",\"SNS:DeleteTopic\",\"SNS:Subscribe\",\"SNS:ListSubscriptionsByTopic\",\"SNS:Publish\"],\"Condition\":{\"StringEquals\":{\"AWS:SourceOwner\":\"591222106065\"}},\"Effect\":\"Allow\",\"Principal\":{\"AWS\":\"*\"},\"Resource\":\"arn:aws:sns:us-east-1:591222106065:multimodal-lib-prod-critical-alerts\",\"Sid\":\"__default_statement_ID\"}],\"Version\":\"2008-10-17\"}",
            "signature_version": 0,
            "sqs_failure_feedback_role_arn": "",
            "sqs_success_feedback_role_arn": "",
            "sqs_success_feedback_sample_rate": 0,
            "tags": {
              "CostCenter": "engineering",
              "CreatedBy": "aws-production-deployment-spec",
              "Environment": "prod",
              "ManagedBy": "terraform",
              "Owner": "platform-team",
              "Project": "multimodal-lib"
            },
            "tags_all": {
              "CostCenter": "engineering",
              "CreatedBy": "aws-production-deployment-spec",
              "Environment": "prod",
              "ManagedBy": "terraform",
              "Owner": "platform-team",
              "Project": "multimodal-lib"
            },
            "tracing_config": ""
          },
          "sensitive_attributes": [],
          "private": "bnVsbA==",
          "dependencies": [
            "module.security.aws_kms_key.main"
          ]
        }
      ]
    },
    {
      "module": "module.monitoring",
      "mode": "managed",
      "type": "aws_sns_topic",
      "name": "info_alerts",
      "provider": "provider[\"registry.terraform.io/hashicorp/aws\"]",
      "instances": [
        {
          "schema_version": 0,
          "attributes": {
            "application_failure_feedback_role_arn": "",
            "application_success_feedback_role_arn": "",
            "application_success_feedback_sample_rate": 0,
            "archive_policy": "",
            "arn": "arn:aws:sns:us-east-1:591222106065:multimodal-lib-prod-info-alerts",
            "beginning_archive_time": "",
            "content_based_deduplication": false,
            "delivery_policy": "",
            "display_name": "",
            "fifo_throughput_scope": "",
            "fifo_topic": false,
            "firehose_failure_feedback_role_arn": "",
            "firehose_success_feedback_role_arn": "",
            "firehose_success_feedback_sample_rate": 0,
            "http_failure_feedback_role_arn": "",
            "http_success_feedback_role_arn": "",
            "http_success_feedback_sample_rate": 0,
            "id": "arn:aws:sns:us-east-1:591222106065:multimodal-lib-prod-info-alerts",
            "kms_master_key_id": "arn:aws:kms:us-east-1:591222106065:key/3499b337-f818-47c9-93e1-455e92123752",
            "lambda_failure_feedback_role_arn": "",
            "lambda_success_feedback_role_arn": "",
            "lambda_success_feedback_sample_rate": 0,
            "name": "multimodal-lib-prod-info-alerts",
            "name_prefix": "",
            "owner": "591222106065",
            "policy": "{\"Id\":\"__default_policy_ID\",\"Statement\":[{\"Action\":[\"SNS:GetTopicAttributes\",\"SNS:SetTopicAttributes\",\"SNS:AddPermission\",\"SNS:RemovePermission\",\"SNS:DeleteTopic\",\"SNS:Subscribe\",\"SNS:ListSubscriptionsByTopic\",\"SNS:Publish\"],\"Condition\":{\"StringEquals\":{\"AWS:SourceOwner\":\"591222106065\"}},\"Effect\":\"Allow\",\"Principal\":{\"AWS\":\"*\"},\"Resource\":\"arn:aws:sns:us-east-1:591222106065:multimodal-lib-prod-info-alerts\",\"Sid\":\"__default_statement_ID\"}],\"Version\":\"2008-10-17\"}",
            "signature_version": 0,
            "sqs_failure_feedback_role_arn": "",
            "sqs_success_feedback_role_arn": "",
            "sqs_success_feedback_sample_rate": 0,
            "tags": {
              "CostCenter": "engineering",
              "CreatedBy": "aws-production-deployment-spec",
              "Environment": "prod",
              "ManagedBy": "terraform",
              "Owner": "platform-team",
              "Project": "multimodal-lib"
            },
            "tags_all": {
              "CostCenter": "engineering",
              "CreatedBy": "aws-production-deployment-spec",
              "Environment": "prod",
              "ManagedBy": "terraform",
              "Owner": "platform-team",
              "Project": "multimodal-lib"
            },
            "tracing_config": ""
          },
          "sensitive_attributes": [],
          "private": "bnVsbA==",
          "dependencies": [
            "module.security.aws_kms_key.main"
          ]
        }
      ]
    },
    {
      "module": "module.monitoring",
      "mode": "managed",
      "type": "aws_sns_topic",
      "name": "startup_alerts",
      "provider": "provider[\"registry.terraform.io/hashicorp/aws\"]",
      "instances": [
        {
          "schema_version": 0,
          "attributes": {
            "application_failure_feedback_role_arn": "",
            "application_success_feedback_role_arn": "",
            "application_success_feedback_sample_rate": 0,
            "archive_policy": "",
            "arn": "arn:aws:sns:us-east-1:591222106065:multimodal-lib-prod-startup-alerts",
            "beginning_archive_time": "",
            "content_based_deduplication": false,
            "delivery_policy": "",
            "display_name": "",
            "fifo_throughput_scope": "",
            "fifo_topic": false,
            "firehose_failure_feedback_role_arn": "",
            "firehose_success_feedback_role_arn": "",
            "firehose_success_feedback_sample_rate": 0,
            "http_failure_feedback_role_arn": "",
            "http_success_feedback_role_arn": "",
            "http_success_feedback_sample_rate": 0,
            "id": "arn:aws:sns:us-east-1:591222106065:multimodal-lib-prod-startup-alerts",
            "kms_master_key_id": "arn:aws:kms:us-east-1:591222106065:key/3499b337-f818-47c9-93e1-455e92123752",
            "lambda_failure_feedback_role_arn": "",
            "lambda_success_feedback_role_arn": "",
            "lambda_success_feedback_sample_rate": 0,
            "name": "multimodal-lib-prod-startup-alerts",
            "name_prefix": "",
            "owner": "591222106065",
            "policy": "{\"Id\":\"__default_policy_ID\",\"Statement\":[{\"Action\":[\"SNS:GetTopicAttributes\",\"SNS:SetTopicAttributes\",\"SNS:AddPermission\",\"SNS:RemovePermission\",\"SNS:DeleteTopic\",\"SNS:Subscribe\",\"SNS:ListSubscriptionsByTopic\",\"SNS:Publish\"],\"Condition\":{\"StringEquals\":{\"AWS:SourceOwner\":\"591222106065\"}},\"Effect\":\"Allow\",\"Principal\":{\"AWS\":\"*\"},\"Resource\":\"arn:aws:sns:us-east-1:591222106065:multimodal-lib-prod-startup-alerts\",\"Sid\":\"__default_statement_ID\"}],\"Version\":\"2008-10-17\"}",
            "signature_version": 0,
            "sqs_failure_feedback_role_arn": "",
            "sqs_success_feedback_role_arn": "",
            "sqs_success_feedback_sample_rate": 0,
            "tags": {
              "Component": "StartupMonitoring",
              "CostCenter": "engineering",
              "CreatedBy": "aws-production-deployment-spec",
              "Environment": "prod",
              "ManagedBy": "terraform",
              "Owner": "platform-team",
              "Project": "multimodal-lib",
              "Purpose": "StartupAlerts"
            },
            "tags_all": {
              "Component": "StartupMonitoring",
              "CostCenter": "engineering",
              "CreatedBy": "aws-production-deployment-spec",
              "Environment": "prod",
              "ManagedBy": "terraform",
              "Owner": "platform-team",
              "Project": "multimodal-lib",
              "Purpose": "StartupAlerts"
            },
            "tracing_config": ""
          },
          "sensitive_attributes": [],
          "private": "bnVsbA==",
          "dependencies": [
            "module.security.aws_kms_key.main"
          ]
        }
      ]
    },
    {
      "module": "module.monitoring",
      "mode": "managed",
      "type": "aws_sns_topic",
      "name": "warning_alerts",
      "provider": "provider[\"registry.terraform.io/hashicorp/aws\"]",
      "instances": [
        {
          "schema_version": 0,
          "attributes": {
            "application_failure_feedback_role_arn": "",
            "application_success_feedback_role_arn": "",
            "application_success_feedback_sample_rate": 0,
            "archive_policy": "",
            "arn": "arn:aws:sns:us-east-1:591222106065:multimodal-lib-prod-warning-alerts",
            "beginning_archive_time": "",
            "content_based_deduplication": false,
            "delivery_policy": "",
            "display_name": "",
            "fifo_throughput_scope": "",
            "fifo_topic": false,
            "firehose_failure_feedback_role_arn": "",
            "firehose_success_feedback_role_arn": "",
            "firehose_success_feedback_sample_rate": 0,
            "http_failure_feedback_role_arn": "",
            "http_success_feedback_role_arn": "",
            "http_success_feedback_sample_rate": 0,
            "id": "arn:aws:sns:us-east-1:591222106065:multimodal-lib-prod-warning-alerts",
            "kms_master_key_id": "arn:aws:kms:us-east-1:591222106065:key/3499b337-f818-47c9-93e1-455e92123752",
            "lambda_failure_feedback_role_arn": "",
            "lambda_success_feedback_role_arn": "",
            "lambda_success_feedback_sample_rate": 0,
            "name": "multimodal-lib-prod-warning-alerts",
            "name_prefix": "",
            "owner": "591222106065",
            "policy": "{\"Id\":\"__default_policy_ID\",\"Statement\":[{\"Action\":[\"SNS:GetTopicAttributes\",\"SNS:SetTopicAttributes\",\"SNS:AddPermission\",\"SNS:RemovePermission\",\"SNS:DeleteTopic\",\"SNS:Subscribe\",\"SNS:ListSubscriptionsByTopic\",\"SNS:Publish\"],\"Condition\":{\"StringEquals\":{\"AWS:SourceOwner\":\"591222106065\"}},\"Effect\":\"Allow\",\"Principal\":{\"AWS\":\"*\"},\"Resource\":\"arn:aws:sns:us-east-1:591222106065:multimodal-lib-prod-warning-alerts\",\"Sid\":\"__default_statement_ID\"}],\"Version\":\"2008-10-17\"}",
            "signature_version": 0,
            "sqs_failure_feedback_role_arn": "",
            "sqs_success_feedback_role_arn": "",
            "sqs_success_feedback_sample_rate": 0,
            "tags": {
              "CostCenter": "engineering",
              "CreatedBy": "aws-production-deployment-spec",
              "Environment": "prod",
              "ManagedBy": "terraform",
              "Owner": "platform-team",
              "Project": "multimodal-lib"
            },
            "tags_all": {
              "CostCenter": "engineering",
              "CreatedBy": "aws-production-deployment-spec",
              "Environment": "prod",
              "ManagedBy": "terraform",
              "Owner": "platform-team",
              "Project": "multimodal-lib"
            },
            "tracing_config": ""
          },
          "sensitive_attributes": [],
          "private": "bnVsbA==",
          "dependencies": [
            "module.security.aws_kms_key.main"
          ]
        }
      ]
    },
    {
      "module": "module.monitoring",
      "mode": "managed",
      "type": "aws_xray_sampling_rule",
      "name": "main",
      "provider": "provider[\"registry.terraform.io/hashicorp/aws\"]",
      "instances": [
        {
          "schema_version": 0,
          "attributes": {
            "arn": "arn:aws:xray:us-east-1:591222106065:sampling-rule/multimodal-lib-prod-xray-rule",
            "attributes": null,
            "fixed_rate": 0.1,
            "host": "*",
            "http_method": "*",
            "id": "multimodal-lib-prod-xray-rule",
            "priority": 9000,
            "reservoir_size": 1,
            "resource_arn": "*",
            "rule_name": "multimodal-lib-prod-xray-rule",
            "service_name": "*",
            "service_type": "*",
            "tags": {
              "CostCenter": "engineering",
              "CreatedBy": "aws-production-deployment-spec",
              "Environment": "prod",
              "ManagedBy": "terraform",
              "Owner": "platform-team",
              "Project": "multimodal-lib"
            },
            "tags_all": {
              "CostCenter": "engineering",
              "CreatedBy": "aws-production-deployment-spec",
              "Environment": "prod",
              "ManagedBy": "terraform",
              "Owner": "platform-team",
              "Project": "multimodal-lib"
            },
            "url_path": "*",
            "version": 1
          },
          "sensitive_attributes": [],
          "private": "bnVsbA=="
        }
      ]
    },
    {
      "module": "module.security",
      "mode": "data",
      "type": "aws_caller_identity",
      "name": "current",
      "provider": "provider[\"registry.terraform.io/hashicorp/aws\"]",
      "instances": [
        {
          "schema_version": 0,
          "attributes": {
            "account_id": "591222106065",
            "arn": "arn:aws:iam::591222106065:root",
            "id": "591222106065",
            "user_id": "591222106065"
          },
          "sensitive_attributes": []
        }
      ]
    },
    {
      "module": "module.security",
      "mode": "data",
      "type": "aws_region",
      "name": "current",
      "provider": "provider[\"registry.terraform.io/hashicorp/aws\"]",
      "instances": [
        {
          "schema_version": 0,
          "attributes": {
            "description": "US East (N. Virginia)",
            "endpoint": "ec2.us-east-1.amazonaws.com",
            "id": "us-east-1",
            "name": "us-east-1"
          },
          "sensitive_attributes": []
        }
      ]
    },
    {
      "module": "module.security",
      "mode": "managed",
      "type": "aws_cloudwatch_log_group",
      "name": "waf",
      "provider": "provider[\"registry.terraform.io/hashicorp/aws\"]",
      "instances": [
        {
          "index_key": 0,
          "schema_version": 0,
          "attributes": {
            "arn": "arn:aws:logs:us-east-1:591222106065:log-group:/aws/wafv2/multimodal-lib-prod",
            "id": "/aws/wafv2/multimodal-lib-prod",
            "kms_key_id": "",
            "log_group_class": "STANDARD",
            "name": "/aws/wafv2/multimodal-lib-prod",
            "name_prefix": "",
            "retention_in_days": 30,
            "skip_destroy": false,
            "tags": {
              "CostCenter": "engineering",
              "CreatedBy": "aws-production-deployment-spec",
              "Environment": "prod",
              "ManagedBy": "terraform",
              "Owner": "platform-team",
              "Project": "multimodal-lib"
            },
            "tags_all": {
              "CostCenter": "engineering",
              "CreatedBy": "aws-production-deployment-spec",
              "Environment": "prod",
              "ManagedBy": "terraform",
              "Owner": "platform-team",
              "Project": "multimodal-lib"
            }
          },
          "sensitive_attributes": [],
          "private": "bnVsbA=="
        }
      ]
    },
    {
      "module": "module.security",
      "mode": "managed",
      "type": "aws_config_configuration_recorder",
      "name": "main",
      "provider": "provider[\"registry.terraform.io/hashicorp/aws\"]",
      "instances": [
        {
          "index_key": 0,
          "schema_version": 0,
          "attributes": {
            "id": "multimodal-lib-prod-config-recorder",
            "name": "multimodal-lib-prod-config-recorder",
            "recording_group": [
              {
                "all_supported": true,
                "exclusion_by_resource_types": [
                  {
                    "resource_types": []
                  }
                ],
                "include_global_resource_types": true,
                "recording_strategy": [
                  {
                    "use_only": "ALL_SUPPORTED_RESOURCE_TYPES"
                  }
                ],
                "resource_types": null
              }
            ],
            "recording_mode": [
              {
                "recording_frequency": "CONTINUOUS",
                "recording_mode_override": []
              }
            ],
            "role_arn": "arn:aws:iam::591222106065:role/multimodal-lib-prod-config-role"
          },
          "sensitive_attributes": [],
          "private": "bnVsbA==",
          "dependencies": [
            "module.security.aws_config_delivery_channel.main",
            "module.security.aws_iam_role.config"
          ]
        }
      ]
    },
    {
      "module": "module.security",
      "mode": "managed",
      "type": "aws_config_delivery_channel",
      "name": "main",
      "provider": "provider[\"registry.terraform.io/hashicorp/aws\"]",
      "instances": []
    },
    {
      "module": "module.security",
      "mode": "managed",
      "type": "aws_guardduty_detector",
      "name": "main",
      "provider": "provider[\"registry.terraform.io/hashicorp/aws\"]",
      "instances": [
        {
          "index_key": 0,
          "schema_version": 0,
          "attributes": {
            "account_id": "591222106065",
            "arn": "arn:aws:guardduty:us-east-1:591222106065:detector/4a5b727cde9c4d89a1215e08fe235d69",
            "datasources": [
              {
                "kubernetes": [
                  {
                    "audit_logs": [
                      {
                        "enable": false
                      }
                    ]
                  }
                ],
                "malware_protection": [
                  {
                    "scan_ec2_instance_with_findings": [
                      {
                        "ebs_volumes": [
                          {
                            "enable": true
                          }
                        ]
                      }
                    ]
                  }
                ],
                "s3_logs": [
                  {
                    "enable": true
                  }
                ]
              }
            ],
            "enable": true,
            "finding_publishing_frequency": "FIFTEEN_MINUTES",
            "id": "4a5b727cde9c4d89a1215e08fe235d69",
            "tags": {
              "CostCenter": "engineering",
              "CreatedBy": "aws-production-deployment-spec",
              "Environment": "prod",
              "ManagedBy": "terraform",
              "Name": "multimodal-lib-prod-guardduty",
              "Owner": "platform-team",
              "Project": "multimodal-lib"
            },
            "tags_all": {
              "CostCenter": "engineering",
              "CreatedBy": "aws-production-deployment-spec",
              "Environment": "prod",
              "ManagedBy": "terraform",
              "Name": "multimodal-lib-prod-guardduty",
              "Owner": "platform-team",
              "Project": "multimodal-lib"
            }
          },
          "sensitive_attributes": [],
          "private": "bnVsbA=="
        }
      ]
    },
    {
      "module": "module.security",
      "mode": "managed",
      "type": "aws_iam_role",
      "name": "config",
      "provider": "provider[\"registry.terraform.io/hashicorp/aws\"]",
      "instances": [
        {
          "index_key": 0,
          "schema_version": 0,
          "attributes": {
            "arn": "arn:aws:iam::591222106065:role/multimodal-lib-prod-config-role",
            "assume_role_policy": "{\"Statement\":[{\"Action\":\"sts:AssumeRole\",\"Effect\":\"Allow\",\"Principal\":{\"Service\":\"config.amazonaws.com\"}}],\"Version\":\"2012-10-17\"}",
            "create_date": "2026-01-22T08:09:31Z",
            "description": "",
            "force_detach_policies": false,
            "id": "multimodal-lib-prod-config-role",
            "inline_policy": [],
            "managed_policy_arns": [],
            "max_session_duration": 3600,
            "name": "multimodal-lib-prod-config-role",
            "name_prefix": "",
            "path": "/",
            "permissions_boundary": "",
            "tags": {
              "CostCenter": "engineering",
              "CreatedBy": "aws-production-deployment-spec",
              "Environment": "prod",
              "ManagedBy": "terraform",
              "Owner": "platform-team",
              "Project": "multimodal-lib"
            },
            "tags_all": {
              "CostCenter": "engineering",
              "CreatedBy": "aws-production-deployment-spec",
              "Environment": "prod",
              "ManagedBy": "terraform",
              "Owner": "platform-team",
              "Project": "multimodal-lib"
            },
            "unique_id": "AROAYTJ4VM7IWOCVUWLVK"
          },
          "sensitive_attributes": [],
          "private": "bnVsbA=="
        }
      ]
    },
    {
      "module": "module.security",
      "mode": "managed",
      "type": "aws_iam_role",
      "name": "ecs_task",
      "provider": "provider[\"registry.terraform.io/hashicorp/aws\"]",
      "instances": [
        {
          "schema_version": 0,
          "attributes": {
            "arn": "arn:aws:iam::591222106065:role/multimodal-lib-prod-ecs-task-role",
            "assume_role_policy": "{\"Statement\":[{\"Action\":\"sts:AssumeRole\",\"Effect\":\"Allow\",\"Principal\":{\"Service\":\"ecs-tasks.amazonaws.com\"}}],\"Version\":\"2012-10-17\"}",
            "create_date": "2026-01-08T01:43:50Z",
            "description": "",
            "force_detach_policies": false,
            "id": "multimodal-lib-prod-ecs-task-role",
            "inline_policy": [],
            "managed_policy_arns": [],
            "max_session_duration": 3600,
            "name": "multimodal-lib-prod-ecs-task-role",
            "name_prefix": "",
            "path": "/",
            "permissions_boundary": "",
            "tags": {
              "CostCenter": "engineering",
              "CreatedBy": "aws-production-deployment-spec",
              "Environment": "prod",
              "ManagedBy": "terraform",
              "Owner": "platform-team",
              "Project": "multimodal-lib"
            },
            "tags_all": {
              "CostCenter": "engineering",
              "CreatedBy": "aws-production-deployment-spec",
              "Environment": "prod",
              "ManagedBy": "terraform",
              "Owner": "platform-team",
              "Project": "multimodal-lib"
            },
            "unique_id": "AROAYTJ4VM7IVTW4KPDGV"
          },
          "sensitive_attributes": [],
          "private": "bnVsbA=="
        }
      ]
    },
    {
      "module": "module.security",
      "mode": "managed",
      "type": "aws_iam_role",
      "name": "ecs_task_execution",
      "provider": "provider[\"registry.terraform.io/hashicorp/aws\"]",
      "instances": [
        {
          "schema_version": 0,
          "attributes": {
            "arn": "arn:aws:iam::591222106065:role/multimodal-lib-prod-ecs-task-execution-role",
            "assume_role_policy": "{\"Statement\":[{\"Action\":\"sts:AssumeRole\",\"Effect\":\"Allow\",\"Principal\":{\"Service\":\"ecs-tasks.amazonaws.com\"}}],\"Version\":\"2012-10-17\"}",
            "create_date": "2026-01-08T01:43:50Z",
            "description": "",
            "force_detach_policies": false,
            "id": "multimodal-lib-prod-ecs-task-execution-role",
            "inline_policy": [],
            "managed_policy_arns": [],
            "max_session_duration": 3600,
            "name": "multimodal-lib-prod-ecs-task-execution-role",
            "name_prefix": "",
            "path": "/",
            "permissions_boundary": "",
            "tags": {
              "CostCenter": "engineering",
              "CreatedBy": "aws-production-deployment-spec",
              "Environment": "prod",
              "ManagedBy": "terraform",
              "Owner": "platform-team",
              "Project": "multimodal-lib"
            },
            "tags_all": {
              "CostCenter": "engineering",
              "CreatedBy": "aws-production-deployment-spec",
              "Environment": "prod",
              "ManagedBy": "terraform",
              "Owner": "platform-team",
              "Project": "multimodal-lib"
            },
            "unique_id": "AROAYTJ4VM7I5GKJHSVBE"
          },
          "sensitive_attributes": [],
          "private": "bnVsbA=="
        }
      ]
    },
    {
      "module": "module.security",
      "mode": "managed",
      "type": "aws_iam_role_policy",
      "name": "ecs_task_efs",
      "provider": "provider[\"registry.terraform.io/hashicorp/aws\"]",
      "instances": [
        {
          "schema_version": 0,
          "attributes": {
            "id": "multimodal-lib-prod-ecs-task-role:multimodal-lib-prod-ecs-task-efs-policy",
            "name": "multimodal-lib-prod-ecs-task-efs-policy",
            "name_prefix": "",
            "policy": "{\"Version\":\"2012-10-17\",\"Statement\":[{\"Action\":[\"elasticfilesystem:ClientMount\",\"elasticfilesystem:ClientWrite\",\"elasticfilesystem:ClientRootAccess\",\"elasticfilesystem:DescribeFileSystems\",\"elasticfilesystem:DescribeMountTargets\"],\"Effect\":\"Allow\",\"Resource\":\"*\"}]}",
            "role": "multimodal-lib-prod-ecs-task-role"
          },
          "sensitive_attributes": [],
          "private": "bnVsbA==",
          "dependencies": [
            "module.security.aws_iam_role.ecs_task"
          ]
        }
      ]
    },
    {
      "module": "module.security",
      "mode": "managed",
      "type": "aws_iam_role_policy",
      "name": "ecs_task_execution_secrets",
      "provider": "provider[\"registry.terraform.io/hashicorp/aws\"]",
      "instances": [
        {
          "schema_version": 0,
          "attributes": {
            "id": "multimodal-lib-prod-ecs-task-execution-role:multimodal-lib-prod-ecs-task-execution-secrets-policy",
            "name": "multimodal-lib-prod-ecs-task-execution-secrets-policy",
            "name_prefix": "",
            "policy": "{\"Version\":\"2012-10-17\",\"Statement\":[{\"Action\":[\"secretsmanager:GetSecretValue\",\"secretsmanager:DescribeSecret\"],\"Effect\":\"Allow\",\"Resource\":[\"arn:aws:secretsmanager:*:591222106065:secret:multimodal-lib-prod/*\"]},{\"Action\":[\"kms:Decrypt\",\"kms:DescribeKey\"],\"Effect\":\"Allow\",\"Resource\":[\"arn:aws:kms:us-east-1:591222106065:key/3499b337-f818-47c9-93e1-455e92123752\"]}]}",
            "role": "multimodal-lib-prod-ecs-task-execution-role"
          },
          "sensitive_attributes": [],
          "private": "bnVsbA==",
          "dependencies": [
            "module.security.aws_iam_role.ecs_task_execution",
            "module.security.aws_kms_key.main",
            "module.security.data.aws_caller_identity.current"
          ]
        }
      ]
    },
    {
      "module": "module.security",
      "mode": "managed",
      "type": "aws_iam_role_policy",
      "name": "ecs_task_logs",
      "provider": "provider[\"registry.terraform.io/hashicorp/aws\"]",
      "instances": [
        {
          "schema_version": 0,
          "attributes": {
            "id": "multimodal-lib-prod-ecs-task-role:multimodal-lib-prod-ecs-task-logs-policy",
            "name": "multimodal-lib-prod-ecs-task-logs-policy",
            "name_prefix": "",
            "policy": "{\"Version\":\"2012-10-17\",\"Statement\":[{\"Action\":[\"logs:CreateLogGroup\",\"logs:CreateLogStream\",\"logs:PutLogEvents\",\"logs:DescribeLogStreams\"],\"Effect\":\"Allow\",\"Resource\":[\"arn:aws:logs:*:591222106065:log-group:/ecs/multimodal-lib-prod*\"]}]}",
            "role": "multimodal-lib-prod-ecs-task-role"
          },
          "sensitive_attributes": [],
          "private": "bnVsbA==",
          "dependencies": [
            "module.security.aws_iam_role.ecs_task",
            "module.security.data.aws_caller_identity.current"
          ]
        }
      ]
    },
    {
      "module": "module.security",
      "mode": "managed",
      "type": "aws_iam_role_policy",
      "name": "ecs_task_secrets",
      "provider": "provider[\"registry.terraform.io/hashicorp/aws\"]",
      "instances": [
        {
          "schema_version": 0,
          "attributes": {
            "id": "multimodal-lib-prod-ecs-task-role:multimodal-lib-prod-ecs-task-secrets-policy",
            "name": "multimodal-lib-prod-ecs-task-secrets-policy",
            "name_prefix": "",
            "policy": "{\"Version\":\"2012-10-17\",\"Statement\":[{\"Action\":[\"secretsmanager:GetSecretValue\",\"secretsmanager:DescribeSecret\"],\"Effect\":\"Allow\",\"Resource\":[\"arn:aws:secretsmanager:*:591222106065:secret:multimodal-lib-prod/*\"]},{\"Action\":[\"kms:Decrypt\",\"kms:DescribeKey\"],\"Effect\":\"Allow\",\"Resource\":[\"arn:aws:kms:us-east-1:591222106065:key/3499b337-f818-47c9-93e1-455e92123752\"]}]}",
            "role": "multimodal-lib-prod-ecs-task-role"
          },
          "sensitive_attributes": [],
          "private": "bnVsbA==",
          "dependencies": [
            "module.security.aws_iam_role.ecs_task",
            "module.security.aws_kms_key.main",
            "module.security.data.aws_caller_identity.current"
          ]
        }
      ]
    },
    {
      "module": "module.security",
      "mode": "managed",
      "type": "aws_iam_role_policy",
      "name": "ecs_task_xray",
      "provider": "provider[\"registry.terraform.io/hashicorp/aws\"]",
      "instances": [
        {
          "schema_version": 0,
          "attributes": {
            "id": "multimodal-lib-prod-ecs-task-role:multimodal-lib-prod-ecs-task-xray-policy",
            "name": "multimodal-lib-prod-ecs-task-xray-policy",
            "name_prefix": "",
            "policy": "{\"Version\":\"2012-10-17\",\"Statement\":[{\"Action\":[\"xray:PutTraceSegments\",\"xray:PutTelemetryRecords\",\"xray:GetSamplingRules\",\"xray:GetSamplingTargets\"],\"Effect\":\"Allow\",\"Resource\":\"*\"}]}",
            "role": "multimodal-lib-prod-ecs-task-role"
          },
          "sensitive_attributes": [],
          "private": "bnVsbA==",
          "dependencies": [
            "module.security.aws_iam_role.ecs_task"
          ]
        }
      ]
    },
    {
      "module": "module.security",
      "mode": "managed",
      "type": "aws_iam_role_policy_attachment",
      "name": "config",
      "provider": "provider[\"registry.terraform.io/hashicorp/aws\"]",
      "instances": [
        {
          "index_key": 0,
          "schema_version": 0,
          "attributes": {
            "id": "multimodal-lib-prod-config-role-20260122080934688700000008",
            "policy_arn": "arn:aws:iam::aws:policy/service-role/AWS_ConfigRole",
            "role": "multimodal-lib-prod-config-role"
          },
          "sensitive_attributes": [],
          "private": "bnVsbA==",
          "dependencies": [
            "module.security.aws_iam_role.config"
          ]
        }
      ]
    },
    {
      "module": "module.security",
      "mode": "managed",
      "type": "aws_iam_role_policy_attachment",
      "name": "ecs_task_execution",
      "provider": "provider[\"registry.terraform.io/hashicorp/aws\"]",
      "instances": [
        {
          "schema_version": 0,
          "attributes": {
            "id": "multimodal-lib-prod-ecs-task-execution-role-20260122080925241900000002",
            "policy_arn": "arn:aws:iam::aws:policy/service-role/AmazonECSTaskExecutionRolePolicy",
            "role": "multimodal-lib-prod-ecs-task-execution-role"
          },
          "sensitive_attributes": [],
          "private": "bnVsbA==",
          "dependencies": [
            "module.security.aws_iam_role.ecs_task_execution"
          ]
        }
      ]
    },
    {
      "module": "module.security",
      "mode": "managed",
      "type": "aws_inspector2_enabler",
      "name": "ec2",
      "provider": "provider[\"registry.terraform.io/hashicorp/aws\"]",
      "instances": [
        {
          "index_key": 0,
          "schema_version": 0,
          "attributes": {
            "account_ids": [
              "591222106065"
            ],
            "id": "591222106065-EC2",
            "resource_types": [
              "EC2"
            ],
            "timeouts": null
          },
          "sensitive_attributes": [],
          "private": "eyJlMmJmYjczMC1lY2FhLTExZTYtOGY4OC0zNDM2M2JjN2M0YzAiOnsiY3JlYXRlIjozMDAwMDAwMDAwMDAsImRlbGV0ZSI6MzAwMDAwMDAwMDAwLCJ1cGRhdGUiOjMwMDAwMDAwMDAwMH19",
          "dependencies": [
            "module.security.data.aws_caller_identity.current"
          ]
        }
      ]
    },
    {
      "module": "module.security",
      "mode": "managed",
      "type": "aws_inspector2_enabler",
      "name": "ecr",
      "provider": "provider[\"registry.terraform.io/hashicorp/aws\"]",
      "instances": [
        {
          "index_key": 0,
          "schema_version": 0,
          "attributes": {
            "account_ids": [
              "591222106065"
            ],
            "id": "591222106065-ECR",
            "resource_types": [
              "ECR"
            ],
            "timeouts": null
          },
          "sensitive_attributes": [],
          "private": "eyJlMmJmYjczMC1lY2FhLTExZTYtOGY4OC0zNDM2M2JjN2M0YzAiOnsiY3JlYXRlIjozMDAwMDAwMDAwMDAsImRlbGV0ZSI6MzAwMDAwMDAwMDAwLCJ1cGRhdGUiOjMwMDAwMDAwMDAwMH19",
          "dependencies": [
            "module.security.data.aws_caller_identity.current"
          ]
        }
      ]
    },
    {
      "module": "module.security",
      "mode": "managed",
      "type": "aws_kms_alias",
      "name": "main",
      "provider": "provider[\"registry.terraform.io/hashicorp/aws\"]",
      "instances": [
        {
          "schema_version": 0,
          "attributes": {
            "arn": "arn:aws:kms:us-east-1:591222106065:alias/multimodal-lib-prod-encryption",
            "id": "alias/multimodal-lib-prod-encryption",
            "name": "alias/multimodal-lib-prod-encryption",
            "name_prefix": "",
            "target_key_arn": "arn:aws:kms:us-east-1:591222106065:key/3499b337-f818-47c9-93e1-455e92123752",
            "target_key_id": "3499b337-f818-47c9-93e1-455e92123752"
          },
          "sensitive_attributes": [],
          "private": "bnVsbA==",
          "dependencies": [
            "module.security.aws_kms_key.main"
          ]
        }
      ]
    },
    {
      "module": "module.security",
      "mode": "managed",
      "type": "aws_kms_key",
      "name": "main",
      "provider": "provider[\"registry.terraform.io/hashicorp/aws\"]",
      "instances": [
        {
          "schema_version": 0,
          "attributes": {
            "arn": "arn:aws:kms:us-east-1:591222106065:key/3499b337-f818-47c9-93e1-455e92123752",
            "bypass_policy_lockout_safety_check": false,
            "custom_key_store_id": "",
            "customer_master_key_spec": "SYMMETRIC_DEFAULT",
            "deletion_window_in_days": 7,
            "description": "KMS key for multimodal-lib-prod encryption",
            "enable_key_rotation": true,
            "id": "3499b337-f818-47c9-93e1-455e92123752",
            "is_enabled": true,
            "key_id": "3499b337-f818-47c9-93e1-455e92123752",
            "key_usage": "ENCRYPT_DECRYPT",
            "multi_region": false,
            "policy": "{\"Statement\":[{\"Action\":\"kms:*\",\"Effect\":\"Allow\",\"Principal\":{\"AWS\":\"arn:aws:iam::591222106065:root\"},\"Resource\":\"*\",\"Sid\":\"Enable IAM User Permissions\"},{\"Action\":[\"kms:Encrypt\",\"kms:Decrypt\",\"kms:ReEncrypt*\",\"kms:GenerateDataKey*\",\"kms:DescribeKey\"],\"Effect\":\"Allow\",\"Principal\":{\"AWS\":[\"arn:aws:iam::591222106065:role/multimodal-lib-prod-ecs-task-execution-role\",\"arn:aws:iam::591222106065:role/multimodal-lib-prod-ecs-task-role\"]},\"Resource\":\"*\",\"Sid\":\"Allow use of the key for encryption/decryption\"}],\"Version\":\"2012-10-17\"}",
            "rotation_period_in_days": 365,
            "tags": {
              "CostCenter": "engineering",
              "CreatedBy": "aws-production-deployment-spec",
              "Environment": "prod",
              "ManagedBy": "terraform",
              "Name": "multimodal-lib-prod-kms-key",
              "Owner": "platform-team",
              "Project": "multimodal-lib"
            },
            "tags_all": {
              "CostCenter": "engineering",
              "CreatedBy": "aws-production-deployment-spec",
              "Environment": "prod",
              "ManagedBy": "terraform",
              "Name": "multimodal-lib-prod-kms-key",
              "Owner": "platform-team",
              "Project": "multimodal-lib"
            },
            "timeouts": null,
            "xks_key_id": ""
          },
          "sensitive_attributes": [],
          "private": "eyJlMmJmYjczMC1lY2FhLTExZTYtOGY4OC0zNDM2M2JjN2M0YzAiOnsiY3JlYXRlIjoxMjAwMDAwMDAwMDB9fQ==",
          "dependencies": [
            "module.security.aws_iam_role.ecs_task",
            "module.security.aws_iam_role.ecs_task_execution",
            "module.security.data.aws_caller_identity.current"
          ]
        }
      ]
    },
    {
      "module": "module.security",
      "mode": "managed",
      "type": "aws_s3_bucket",
      "name": "config",
      "provider": "provider[\"registry.terraform.io/hashicorp/aws\"]",
      "instances": [
        {
          "index_key": 0,
          "schema_version": 0,
          "attributes": {
            "acceleration_status": "",
            "acl": null,
            "arn": "arn:aws:s3:::multimodal-lib-prod-config-815b6b7b",
            "bucket": "multimodal-lib-prod-config-815b6b7b",
            "bucket_domain_name": "multimodal-lib-prod-config-815b6b7b.s3.amazonaws.com",
            "bucket_prefix": "",
            "bucket_regional_domain_name": "multimodal-lib-prod-config-815b6b7b.s3.us-east-1.amazonaws.com",
            "cors_rule": [],
            "force_destroy": true,
            "grant": [
              {
                "id": "93d1a3ab56d582bcb6a67930bcda06a7110be0b0bc945f5ebbbfd282cb90e854",
                "permissions": [
                  "FULL_CONTROL"
                ],
                "type": "CanonicalUser",
                "uri": ""
              }
            ],
            "hosted_zone_id": "Z3AQBSTGFYJSTF",
            "id": "multimodal-lib-prod-config-815b6b7b",
            "lifecycle_rule": [],
            "logging": [],
            "object_lock_configuration": [],
            "object_lock_enabled": false,
            "policy": "",
            "region": "us-east-1",
            "replication_configuration": [],
            "request_payer": "BucketOwner",
            "server_side_encryption_configuration": [
              {
                "rule": [
                  {
                    "apply_server_side_encryption_by_default": [
                      {
                        "kms_master_key_id": "",
                        "sse_algorithm": "AES256"
                      }
                    ],
                    "bucket_key_enabled": false
                  }
                ]
              }
            ],
            "tags": {
              "CostCenter": "engineering",
              "CreatedBy": "aws-production-deployment-spec",
              "Environment": "prod",
              "ManagedBy": "terraform",
              "Name": "multimodal-lib-prod-config-bucket",
              "Owner": "platform-team",
              "Project": "multimodal-lib"
            },
            "tags_all": {
              "CostCenter": "engineering",
              "CreatedBy": "aws-production-deployment-spec",
              "Environment": "prod",
              "ManagedBy": "terraform",
              "Name": "multimodal-lib-prod-config-bucket",
              "Owner": "platform-team",
              "Project": "multimodal-lib"
            },
            "timeouts": null,
            "versioning": [
              {
                "enabled": false,
                "mfa_delete": false
              }
            ],
            "website": [],
            "website_domain": null,
            "website_endpoint": null
          },
          "sensitive_attributes": [],
          "private": "eyJlMmJmYjczMC1lY2FhLTExZTYtOGY4OC0zNDM2M2JjN2M0YzAiOnsiY3JlYXRlIjoxMjAwMDAwMDAwMDAwLCJkZWxldGUiOjM2MDAwMDAwMDAwMDAsInJlYWQiOjEyMDAwMDAwMDAwMDAsInVwZGF0ZSI6MTIwMDAwMDAwMDAwMH19",
          "dependencies": [
            "module.security.random_id.config_suffix"
          ]
        }
      ]
    },
    {
      "module": "module.security",
      "mode": "managed",
      "type": "aws_s3_bucket_policy",
      "name": "config",
      "provider": "provider[\"registry.terraform.io/hashicorp/aws\"]",
      "instances": [
        {
          "index_key": 0,
          "schema_version": 0,
          "attributes": {
            "bucket": "multimodal-lib-prod-config-815b6b7b",
            "id": "multimodal-lib-prod-config-815b6b7b",
            "policy": "{\"Statement\":[{\"Action\":\"s3:GetBucketAcl\",\"Condition\":{\"StringEquals\":{\"AWS:SourceAccount\":\"591222106065\"}},\"Effect\":\"Allow\",\"Principal\":{\"Service\":\"config.amazonaws.com\"},\"Resource\":\"arn:aws:s3:::multimodal-lib-prod-config-815b6b7b\",\"Sid\":\"AWSConfigBucketPermissionsCheck\"},{\"Action\":\"s3:ListBucket\",\"Condition\":{\"StringEquals\":{\"AWS:SourceAccount\":\"591222106065\"}},\"Effect\":\"Allow\",\"Principal\":{\"Service\":\"config.amazonaws.com\"},\"Resource\":\"arn:aws:s3:::multimodal-lib-prod-config-815b6b7b\",\"Sid\":\"AWSConfigBucketExistenceCheck\"},{\"Action\":\"s3:PutObject\",\"Condition\":{\"StringEquals\":{\"AWS:SourceAccount\":\"591222106065\",\"s3:x-amz-acl\":\"bucket-owner-full-control\"}},\"Effect\":\"Allow\",\"Principal\":{\"Service\":\"config.amazonaws.com\"},\"Resource\":\"arn:aws:s3:::multimodal-lib-prod-config-815b6b7b/*\",\"Sid\":\"AWSConfigBucketDelivery\"}],\"Version\":\"2012-10-17\"}"
          },
          "sensitive_attributes": [],
          "private": "bnVsbA==",
          "dependencies": [
            "module.security.aws_s3_bucket.config",
            "module.security.data.aws_caller_identity.current",
            "module.security.random_id.config_suffix"
          ]
        }
      ]
    },
    {
      "module": "module.security",
      "mode": "managed",
      "type": "aws_security_group",
      "name": "alb",
      "provider": "provider[\"registry.terraform.io/hashicorp/aws\"]",
      "instances": [
        {
          "schema_version": 1,
          "attributes": {
            "arn": "arn:aws:ec2:us-east-1:591222106065:security-group/sg-0b01cf4957cb2be65",
            "description": "Managed by Terraform",
            "egress": [
              {
                "cidr_blocks": [
                  "0.0.0.0/0"
                ],
                "description": "All outbound traffic",
                "from_port": 0,
                "ipv6_cidr_blocks": [],
                "prefix_list_ids": [],
                "protocol": "-1",
                "security_groups": [],
                "self": false,
                "to_port": 0
              }
            ],
            "id": "sg-0b01cf4957cb2be65",
            "ingress": [
              {
                "cidr_blocks": [
                  "0.0.0.0/0"
                ],
                "description": "HTTP",
                "from_port": 80,
                "ipv6_cidr_blocks": [],
                "prefix_list_ids": [],
                "protocol": "tcp",
                "security_groups": [],
                "self": false,
                "to_port": 80
              },
              {
                "cidr_blocks": [
                  "0.0.0.0/0"
                ],
                "description": "HTTPS",
                "from_port": 443,
                "ipv6_cidr_blocks": [],
                "prefix_list_ids": [],
                "protocol": "tcp",
                "security_groups": [],
                "self": false,
                "to_port": 443
              }
            ],
            "name": "multimodal-lib-prod-alb-20260122081027951900000009",
            "name_prefix": "multimodal-lib-prod-alb-",
            "owner_id": "591222106065",
            "revoke_rules_on_delete": false,
            "tags": {
              "CostCenter": "engineering",
              "CreatedBy": "aws-production-deployment-spec",
              "Environment": "prod",
              "ManagedBy": "terraform",
              "Name": "multimodal-lib-prod-alb-sg",
              "Owner": "platform-team",
              "Project": "multimodal-lib",
              "Type": "alb"
            },
            "tags_all": {
              "CostCenter": "engineering",
              "CreatedBy": "aws-production-deployment-spec",
              "Environment": "prod",
              "ManagedBy": "terraform",
              "Name": "multimodal-lib-prod-alb-sg",
              "Owner": "platform-team",
              "Project": "multimodal-lib",
              "Type": "alb"
            },
            "timeouts": null,
            "vpc_id": "vpc-0b2186b38779e77f6"
          },
          "sensitive_attributes": [],
          "private": "eyJlMmJmYjczMC1lY2FhLTExZTYtOGY4OC0zNDM2M2JjN2M0YzAiOnsiY3JlYXRlIjo2MDAwMDAwMDAwMDAsImRlbGV0ZSI6OTAwMDAwMDAwMDAwfSwic2NoZW1hX3ZlcnNpb24iOiIxIn0=",
          "dependencies": [
            "module.vpc.aws_vpc.main"
          ],
          "create_before_destroy": true
        },
        {
          "deposed": "3e521836",
          "schema_version": 1,
          "attributes": {
            "arn": "arn:aws:ec2:us-east-1:591222106065:security-group/sg-0e6a2f7b3d0a23a61",
            "description": "Managed by Terraform",
            "egress": [
              {
                "cidr_blocks": [
                  "0.0.0.0/0"
                ],
                "description": "All outbound traffic",
                "from_port": 0,
                "ipv6_cidr_blocks": [],
                "prefix_list_ids": [],
                "protocol": "-1",
                "security_groups": [],
                "self": false,
                "to_port": 0
              }
            ],
            "id": "sg-0e6a2f7b3d0a23a61",
            "ingress": [
              {
                "cidr_blocks": [
                  "0.0.0.0/0"
                ],
                "description": "HTTP",
                "from_port": 80,
                "ipv6_cidr_blocks": [],
                "prefix_list_ids": [],
                "protocol": "tcp",
                "security_groups": [],
                "self": false,
                "to_port": 80
              },
              {
                "cidr_blocks": [
                  "0.0.0.0/0"
                ],
                "description": "HTTPS",
                "from_port": 443,
                "ipv6_cidr_blocks": [],
                "prefix_list_ids": [],
                "protocol": "tcp",
                "security_groups": [],
                "self": false,
                "to_port": 443
              }
            ],
            "name": "multimodal-lib-prod-alb-20260108014417120500000008",
            "name_prefix": "multimodal-lib-prod-alb-",
            "owner_id": "591222106065",
            "revoke_rules_on_delete": false,
            "tags": {
              "CostCenter": "engineering",
              "CreatedBy": "aws-production-deployment-spec",
              "Environment": "prod",
              "ManagedBy": "terraform",
              "Name": "multimodal-lib-prod-alb-sg",
              "Owner": "platform-team",
              "Project": "multimodal-lib",
              "Type": "alb"
            },
            "tags_all": {
              "CostCenter": "engineering",
              "CreatedBy": "aws-production-deployment-spec",
              "Environment": "prod",
              "ManagedBy": "terraform",
              "Name": "multimodal-lib-prod-alb-sg",
              "Owner": "platform-team",
              "Project": "multimodal-lib",
              "Type": "alb"
            },
            "timeouts": null,
            "vpc_id": "vpc-0b2186b38779e77f6"
          },
          "sensitive_attributes": [],
          "private": "eyJlMmJmYjczMC1lY2FhLTExZTYtOGY4OC0zNDM2M2JjN2M0YzAiOnsiY3JlYXRlIjo2MDAwMDAwMDAwMDAsImRlbGV0ZSI6OTAwMDAwMDAwMDAwfSwic2NoZW1hX3ZlcnNpb24iOiIxIn0=",
          "dependencies": [
            "module.vpc.aws_vpc.main"
          ],
          "create_before_destroy": true
        }
      ]
    },
    {
      "module": "module.security",
      "mode": "managed",
      "type": "aws_security_group",
      "name": "ecs",
      "provider": "provider[\"registry.terraform.io/hashicorp/aws\"]",
      "instances": [
        {
          "schema_version": 1,
          "attributes": {
            "arn": "arn:aws:ec2:us-east-1:591222106065:security-group/sg-09b4846c0a660311b",
            "description": "Managed by Terraform",
            "egress": [
              {
                "cidr_blocks": [
                  "0.0.0.0/0"
                ],
                "description": "All outbound traffic",
                "from_port": 0,
                "ipv6_cidr_blocks": [],
                "prefix_list_ids": [],
                "protocol": "-1",
                "security_groups": [],
                "self": false,
                "to_port": 0
              }
            ],
            "id": "sg-09b4846c0a660311b",
            "ingress": [
              {
                "cidr_blocks": [],
                "description": "HTTP from ALB",
                "from_port": 8000,
                "ipv6_cidr_blocks": [],
                "prefix_list_ids": [],
                "protocol": "tcp",
                "security_groups": [
                  "sg-0b01cf4957cb2be65"
                ],
                "self": false,
                "to_port": 8000
              }
            ],
            "name": "multimodal-lib-prod-ecs-2026012208103081910000000a",
            "name_prefix": "multimodal-lib-prod-ecs-",
            "owner_id": "591222106065",
            "revoke_rules_on_delete": false,
            "tags": {
              "CostCenter": "engineering",
              "CreatedBy": "aws-production-deployment-spec",
              "Environment": "prod",
              "ManagedBy": "terraform",
              "Name": "multimodal-lib-prod-ecs-sg",
              "Owner": "platform-team",
              "Project": "multimodal-lib",
              "Type": "ecs"
            },
            "tags_all": {
              "CostCenter": "engineering",
              "CreatedBy": "aws-production-deployment-spec",
              "Environment": "prod",
              "ManagedBy": "terraform",
              "Name": "multimodal-lib-prod-ecs-sg",
              "Owner": "platform-team",
              "Project": "multimodal-lib",
              "Type": "ecs"
            },
            "timeouts": null,
            "vpc_id": "vpc-0b2186b38779e77f6"
          },
          "sensitive_attributes": [],
          "private": "eyJlMmJmYjczMC1lY2FhLTExZTYtOGY4OC0zNDM2M2JjN2M0YzAiOnsiY3JlYXRlIjo2MDAwMDAwMDAwMDAsImRlbGV0ZSI6OTAwMDAwMDAwMDAwfSwic2NoZW1hX3ZlcnNpb24iOiIxIn0=",
          "dependencies": [
            "module.security.aws_security_group.alb",
            "module.vpc.aws_vpc.main"
          ],
          "create_before_destroy": true
        },
        {
          "deposed": "be22f7f7",
          "schema_version": 1,
          "attributes": {
            "arn": "arn:aws:ec2:us-east-1:591222106065:security-group/sg-08ce8eacc94169e0a",
            "description": "Managed by Terraform",
            "egress": [
              {
                "cidr_blocks": [
                  "0.0.0.0/0"
                ],
                "description": "All outbound traffic",
                "from_port": 0,
                "ipv6_cidr_blocks": [],
                "prefix_list_ids": [],
                "protocol": "-1",
                "security_groups": [],
                "self": false,
                "to_port": 0
              }
            ],
            "id": "sg-08ce8eacc94169e0a",
            "ingress": [
              {
                "cidr_blocks": [],
                "description": "HTTP from ALB",
                "from_port": 8000,
                "ipv6_cidr_blocks": [],
                "prefix_list_ids": [],
                "protocol": "tcp",
                "security_groups": [
                  "sg-0e6a2f7b3d0a23a61"
                ],
                "self": false,
                "to_port": 8000
              }
            ],
            "name": "multimodal-lib-prod-ecs-20260108014420347500000009",
            "name_prefix": "multimodal-lib-prod-ecs-",
            "owner_id": "591222106065",
            "revoke_rules_on_delete": false,
            "tags": {
              "CostCenter": "engineering",
              "CreatedBy": "aws-production-deployment-spec",
              "Environment": "prod",
              "ManagedBy": "terraform",
              "Name": "multimodal-lib-prod-ecs-sg",
              "Owner": "platform-team",
              "Project": "multimodal-lib",
              "Type": "ecs"
            },
            "tags_all": {
              "CostCenter": "engineering",
              "CreatedBy": "aws-production-deployment-spec",
              "Environment": "prod",
              "ManagedBy": "terraform",
              "Name": "multimodal-lib-prod-ecs-sg",
              "Owner": "platform-team",
              "Project": "multimodal-lib",
              "Type": "ecs"
            },
            "timeouts": null,
            "vpc_id": "vpc-0b2186b38779e77f6"
          },
          "sensitive_attributes": [],
          "private": "eyJlMmJmYjczMC1lY2FhLTExZTYtOGY4OC0zNDM2M2JjN2M0YzAiOnsiY3JlYXRlIjo2MDAwMDAwMDAwMDAsImRlbGV0ZSI6OTAwMDAwMDAwMDAwfSwic2NoZW1hX3ZlcnNpb24iOiIxIn0=",
          "dependencies": [
            "module.security.aws_security_group.alb",
            "module.vpc.aws_vpc.main"
          ],
          "create_before_destroy": true
        },
        {
          "deposed": "e31dfbbd",
          "schema_version": 1,
          "attributes": {
            "arn": "arn:aws:ec2:us-east-1:591222106065:security-group/sg-0393d472e770ed1a3",
            "description": "Managed by Terraform",
            "egress": [
              {
                "cidr_blocks": [
                  "0.0.0.0/0"
                ],
                "description": "All outbound traffic",
                "from_port": 0,
                "ipv6_cidr_blocks": [],
                "prefix_list_ids": [],
                "protocol": "-1",
                "security_groups": [],
                "self": false,
                "to_port": 0
              }
            ],
            "id": "sg-0393d472e770ed1a3",
            "ingress": [
              {
                "cidr_blocks": [
                  "10.0.0.0/16"
                ],
                "description": "Allow traffic from NLB (VPC CIDR)",
                "from_port": 8000,
                "ipv6_cidr_blocks": [],
                "prefix_list_ids": [],
                "protocol": "tcp",
                "security_groups": [],
                "self": false,
                "to_port": 8000
              },
              {
                "cidr_blocks": [],
                "description": "Allow traffic from ALB",
                "from_port": 8000,
                "ipv6_cidr_blocks": [],
                "prefix_list_ids": [],
                "protocol": "tcp",
                "security_groups": [
                  "sg-0135b368e20b7bd01"
                ],
                "self": false,
                "to_port": 8000
              }
            ],
            "name": "ml-librarian-prod-ecs-20260115041226078800000002",
            "name_prefix": "ml-librarian-prod-ecs-",
            "owner_id": "591222106065",
            "revoke_rules_on_delete": false,
            "tags": {
              "CostCenter": "engineering",
              "CreatedBy": "aws-production-deployment-spec",
              "Environment": "prod",
              "ManagedBy": "terraform",
              "Name": "ml-librarian-prod-ecs-sg",
              "Owner": "platform-team",
              "Project": "ml-librarian",
              "Type": "ecs"
            },
            "tags_all": {
              "CostCenter": "engineering",
              "CreatedBy": "aws-production-deployment-spec",
              "Environment": "prod",
              "ManagedBy": "terraform",
              "Name": "ml-librarian-prod-ecs-sg",
              "Owner": "platform-team",
              "Project": "ml-librarian",
              "Type": "ecs"
            },
            "timeouts": null,
            "vpc_id": "vpc-0b2186b38779e77f6"
          },
          "sensitive_attributes": [],
          "private": "eyJlMmJmYjczMC1lY2FhLTExZTYtOGY4OC0zNDM2M2JjN2M0YzAiOnsiY3JlYXRlIjo2MDAwMDAwMDAwMDAsImRlbGV0ZSI6OTAwMDAwMDAwMDAwfSwic2NoZW1hX3ZlcnNpb24iOiIxIn0=",
          "dependencies": [
            "module.security.aws_security_group.alb",
            "module.vpc.aws_vpc.main"
          ],
          "create_before_destroy": true
        }
      ]
    },
    {
      "module": "module.security",
      "mode": "managed",
      "type": "aws_security_group",
      "name": "efs",
      "provider": "provider[\"registry.terraform.io/hashicorp/aws\"]",
      "instances": [
        {
          "schema_version": 1,
          "attributes": {
            "arn": "arn:aws:ec2:us-east-1:591222106065:security-group/sg-012e02ed219b41ecb",
            "description": "Managed by Terraform",
            "egress": [
              {
                "cidr_blocks": [
                  "0.0.0.0/0"
                ],
                "description": "All outbound traffic",
                "from_port": 0,
                "ipv6_cidr_blocks": [],
                "prefix_list_ids": [],
                "protocol": "-1",
                "security_groups": [],
                "self": false,
                "to_port": 0
              }
            ],
            "id": "sg-012e02ed219b41ecb",
            "ingress": [
              {
                "cidr_blocks": [],
                "description": "NFS from ECS",
                "from_port": 2049,
                "ipv6_cidr_blocks": [],
                "prefix_list_ids": [],
                "protocol": "tcp",
                "security_groups": [
                  "sg-09b4846c0a660311b"
                ],
                "self": false,
                "to_port": 2049
              }
            ],
            "name": "multimodal-lib-prod-efs-2026012208103400830000000b",
            "name_prefix": "multimodal-lib-prod-efs-",
            "owner_id": "591222106065",
            "revoke_rules_on_delete": false,
            "tags": {
              "CostCenter": "engineering",
              "CreatedBy": "aws-production-deployment-spec",
              "Environment": "prod",
              "ManagedBy": "terraform",
              "Name": "multimodal-lib-prod-efs-sg",
              "Owner": "platform-team",
              "Project": "multimodal-lib",
              "Type": "storage"
            },
            "tags_all": {
              "CostCenter": "engineering",
              "CreatedBy": "aws-production-deployment-spec",
              "Environment": "prod",
              "ManagedBy": "terraform",
              "Name": "multimodal-lib-prod-efs-sg",
              "Owner": "platform-team",
              "Project": "multimodal-lib",
              "Type": "storage"
            },
            "timeouts": null,
            "vpc_id": "vpc-0b2186b38779e77f6"
          },
          "sensitive_attributes": [],
          "private": "eyJlMmJmYjczMC1lY2FhLTExZTYtOGY4OC0zNDM2M2JjN2M0YzAiOnsiY3JlYXRlIjo2MDAwMDAwMDAwMDAsImRlbGV0ZSI6OTAwMDAwMDAwMDAwfSwic2NoZW1hX3ZlcnNpb24iOiIxIn0=",
          "dependencies": [
            "module.security.aws_security_group.alb",
            "module.security.aws_security_group.ecs",
            "module.vpc.aws_vpc.main"
          ],
          "create_before_destroy": true
        }
      ]
    },
    {
      "module": "module.security",
      "mode": "managed",
      "type": "aws_security_group",
      "name": "elasticache",
      "provider": "provider[\"registry.terraform.io/hashicorp/aws\"]",
      "instances": [
        {
          "schema_version": 1,
          "attributes": {
            "arn": "arn:aws:ec2:us-east-1:591222106065:security-group/sg-002f77387fe6859e3",
            "description": "Managed by Terraform",
            "egress": [
              {
                "cidr_blocks": [
                  "0.0.0.0/0"
                ],
                "description": "All outbound traffic",
                "from_port": 0,
                "ipv6_cidr_blocks": [],
                "prefix_list_ids": [],
                "protocol": "-1",
                "security_groups": [],
                "self": false,
                "to_port": 0
              }
            ],
            "id": "sg-002f77387fe6859e3",
            "ingress": [
              {
                "cidr_blocks": [],
                "description": "Redis from ECS",
                "from_port": 6379,
                "ipv6_cidr_blocks": [],
                "prefix_list_ids": [],
                "protocol": "tcp",
                "security_groups": [
                  "sg-09b4846c0a660311b"
                ],
                "self": false,
                "to_port": 6379
              }
            ],
            "name": "multimodal-lib-prod-elasticache-2026010801442335240000000a",
            "name_prefix": "multimodal-lib-prod-elasticache-",
            "owner_id": "591222106065",
            "revoke_rules_on_delete": false,
            "tags": {
              "CostCenter": "engineering",
              "CreatedBy": "aws-production-deployment-spec",
              "Environment": "prod",
              "ManagedBy": "terraform",
              "Name": "multimodal-lib-prod-elasticache-sg",
              "Owner": "platform-team",
              "Project": "multimodal-lib",
              "Type": "cache"
            },
            "tags_all": {
              "CostCenter": "engineering",
              "CreatedBy": "aws-production-deployment-spec",
              "Environment": "prod",
              "ManagedBy": "terraform",
              "Name": "multimodal-lib-prod-elasticache-sg",
              "Owner": "platform-team",
              "Project": "multimodal-lib",
              "Type": "cache"
            },
            "timeouts": null,
            "vpc_id": "vpc-0b2186b38779e77f6"
          },
          "sensitive_attributes": [],
          "private": "eyJlMmJmYjczMC1lY2FhLTExZTYtOGY4OC0zNDM2M2JjN2M0YzAiOnsiY3JlYXRlIjo2MDAwMDAwMDAwMDAsImRlbGV0ZSI6OTAwMDAwMDAwMDAwfSwic2NoZW1hX3ZlcnNpb24iOiIxIn0=",
          "dependencies": [
            "module.security.aws_security_group.alb",
            "module.security.aws_security_group.ecs",
            "module.vpc.aws_vpc.main"
          ],
          "create_before_destroy": true
        }
      ]
    },
    {
      "module": "module.security",
      "mode": "managed",
      "type": "aws_security_group",
      "name": "neptune",
      "provider": "provider[\"registry.terraform.io/hashicorp/aws\"]",
      "instances": [
        {
          "schema_version": 1,
          "attributes": {
            "arn": "arn:aws:ec2:us-east-1:591222106065:security-group/sg-0231498cba0c6b983",
            "description": "Managed by Terraform",
            "egress": [
              {
                "cidr_blocks": [
                  "0.0.0.0/0"
                ],
                "description": "All outbound traffic",
                "from_port": 0,
                "ipv6_cidr_blocks": [],
                "prefix_list_ids": [],
                "protocol": "-1",
                "security_groups": [],
                "self": false,
                "to_port": 0
              }
            ],
            "id": "sg-0231498cba0c6b983",
            "ingress": [
              {
                "cidr_blocks": [],
                "description": "Neptune from ECS",
                "from_port": 8182,
                "ipv6_cidr_blocks": [],
                "prefix_list_ids": [],
                "protocol": "tcp",
                "security_groups": [
                  "sg-09b4846c0a660311b"
                ],
                "self": false,
                "to_port": 8182
              }
            ],
            "name": "multimodal-lib-prod-neptune-2026010801442335240000000c",
            "name_prefix": "multimodal-lib-prod-neptune-",
            "owner_id": "591222106065",
            "revoke_rules_on_delete": false,
            "tags": {
              "CostCenter": "engineering",
              "CreatedBy": "aws-production-deployment-spec",
              "Environment": "prod",
              "ManagedBy": "terraform",
              "Name": "multimodal-lib-prod-neptune-sg",
              "Owner": "platform-team",
              "Project": "multimodal-lib",
              "Type": "database"
            },
            "tags_all": {
              "CostCenter": "engineering",
              "CreatedBy": "aws-production-deployment-spec",
              "Environment": "prod",
              "ManagedBy": "terraform",
              "Name": "multimodal-lib-prod-neptune-sg",
              "Owner": "platform-team",
              "Project": "multimodal-lib",
              "Type": "database"
            },
            "timeouts": null,
            "vpc_id": "vpc-0b2186b38779e77f6"
          },
          "sensitive_attributes": [],
          "private": "eyJlMmJmYjczMC1lY2FhLTExZTYtOGY4OC0zNDM2M2JjN2M0YzAiOnsiY3JlYXRlIjo2MDAwMDAwMDAwMDAsImRlbGV0ZSI6OTAwMDAwMDAwMDAwfSwic2NoZW1hX3ZlcnNpb24iOiIxIn0=",
          "dependencies": [
            "module.security.aws_security_group.alb",
            "module.security.aws_security_group.ecs",
            "module.vpc.aws_vpc.main"
          ],
          "create_before_destroy": true
        }
      ]
    },
    {
      "module": "module.security",
      "mode": "managed",
      "type": "aws_security_group",
      "name": "opensearch",
      "provider": "provider[\"registry.terraform.io/hashicorp/aws\"]",
      "instances": [
        {
          "schema_version": 1,
          "attributes": {
            "arn": "arn:aws:ec2:us-east-1:591222106065:security-group/sg-0cee28bdb3ec57732",
            "description": "Managed by Terraform",
            "egress": [
              {
                "cidr_blocks": [
                  "0.0.0.0/0"
                ],
                "description": "All outbound traffic",
                "from_port": 0,
                "ipv6_cidr_blocks": [],
                "prefix_list_ids": [],
                "protocol": "-1",
                "security_groups": [],
                "self": false,
                "to_port": 0
              }
            ],
            "id": "sg-0cee28bdb3ec57732",
            "ingress": [
              {
                "cidr_blocks": [],
                "description": "HTTPS from ECS",
                "from_port": 443,
                "ipv6_cidr_blocks": [],
                "prefix_list_ids": [],
                "protocol": "tcp",
                "security_groups": [
                  "sg-09b4846c0a660311b"
                ],
                "self": false,
                "to_port": 443
              }
            ],
            "name": "multimodal-lib-prod-opensearch-2026010801442335240000000b",
            "name_prefix": "multimodal-lib-prod-opensearch-",
            "owner_id": "591222106065",
            "revoke_rules_on_delete": false,
            "tags": {
              "CostCenter": "engineering",
              "CreatedBy": "aws-production-deployment-spec",
              "Environment": "prod",
              "ManagedBy": "terraform",
              "Name": "multimodal-lib-prod-opensearch-sg",
              "Owner": "platform-team",
              "Project": "multimodal-lib",
              "Type": "database"
            },
            "tags_all": {
              "CostCenter": "engineering",
              "CreatedBy": "aws-production-deployment-spec",
              "Environment": "prod",
              "ManagedBy": "terraform",
              "Name": "multimodal-lib-prod-opensearch-sg",
              "Owner": "platform-team",
              "Project": "multimodal-lib",
              "Type": "database"
            },
            "timeouts": null,
            "vpc_id": "vpc-0b2186b38779e77f6"
          },
          "sensitive_attributes": [],
          "private": "eyJlMmJmYjczMC1lY2FhLTExZTYtOGY4OC0zNDM2M2JjN2M0YzAiOnsiY3JlYXRlIjo2MDAwMDAwMDAwMDAsImRlbGV0ZSI6OTAwMDAwMDAwMDAwfSwic2NoZW1hX3ZlcnNpb24iOiIxIn0=",
          "dependencies": [
            "module.security.aws_security_group.alb",
            "module.security.aws_security_group.ecs",
            "module.vpc.aws_vpc.main"
          ],
          "create_before_destroy": true
        }
      ]
    },
    {
      "module": "module.security",
      "mode": "managed",
      "type": "aws_securityhub_account",
      "name": "main",
      "provider": "provider[\"registry.terraform.io/hashicorp/aws\"]",
      "instances": [
        {
          "index_key": 0,
          "schema_version": 1,
          "attributes": {
            "arn": "arn:aws:securityhub:us-east-1:591222106065:hub/default",
            "auto_enable_controls": true,
            "control_finding_generator": "SECURITY_CONTROL",
            "enable_default_standards": true,
            "id": "591222106065"
          },
          "sensitive_attributes": [],
          "private": "eyJzY2hlbWFfdmVyc2lvbiI6IjEifQ=="
        }
      ]
    },
    {
      "module": "module.security",
      "mode": "managed",
      "type": "aws_wafv2_web_acl",
      "name": "main",
      "provider": "provider[\"registry.terraform.io/hashicorp/aws\"]",
      "instances": [
        {
          "index_key": 0,
          "schema_version": 0,
          "attributes": {
            "application_integration_url": "",
            "arn": "arn:aws:wafv2:us-east-1:591222106065:regional/webacl/multimodal-lib-prod-waf-acl/df697187-7280-4208-83ee-0a843a81ee44",
            "association_config": [],
            "capacity": 1127,
            "captcha_config": [],
            "challenge_config": [],
            "custom_response_body": [],
            "data_protection_config": [],
            "default_action": [
              {
                "allow": [
                  {
                    "custom_request_handling": []
                  }
                ],
                "block": []
              }
            ],
            "description": "",
            "id": "df697187-7280-4208-83ee-0a843a81ee44",
            "lock_token": "af623caf-3aa5-4969-9f11-e29ea915d568",
            "name": "multimodal-lib-prod-waf-acl",
            "name_prefix": "",
            "rule": [
              {
                "action": [
                  {
                    "allow": [],
                    "block": [
                      {
                        "custom_response": []
                      }
                    ],
                    "captcha": [],
                    "challenge": [],
                    "count": []
                  }
                ],
                "captcha_config": [],
                "challenge_config": [],
                "name": "RateLimitRule",
                "override_action": [],
                "priority": 1,
                "rule_label": [],
                "statement": [
                  {
                    "and_statement": [],
                    "asn_match_statement": [],
                    "byte_match_statement": [],
                    "geo_match_statement": [],
                    "ip_set_reference_statement": [],
                    "label_match_statement": [],
                    "managed_rule_group_statement": [],
                    "not_statement": [],
                    "or_statement": [],
                    "rate_based_statement": [
                      {
                        "aggregate_key_type": "IP",
                        "custom_key": [],
                        "evaluation_window_sec": 300,
                        "forwarded_ip_config": [],
                        "limit": 2000,
                        "scope_down_statement": []
                      }
                    ],
                    "regex_match_statement": [],
                    "regex_pattern_set_reference_statement": [],
                    "rule_group_reference_statement": [],
                    "size_constraint_statement": [],
                    "sqli_match_statement": [],
                    "xss_match_statement": []
                  }
                ],
                "visibility_config": [
                  {
                    "cloudwatch_metrics_enabled": true,
                    "metric_name": "multimodal-lib-prod-waf-rate-limit",
                    "sampled_requests_enabled": true
                  }
                ]
              },
              {
                "action": [],
                "captcha_config": [],
                "challenge_config": [],
                "name": "AWSManagedRulesAmazonIpReputationList",
                "override_action": [
                  {
                    "count": [],
                    "none": [
                      {}
                    ]
                  }
                ],
                "priority": 5,
                "rule_label": [],
                "statement": [
                  {
                    "and_statement": [],
                    "asn_match_statement": [],
                    "byte_match_statement": [],
                    "geo_match_statement": [],
                    "ip_set_reference_statement": [],
                    "label_match_statement": [],
                    "managed_rule_group_statement": [
                      {
                        "managed_rule_group_configs": [],
                        "name": "AWSManagedRulesAmazonIpReputationList",
                        "rule_action_override": [],
                        "scope_down_statement": [],
                        "vendor_name": "AWS",
                        "version": ""
                      }
                    ],
                    "not_statement": [],
                    "or_statement": [],
                    "rate_based_statement": [],
                    "regex_match_statement": [],
                    "regex_pattern_set_reference_statement": [],
                    "rule_group_reference_statement": [],
                    "size_constraint_statement": [],
                    "sqli_match_statement": [],
                    "xss_match_statement": []
                  }
                ],
                "visibility_config": [
                  {
                    "cloudwatch_metrics_enabled": true,
                    "metric_name": "multimodal-lib-prod-waf-ip-reputation",
                    "sampled_requests_enabled": true
                  }
                ]
              },
              {
                "action": [],
                "captcha_config": [],
                "challenge_config": [],
                "name": "AWSManagedRulesCommonRuleSet",
                "override_action": [
                  {
                    "count": [],
                    "none": [
                      {}
                    ]
                  }
                ],
                "priority": 2,
                "rule_label": [],
                "statement": [
                  {
                    "and_statement": [],
                    "asn_match_statement": [],
                    "byte_match_statement": [],
                    "geo_match_statement": [],
                    "ip_set_reference_statement": [],
                    "label_match_statement": [],
                    "managed_rule_group_statement": [
                      {
                        "managed_rule_group_configs": [],
                        "name": "AWSManagedRulesCommonRuleSet",
                        "rule_action_override": [],
                        "scope_down_statement": [],
                        "vendor_name": "AWS",
                        "version": ""
                      }
                    ],
                    "not_statement": [],
                    "or_statement": [],
                    "rate_based_statement": [],
                    "regex_match_statement": [],
                    "regex_pattern_set_reference_statement": [],
                    "rule_group_reference_statement": [],
                    "size_constraint_statement": [],
                    "sqli_match_statement": [],
                    "xss_match_statement": []
                  }
                ],
                "visibility_config": [
                  {
                    "cloudwatch_metrics_enabled": true,
                    "metric_name": "multimodal-lib-prod-waf-common-rules",
                    "sampled_requests_enabled": true
                  }
                ]
              },
              {
                "action": [],
                "captcha_config": [],
                "challenge_config": [],
                "name": "AWSManagedRulesKnownBadInputsRuleSet",
                "override_action": [
                  {
                    "count": [],
                    "none": [
                      {}
                    ]
                  }
                ],
                "priority": 3,
                "rule_label": [],
                "statement": [
                  {
                    "and_statement": [],
                    "asn_match_statement": [],
                    "byte_match_statement": [],
                    "geo_match_statement": [],
                    "ip_set_reference_statement": [],
                    "label_match_statement": [],
                    "managed_rule_group_statement": [
                      {
                        "managed_rule_group_configs": [],
                        "name": "AWSManagedRulesKnownBadInputsRuleSet",
                        "rule_action_override": [],
                        "scope_down_statement": [],
                        "vendor_name": "AWS",
                        "version": ""
                      }
                    ],
                    "not_statement": [],
                    "or_statement": [],
                    "rate_based_statement": [],
                    "regex_match_statement": [],
                    "regex_pattern_set_reference_statement": [],
                    "rule_group_reference_statement": [],
                    "size_constraint_statement": [],
                    "sqli_match_statement": [],
                    "xss_match_statement": []
                  }
                ],
                "visibility_config": [
                  {
                    "cloudwatch_metrics_enabled": true,
                    "metric_name": "multimodal-lib-prod-waf-bad-inputs",
                    "sampled_requests_enabled": true
                  }
                ]
              },
              {
                "action": [],
                "captcha_config": [],
                "challenge_config": [],
                "name": "AWSManagedRulesSQLiRuleSet",
                "override_action": [
                  {
                    "count": [],
                    "none": [
                      {}
                    ]
                  }
                ],
                "priority": 4,
                "rule_label": [],
                "statement": [
                  {
                    "and_statement": [],
                    "asn_match_statement": [],
                    "byte_match_statement": [],
                    "geo_match_statement": [],
                    "ip_set_reference_statement": [],
                    "label_match_statement": [],
                    "managed_rule_group_statement": [
                      {
                        "managed_rule_group_configs": [],
                        "name": "AWSManagedRulesSQLiRuleSet",
                        "rule_action_override": [],
                        "scope_down_statement": [],
                        "vendor_name": "AWS",
                        "version": ""
                      }
                    ],
                    "not_statement": [],
                    "or_statement": [],
                    "rate_based_statement": [],
                    "regex_match_statement": [],
                    "regex_pattern_set_reference_statement": [],
                    "rule_group_reference_statement": [],
                    "size_constraint_statement": [],
                    "sqli_match_statement": [],
                    "xss_match_statement": []
                  }
                ],
                "visibility_config": [
                  {
                    "cloudwatch_metrics_enabled": true,
                    "metric_name": "multimodal-lib-prod-waf-sqli",
                    "sampled_requests_enabled": true
                  }
                ]
              }
            ],
            "rule_json": null,
            "scope": "REGIONAL",
            "tags": {
              "CostCenter": "engineering",
              "CreatedBy": "aws-production-deployment-spec",
              "Environment": "prod",
              "ManagedBy": "terraform",
              "Name": "multimodal-lib-prod-waf-acl",
              "Owner": "platform-team",
              "Project": "multimodal-lib"
            },
            "tags_all": {
              "CostCenter": "engineering",
              "CreatedBy": "aws-production-deployment-spec",
              "Environment": "prod",
              "ManagedBy": "terraform",
              "Name": "multimodal-lib-prod-waf-acl",
              "Owner": "platform-team",
              "Project": "multimodal-lib"
            },
            "token_domains": null,
            "visibility_config": [
              {
                "cloudwatch_metrics_enabled": true,
                "metric_name": "multimodal-lib-prod-waf-acl",
                "sampled_requests_enabled": true
              }
            ]
          },
          "sensitive_attributes": [],
          "private": "bnVsbA=="
        }
      ]
    },
    {
      "module": "module.security",
      "mode": "managed",
      "type": "random_id",
      "name": "config_suffix",
      "provider": "provider[\"registry.terraform.io/hashicorp/random\"]",
      "instances": [
        {
          "index_key": 0,
          "schema_version": 0,
          "attributes": {
            "b64_std": "gVtrew==",
            "b64_url": "gVtrew",
            "byte_length": 4,
            "dec": "2170252155",
            "hex": "815b6b7b",
            "id": "gVtrew",
            "keepers": null,
            "prefix": null
          },
          "sensitive_attributes": []
        }
      ]
    },
    {
      "module": "module.storage",
      "mode": "managed",
      "type": "aws_cloudwatch_log_group",
      "name": "efs",
      "provider": "provider[\"registry.terraform.io/hashicorp/aws\"]",
      "instances": [
        {
          "schema_version": 0,
          "attributes": {
            "arn": "arn:aws:logs:us-east-1:591222106065:log-group:/aws/efs/multimodal-lib-prod",
            "id": "/aws/efs/multimodal-lib-prod",
            "kms_key_id": "",
            "log_group_class": "STANDARD",
            "name": "/aws/efs/multimodal-lib-prod",
            "name_prefix": "",
            "retention_in_days": 30,
            "skip_destroy": false,
            "tags": {
              "CostCenter": "engineering",
              "CreatedBy": "aws-production-deployment-spec",
              "Environment": "prod",
              "ManagedBy": "terraform",
              "Owner": "platform-team",
              "Project": "multimodal-lib"
            },
            "tags_all": {
              "CostCenter": "engineering",
              "CreatedBy": "aws-production-deployment-spec",
              "Environment": "prod",
              "ManagedBy": "terraform",
              "Owner": "platform-team",
              "Project": "multimodal-lib"
            }
          },
          "sensitive_attributes": [],
          "private": "bnVsbA=="
        }
      ]
    },
    {
      "module": "module.storage",
      "mode": "managed",
      "type": "aws_efs_access_point",
      "name": "model_cache",
      "provider": "provider[\"registry.terraform.io/hashicorp/aws\"]",
      "instances": [
        {
          "schema_version": 0,
          "attributes": {
            "arn": "arn:aws:elasticfilesystem:us-east-1:591222106065:access-point/fsap-002c8bb5e514154ff",
            "file_system_arn": "arn:aws:elasticfilesystem:us-east-1:591222106065:file-system/fs-0fb6539c28495cca5",
            "file_system_id": "fs-0fb6539c28495cca5",
            "id": "fsap-002c8bb5e514154ff",
            "owner_id": "591222106065",
            "posix_user": [
              {
                "gid": 1000,
                "secondary_gids": null,
                "uid": 1000
              }
            ],
            "root_directory": [
              {
                "creation_info": [
                  {
                    "owner_gid": 1000,
                    "owner_uid": 1000,
                    "permissions": "755"
                  }
                ],
                "path": "/model-cache"
              }
            ],
            "tags": {
              "CostCenter": "engineering",
              "CreatedBy": "aws-production-deployment-spec",
              "Environment": "prod",
              "ManagedBy": "terraform",
              "Name": "multimodal-lib-prod-model-cache-access-point",
              "Owner": "platform-team",
              "Project": "multimodal-lib"
            },
            "tags_all": {
              "CostCenter": "engineering",
              "CreatedBy": "aws-production-deployment-spec",
              "Environment": "prod",
              "ManagedBy": "terraform",
              "Name": "multimodal-lib-prod-model-cache-access-point",
              "Owner": "platform-team",
              "Project": "multimodal-lib"
            }
          },
          "sensitive_attributes": [],
          "private": "bnVsbA==",
          "dependencies": [
            "module.security.aws_kms_key.main",
            "module.storage.aws_efs_file_system.model_cache"
          ]
        }
      ]
    },
    {
      "module": "module.storage",
      "mode": "managed",
      "type": "aws_efs_file_system",
      "name": "model_cache",
      "provider": "provider[\"registry.terraform.io/hashicorp/aws\"]",
      "instances": [
        {
          "schema_version": 0,
          "attributes": {
            "arn": "arn:aws:elasticfilesystem:us-east-1:591222106065:file-system/fs-0fb6539c28495cca5",
            "availability_zone_id": "",
            "availability_zone_name": "",
            "creation_token": "multimodal-lib-prod-model-cache",
            "dns_name": "fs-0fb6539c28495cca5.efs.us-east-1.amazonaws.com",
            "encrypted": true,
            "id": "fs-0fb6539c28495cca5",
            "kms_key_id": "arn:aws:kms:us-east-1:591222106065:key/3499b337-f818-47c9-93e1-455e92123752",
            "lifecycle_policy": [
              {
                "transition_to_archive": "",
                "transition_to_ia": "AFTER_30_DAYS",
                "transition_to_primary_storage_class": ""
              },
              {
                "transition_to_archive": "",
                "transition_to_ia": "",
                "transition_to_primary_storage_class": "AFTER_1_ACCESS"
              }
            ],
            "name": "multimodal-lib-prod-model-cache",
            "number_of_mount_targets": 0,
            "owner_id": "591222106065",
            "performance_mode": "generalPurpose",
            "protection": [
              {
                "replication_overwrite": "ENABLED"
              }
            ],
            "provisioned_throughput_in_mibps": 0,
            "size_in_bytes": [
              {
                "value": 6144,
                "value_in_ia": 0,
                "value_in_standard": 6144
              }
            ],
            "tags": {
              "CostCenter": "engineering",
              "CreatedBy": "aws-production-deployment-spec",
              "Environment": "prod",
              "ManagedBy": "terraform",
              "Name": "multimodal-lib-prod-model-cache",
              "Owner": "platform-team",
              "Project": "multimodal-lib",
              "Purpose": "ML Model Cache Storage"
            },
            "tags_all": {
              "CostCenter": "engineering",
              "CreatedBy": "aws-production-deployment-spec",
              "Environment": "prod",
              "ManagedBy": "terraform",
              "Name": "multimodal-lib-prod-model-cache",
              "Owner": "platform-team",
              "Project": "multimodal-lib",
              "Purpose": "ML Model Cache Storage"
            },
            "throughput_mode": "bursting"
          },
          "sensitive_attributes": [],
          "private": "bnVsbA==",
          "dependencies": [
            "module.security.aws_kms_key.main"
          ]
        }
      ]
    },
    {
      "module": "module.storage",
      "mode": "managed",
      "type": "aws_efs_mount_target",
      "name": "model_cache",
      "provider": "provider[\"registry.terraform.io/hashicorp/aws\"]",
      "instances": [
        {
          "index_key": 0,
          "schema_version": 0,
          "attributes": {
            "availability_zone_id": "use1-az1",
            "availability_zone_name": "us-east-1a",
            "dns_name": "fs-0fb6539c28495cca5.efs.us-east-1.amazonaws.com",
            "file_system_arn": "arn:aws:elasticfilesystem:us-east-1:591222106065:file-system/fs-0fb6539c28495cca5",
            "file_system_id": "fs-0fb6539c28495cca5",
            "id": "fsmt-046007397e2336be6",
            "ip_address": "10.0.11.99",
            "mount_target_dns_name": "us-east-1a.fs-0fb6539c28495cca5.efs.us-east-1.amazonaws.com",
            "network_interface_id": "eni-04a1bcf9d8d966cef",
            "owner_id": "591222106065",
            "security_groups": [
              "sg-012e02ed219b41ecb"
            ],
            "subnet_id": "subnet-02a84a72425ffa550",
            "timeouts": null
          },
          "sensitive_attributes": [],
          "private": "eyJlMmJmYjczMC1lY2FhLTExZTYtOGY4OC0zNDM2M2JjN2M0YzAiOnsiY3JlYXRlIjoxODAwMDAwMDAwMDAwLCJkZWxldGUiOjYwMDAwMDAwMDAwMH19",
          "dependencies": [
            "module.security.aws_kms_key.main",
            "module.security.aws_security_group.alb",
            "module.security.aws_security_group.ecs",
            "module.security.aws_security_group.efs",
            "module.storage.aws_efs_file_system.model_cache",
            "module.vpc.aws_subnet.private",
            "module.vpc.aws_vpc.main"
          ]
        },
        {
          "index_key": 1,
          "schema_version": 0,
          "attributes": {
            "availability_zone_id": "use1-az2",
            "availability_zone_name": "us-east-1b",
            "dns_name": "fs-0fb6539c28495cca5.efs.us-east-1.amazonaws.com",
            "file_system_arn": "arn:aws:elasticfilesystem:us-east-1:591222106065:file-system/fs-0fb6539c28495cca5",
            "file_system_id": "fs-0fb6539c28495cca5",
            "id": "fsmt-0f2c425cb4d84b300",
            "ip_address": "10.0.12.67",
            "mount_target_dns_name": "us-east-1b.fs-0fb6539c28495cca5.efs.us-east-1.amazonaws.com",
            "network_interface_id": "eni-035410c321780ee72",
            "owner_id": "591222106065",
            "security_groups": [
              "sg-012e02ed219b41ecb"
            ],
            "subnet_id": "subnet-0379e49e44be48905",
            "timeouts": null
          },
          "sensitive_attributes": [],
          "private": "eyJlMmJmYjczMC1lY2FhLTExZTYtOGY4OC0zNDM2M2JjN2M0YzAiOnsiY3JlYXRlIjoxODAwMDAwMDAwMDAwLCJkZWxldGUiOjYwMDAwMDAwMDAwMH19",
          "dependencies": [
            "module.security.aws_kms_key.main",
            "module.security.aws_security_group.alb",
            "module.security.aws_security_group.ecs",
            "module.security.aws_security_group.efs",
            "module.storage.aws_efs_file_system.model_cache",
            "module.vpc.aws_subnet.private",
            "module.vpc.aws_vpc.main"
          ]
        },
        {
          "index_key": 2,
          "schema_version": 0,
          "attributes": {
            "availability_zone_id": "use1-az4",
            "availability_zone_name": "us-east-1c",
            "dns_name": "fs-0fb6539c28495cca5.efs.us-east-1.amazonaws.com",
            "file_system_arn": "arn:aws:elasticfilesystem:us-east-1:591222106065:file-system/fs-0fb6539c28495cca5",
            "file_system_id": "fs-0fb6539c28495cca5",
            "id": "fsmt-036c1b5eb9c4b3c28",
            "ip_address": "10.0.13.30",
            "mount_target_dns_name": "us-east-1c.fs-0fb6539c28495cca5.efs.us-east-1.amazonaws.com",
            "network_interface_id": "eni-05f22dc351fffaba4",
            "owner_id": "591222106065",
            "security_groups": [
              "sg-012e02ed219b41ecb"
            ],
            "subnet_id": "subnet-068219ec235688a19",
            "timeouts": null
          },
          "sensitive_attributes": [],
          "private": "eyJlMmJmYjczMC1lY2FhLTExZTYtOGY4OC0zNDM2M2JjN2M0YzAiOnsiY3JlYXRlIjoxODAwMDAwMDAwMDAwLCJkZWxldGUiOjYwMDAwMDAwMDAwMH19",
          "dependencies": [
            "module.security.aws_kms_key.main",
            "module.security.aws_security_group.alb",
            "module.security.aws_security_group.ecs",
            "module.security.aws_security_group.efs",
            "module.storage.aws_efs_file_system.model_cache",
            "module.vpc.aws_subnet.private",
            "module.vpc.aws_vpc.main"
          ]
        }
      ]
    },
    {
      "module": "module.vpc",
      "mode": "data",
      "type": "aws_availability_zones",
      "name": "available",
      "provider": "provider[\"registry.terraform.io/hashicorp/aws\"]",
      "instances": [
        {
          "schema_version": 0,
          "attributes": {
            "all_availability_zones": null,
            "exclude_names": null,
            "exclude_zone_ids": null,
            "filter": null,
            "group_names": [
              "us-east-1-zg-1"
            ],
            "id": "us-east-1",
            "names": [
              "us-east-1a",
              "us-east-1b",
              "us-east-1c",
              "us-east-1d",
              "us-east-1e",
              "us-east-1f"
            ],
            "state": "available",
            "timeouts": null,
            "zone_ids": [
              "use1-az1",
              "use1-az2",
              "use1-az4",
              "use1-az6",
              "use1-az3",
              "use1-az5"
            ]
          },
          "sensitive_attributes": []
        }
      ]
    },
    {
      "module": "module.vpc",
      "mode": "managed",
      "type": "aws_eip",
      "name": "nat",
      "provider": "provider[\"registry.terraform.io/hashicorp/aws\"]",
      "instances": [
        {
          "index_key": 0,
          "schema_version": 0,
          "attributes": {
            "address": null,
            "allocation_id": "eipalloc-0f711f00a7ef435a4",
            "arn": "arn:aws:ec2:us-east-1:591222106065:elastic-ip/eipalloc-0f711f00a7ef435a4",
            "associate_with_private_ip": null,
            "association_id": "eipassoc-01532dc30ef4bc548",
            "carrier_ip": "",
            "customer_owned_ip": "",
            "customer_owned_ipv4_pool": "",
            "domain": "vpc",
            "id": "eipalloc-0f711f00a7ef435a4",
            "instance": "",
            "ipam_pool_id": null,
            "network_border_group": "us-east-1",
            "network_interface": "eni-0e8b0c9c27cc4c798",
            "private_dns": "ip-10-0-1-87.ec2.internal",
            "private_ip": "10.0.1.87",
            "ptr_record": "",
            "public_dns": "ec2-3-233-193-206.compute-1.amazonaws.com",
            "public_ip": "3.233.193.206",
            "public_ipv4_pool": "amazon",
            "tags": {
              "CostCenter": "engineering",
              "CreatedBy": "aws-production-deployment-spec",
              "Environment": "prod",
              "ManagedBy": "terraform",
              "Name": "multimodal-lib-prod-nat-eip",
              "Owner": "platform-team",
              "Project": "multimodal-lib"
            },
            "tags_all": {
              "CostCenter": "engineering",
              "CreatedBy": "aws-production-deployment-spec",
              "Environment": "prod",
              "ManagedBy": "terraform",
              "Name": "multimodal-lib-prod-nat-eip",
              "Owner": "platform-team",
              "Project": "multimodal-lib"
            },
            "timeouts": null,
            "vpc": true
          },
          "sensitive_attributes": [],
          "private": "eyJlMmJmYjczMC1lY2FhLTExZTYtOGY4OC0zNDM2M2JjN2M0YzAiOnsiZGVsZXRlIjoxODAwMDAwMDAwMDAsInJlYWQiOjkwMDAwMDAwMDAwMCwidXBkYXRlIjozMDAwMDAwMDAwMDB9fQ==",
          "dependencies": [
            "module.vpc.aws_internet_gateway.main",
            "module.vpc.aws_vpc.main"
          ]
        }
      ]
    },
    {
      "module": "module.vpc",
      "mode": "managed",
      "type": "aws_iam_role",
      "name": "flow_log",
      "provider": "provider[\"registry.terraform.io/hashicorp/aws\"]",
      "instances": [
        {
          "schema_version": 0,
          "attributes": {
            "arn": "arn:aws:iam::591222106065:role/multimodal-lib-prod-vpc-flow-log-role",
            "assume_role_policy": "{\"Statement\":[{\"Action\":\"sts:AssumeRole\",\"Effect\":\"Allow\",\"Principal\":{\"Service\":\"vpc-flow-logs.amazonaws.com\"}}],\"Version\":\"2012-10-17\"}",
            "create_date": "2026-01-22T08:09:31Z",
            "description": "",
            "force_detach_policies": false,
            "id": "multimodal-lib-prod-vpc-flow-log-role",
            "inline_policy": [],
            "managed_policy_arns": [],
            "max_session_duration": 3600,
            "name": "multimodal-lib-prod-vpc-flow-log-role",
            "name_prefix": "",
            "path": "/",
            "permissions_boundary": "",
            "tags": {
              "CostCenter": "engineering",
              "CreatedBy": "aws-production-deployment-spec",
              "Environment": "prod",
              "ManagedBy": "terraform",
              "Owner": "platform-team",
              "Project": "multimodal-lib"
            },
            "tags_all": {
              "CostCenter": "engineering",
              "CreatedBy": "aws-production-deployment-spec",
              "Environment": "prod",
              "ManagedBy": "terraform",
              "Owner": "platform-team",
              "Project": "multimodal-lib"
            },
            "unique_id": "AROAYTJ4VM7IZIJ3445PE"
          },
          "sensitive_attributes": [],
          "private": "bnVsbA=="
        }
      ]
    },
    {
      "module": "module.vpc",
      "mode": "managed",
      "type": "aws_iam_role_policy",
      "name": "flow_log",
      "provider": "provider[\"registry.terraform.io/hashicorp/aws\"]",
      "instances": [
        {
          "schema_version": 0,
          "attributes": {
            "id": "multimodal-lib-prod-vpc-flow-log-role:multimodal-lib-prod-vpc-flow-log-policy",
            "name": "multimodal-lib-prod-vpc-flow-log-policy",
            "name_prefix": "",
            "policy": "{\"Version\":\"2012-10-17\",\"Statement\":[{\"Action\":[\"logs:CreateLogGroup\",\"logs:CreateLogStream\",\"logs:PutLogEvents\",\"logs:DescribeLogGroups\",\"logs:DescribeLogStreams\"],\"Effect\":\"Allow\",\"Resource\":\"*\"}]}",
            "role": "multimodal-lib-prod-vpc-flow-log-role"
          },
          "sensitive_attributes": [],
          "private": "bnVsbA==",
          "dependencies": [
            "module.vpc.aws_iam_role.flow_log"
          ]
        }
      ]
    },
    {
      "module": "module.vpc",
      "mode": "managed",
      "type": "aws_internet_gateway",
      "name": "main",
      "provider": "provider[\"registry.terraform.io/hashicorp/aws\"]",
      "instances": [
        {
          "schema_version": 0,
          "attributes": {
            "arn": "arn:aws:ec2:us-east-1:591222106065:internet-gateway/igw-07ccfaa3229a312e1",
            "id": "igw-07ccfaa3229a312e1",
            "owner_id": "591222106065",
            "tags": {
              "CostCenter": "engineering",
              "CreatedBy": "aws-production-deployment-spec",
              "Environment": "prod",
              "ManagedBy": "terraform",
              "Name": "multimodal-lib-prod-igw",
              "Owner": "platform-team",
              "Project": "multimodal-lib"
            },
            "tags_all": {
              "CostCenter": "engineering",
              "CreatedBy": "aws-production-deployment-spec",
              "Environment": "prod",
              "ManagedBy": "terraform",
              "Name": "multimodal-lib-prod-igw",
              "Owner": "platform-team",
              "Project": "multimodal-lib"
            },
            "timeouts": null,
            "vpc_id": "vpc-0b2186b38779e77f6"
          },
          "sensitive_attributes": [],
          "private": "eyJlMmJmYjczMC1lY2FhLTExZTYtOGY4OC0zNDM2M2JjN2M0YzAiOnsiY3JlYXRlIjoxMjAwMDAwMDAwMDAwLCJkZWxldGUiOjEyMDAwMDAwMDAwMDAsInVwZGF0ZSI6MTIwMDAwMDAwMDAwMH19",
          "dependencies": [
            "module.vpc.aws_vpc.main"
          ]
        }
      ]
    },
    {
      "module": "module.vpc",
      "mode": "managed",
      "type": "aws_nat_gateway",
      "name": "main",
      "provider": "provider[\"registry.terraform.io/hashicorp/aws\"]",
      "instances": [
        {
          "index_key": 0,
          "schema_version": 0,
          "attributes": {
            "allocation_id": "eipalloc-0f711f00a7ef435a4",
            "association_id": "eipassoc-01532dc30ef4bc548",
            "connectivity_type": "public",
            "id": "nat-057025a3296d82cb2",
            "network_interface_id": "eni-0e8b0c9c27cc4c798",
            "private_ip": "10.0.1.87",
            "public_ip": "3.233.193.206",
            "secondary_allocation_ids": [],
            "secondary_private_ip_address_count": 0,
            "secondary_private_ip_addresses": [],
            "subnet_id": "subnet-0c352188f5398a718",
            "tags": {
              "CostCenter": "engineering",
              "CreatedBy": "aws-production-deployment-spec",
              "Environment": "prod",
              "ManagedBy": "terraform",
              "Name": "multimodal-lib-prod-nat-gateway",
              "Owner": "platform-team",
              "Project": "multimodal-lib"
            },
            "tags_all": {
              "CostCenter": "engineering",
              "CreatedBy": "aws-production-deployment-spec",
              "Environment": "prod",
              "ManagedBy": "terraform",
              "Name": "multimodal-lib-prod-nat-gateway",
              "Owner": "platform-team",
              "Project": "multimodal-lib"
            },
            "timeouts": null
          },
          "sensitive_attributes": [],
          "private": "eyJlMmJmYjczMC1lY2FhLTExZTYtOGY4OC0zNDM2M2JjN2M0YzAiOnsiY3JlYXRlIjo2MDAwMDAwMDAwMDAsImRlbGV0ZSI6MTgwMDAwMDAwMDAwMCwidXBkYXRlIjo2MDAwMDAwMDAwMDB9fQ==",
          "dependencies": [
            "module.vpc.aws_eip.nat",
            "module.vpc.aws_internet_gateway.main",
            "module.vpc.aws_subnet.public",
            "module.vpc.aws_vpc.main"
          ]
        }
      ]
    },
    {
      "module": "module.vpc",
      "mode": "managed",
      "type": "aws_network_acl",
      "name": "main",
      "provider": "provider[\"registry.terraform.io/hashicorp/aws\"]",
      "instances": [
        {
          "schema_version": 0,
          "attributes": {
            "arn": "arn:aws:ec2:us-east-1:591222106065:network-acl/acl-08fa81899d86dca95",
            "egress": [
              {
                "action": "allow",
                "cidr_block": "0.0.0.0/0",
                "from_port": 0,
                "icmp_code": 0,
                "icmp_type": 0,
                "ipv6_cidr_block": "",
                "protocol": "-1",
                "rule_no": 100,
                "to_port": 0
              }
            ],
            "id": "acl-08fa81899d86dca95",
            "ingress": [
              {
                "action": "allow",
                "cidr_block": "0.0.0.0/0",
                "from_port": 1024,
                "icmp_code": 0,
                "icmp_type": 0,
                "ipv6_cidr_block": "",
                "protocol": "6",
                "rule_no": 120,
                "to_port": 65535
              },
              {
                "action": "allow",
                "cidr_block": "0.0.0.0/0",
                "from_port": 443,
                "icmp_code": 0,
                "icmp_type": 0,
                "ipv6_cidr_block": "",
                "protocol": "6",
                "rule_no": 110,
                "to_port": 443
              },
              {
                "action": "allow",
                "cidr_block": "0.0.0.0/0",
                "from_port": 80,
                "icmp_code": 0,
                "icmp_type": 0,
                "ipv6_cidr_block": "",
                "protocol": "6",
                "rule_no": 100,
                "to_port": 80
              }
            ],
            "owner_id": "591222106065",
            "subnet_ids": [],
            "tags": {
              "CostCenter": "engineering",
              "CreatedBy": "aws-production-deployment-spec",
              "Environment": "prod",
              "ManagedBy": "terraform",
              "Name": "multimodal-lib-prod-nacl",
              "Owner": "platform-team",
              "Project": "multimodal-lib"
            },
            "tags_all": {
              "CostCenter": "engineering",
              "CreatedBy": "aws-production-deployment-spec",
              "Environment": "prod",
              "ManagedBy": "terraform",
              "Name": "multimodal-lib-prod-nacl",
              "Owner": "platform-team",
              "Project": "multimodal-lib"
            },
            "vpc_id": "vpc-0b2186b38779e77f6"
          },
          "sensitive_attributes": [],
          "private": "bnVsbA==",
          "dependencies": [
            "module.vpc.aws_vpc.main"
          ]
        }
      ]
    },
    {
      "module": "module.vpc",
      "mode": "managed",
      "type": "aws_route_table",
      "name": "private",
      "provider": "provider[\"registry.terraform.io/hashicorp/aws\"]",
      "instances": [
        {
          "index_key": 0,
          "schema_version": 0,
          "attributes": {
            "arn": "arn:aws:ec2:us-east-1:591222106065:route-table/rtb-0edcf8e68de300574",
            "id": "rtb-0edcf8e68de300574",
            "owner_id": "591222106065",
            "propagating_vgws": [],
            "route": [
              {
                "carrier_gateway_id": "",
                "cidr_block": "0.0.0.0/0",
                "core_network_arn": "",
                "destination_prefix_list_id": "",
                "egress_only_gateway_id": "",
                "gateway_id": "",
                "ipv6_cidr_block": "",
                "local_gateway_id": "",
                "nat_gateway_id": "nat-057025a3296d82cb2",
                "network_interface_id": "",
                "transit_gateway_id": "",
                "vpc_endpoint_id": "",
                "vpc_peering_connection_id": ""
              }
            ],
            "tags": {
              "CostCenter": "engineering",
              "CreatedBy": "aws-production-deployment-spec",
              "Environment": "prod",
              "ManagedBy": "terraform",
              "Name": "multimodal-lib-prod-private-rt-1",
              "Owner": "platform-team",
              "Project": "multimodal-lib"
            },
            "tags_all": {
              "CostCenter": "engineering",
              "CreatedBy": "aws-production-deployment-spec",
              "Environment": "prod",
              "ManagedBy": "terraform",
              "Name": "multimodal-lib-prod-private-rt-1",
              "Owner": "platform-team",
              "Project": "multimodal-lib"
            },
            "timeouts": null,
            "vpc_id": "vpc-0b2186b38779e77f6"
          },
          "sensitive_attributes": [],
          "private": "eyJlMmJmYjczMC1lY2FhLTExZTYtOGY4OC0zNDM2M2JjN2M0YzAiOnsiY3JlYXRlIjozMDAwMDAwMDAwMDAsImRlbGV0ZSI6MzAwMDAwMDAwMDAwLCJ1cGRhdGUiOjEyMDAwMDAwMDAwMH19",
          "dependencies": [
            "module.vpc.aws_eip.nat",
            "module.vpc.aws_internet_gateway.main",
            "module.vpc.aws_nat_gateway.main",
            "module.vpc.aws_subnet.public",
            "module.vpc.aws_vpc.main"
          ]
        },
        {
          "index_key": 1,
          "schema_version": 0,
          "attributes": {
            "arn": "arn:aws:ec2:us-east-1:591222106065:route-table/rtb-0f735608e77b8da54",
            "id": "rtb-0f735608e77b8da54",
            "owner_id": "591222106065",
            "propagating_vgws": [],
            "route": [
              {
                "carrier_gateway_id": "",
                "cidr_block": "0.0.0.0/0",
                "core_network_arn": "",
                "destination_prefix_list_id": "",
                "egress_only_gateway_id": "",
                "gateway_id": "",
                "ipv6_cidr_block": "",
                "local_gateway_id": "",
                "nat_gateway_id": "nat-057025a3296d82cb2",
                "network_interface_id": "",
                "transit_gateway_id": "",
                "vpc_endpoint_id": "",
                "vpc_peering_connection_id": ""
              }
            ],
            "tags": {
              "CostCenter": "engineering",
              "CreatedBy": "aws-production-deployment-spec",
              "Environment": "prod",
              "ManagedBy": "terraform",
              "Name": "multimodal-lib-prod-private-rt-2",
              "Owner": "platform-team",
              "Project": "multimodal-lib"
            },
            "tags_all": {
              "CostCenter": "engineering",
              "CreatedBy": "aws-production-deployment-spec",
              "Environment": "prod",
              "ManagedBy": "terraform",
              "Name": "multimodal-lib-prod-private-rt-2",
              "Owner": "platform-team",
              "Project": "multimodal-lib"
            },
            "timeouts": null,
            "vpc_id": "vpc-0b2186b38779e77f6"
          },
          "sensitive_attributes": [],
          "private": "eyJlMmJmYjczMC1lY2FhLTExZTYtOGY4OC0zNDM2M2JjN2M0YzAiOnsiY3JlYXRlIjozMDAwMDAwMDAwMDAsImRlbGV0ZSI6MzAwMDAwMDAwMDAwLCJ1cGRhdGUiOjEyMDAwMDAwMDAwMH19",
          "dependencies": [
            "module.vpc.aws_eip.nat",
            "module.vpc.aws_internet_gateway.main",
            "module.vpc.aws_nat_gateway.main",
            "module.vpc.aws_subnet.public",
            "module.vpc.aws_vpc.main"
          ]
        },
        {
          "index_key": 2,
          "schema_version": 0,
          "attributes": {
            "arn": "arn:aws:ec2:us-east-1:591222106065:route-table/rtb-08015017be3a8021a",
            "id": "rtb-08015017be3a8021a",
            "owner_id": "591222106065",
            "propagating_vgws": [],
            "route": [
              {
                "carrier_gateway_id": "",
                "cidr_block": "0.0.0.0/0",
                "core_network_arn": "",
                "destination_prefix_list_id": "",
                "egress_only_gateway_id": "",
                "gateway_id": "",
                "ipv6_cidr_block": "",
                "local_gateway_id": "",
                "nat_gateway_id": "nat-057025a3296d82cb2",
                "network_interface_id": "",
                "transit_gateway_id": "",
                "vpc_endpoint_id": "",
                "vpc_peering_connection_id": ""
              }
            ],
            "tags": {
              "CostCenter": "engineering",
              "CreatedBy": "aws-production-deployment-spec",
              "Environment": "prod",
              "ManagedBy": "terraform",
              "Name": "multimodal-lib-prod-private-rt-3",
              "Owner": "platform-team",
              "Project": "multimodal-lib"
            },
            "tags_all": {
              "CostCenter": "engineering",
              "CreatedBy": "aws-production-deployment-spec",
              "Environment": "prod",
              "ManagedBy": "terraform",
              "Name": "multimodal-lib-prod-private-rt-3",
              "Owner": "platform-team",
              "Project": "multimodal-lib"
            },
            "timeouts": null,
            "vpc_id": "vpc-0b2186b38779e77f6"
          },
          "sensitive_attributes": [],
          "private": "eyJlMmJmYjczMC1lY2FhLTExZTYtOGY4OC0zNDM2M2JjN2M0YzAiOnsiY3JlYXRlIjozMDAwMDAwMDAwMDAsImRlbGV0ZSI6MzAwMDAwMDAwMDAwLCJ1cGRhdGUiOjEyMDAwMDAwMDAwMH19",
          "dependencies": [
            "module.vpc.aws_eip.nat",
            "module.vpc.aws_internet_gateway.main",
            "module.vpc.aws_nat_gateway.main",
            "module.vpc.aws_subnet.public",
            "module.vpc.aws_vpc.main"
          ]
        }
      ]
    },
    {
      "module": "module.vpc",
      "mode": "managed",
      "type": "aws_route_table",
      "name": "public",
      "provider": "provider[\"registry.terraform.io/hashicorp/aws\"]",
      "instances": [
        {
          "schema_version": 0,
          "attributes": {
            "arn": "arn:aws:ec2:us-east-1:591222106065:route-table/rtb-0f20f8bf26d9cb671",
            "id": "rtb-0f20f8bf26d9cb671",
            "owner_id": "591222106065",
            "propagating_vgws": [],
            "route": [
              {
                "carrier_gateway_id": "",
                "cidr_block": "0.0.0.0/0",
                "core_network_arn": "",
                "destination_prefix_list_id": "",
                "egress_only_gateway_id": "",
                "gateway_id": "igw-07ccfaa3229a312e1",
                "ipv6_cidr_block": "",
                "local_gateway_id": "",
                "nat_gateway_id": "",
                "network_interface_id": "",
                "transit_gateway_id": "",
                "vpc_endpoint_id": "",
                "vpc_peering_connection_id": ""
              }
            ],
            "tags": {
              "CostCenter": "engineering",
              "CreatedBy": "aws-production-deployment-spec",
              "Environment": "prod",
              "ManagedBy": "terraform",
              "Name": "multimodal-lib-prod-public-rt",
              "Owner": "platform-team",
              "Project": "multimodal-lib"
            },
            "tags_all": {
              "CostCenter": "engineering",
              "CreatedBy": "aws-production-deployment-spec",
              "Environment": "prod",
              "ManagedBy": "terraform",
              "Name": "multimodal-lib-prod-public-rt",
              "Owner": "platform-team",
              "Project": "multimodal-lib"
            },
            "timeouts": null,
            "vpc_id": "vpc-0b2186b38779e77f6"
          },
          "sensitive_attributes": [],
          "private": "eyJlMmJmYjczMC1lY2FhLTExZTYtOGY4OC0zNDM2M2JjN2M0YzAiOnsiY3JlYXRlIjozMDAwMDAwMDAwMDAsImRlbGV0ZSI6MzAwMDAwMDAwMDAwLCJ1cGRhdGUiOjEyMDAwMDAwMDAwMH19",
          "dependencies": [
            "module.vpc.aws_internet_gateway.main",
            "module.vpc.aws_vpc.main"
          ]
        }
      ]
    },
    {
      "module": "module.vpc",
      "mode": "managed",
      "type": "aws_route_table_association",
      "name": "private",
      "provider": "provider[\"registry.terraform.io/hashicorp/aws\"]",
      "instances": [
        {
          "index_key": 0,
          "schema_version": 0,
          "attributes": {
            "gateway_id": "",
            "id": "rtbassoc-0a1acce5fe823132c",
            "route_table_id": "rtb-0edcf8e68de300574",
            "subnet_id": "subnet-02a84a72425ffa550",
            "timeouts": null
          },
          "sensitive_attributes": [],
          "private": "eyJlMmJmYjczMC1lY2FhLTExZTYtOGY4OC0zNDM2M2JjN2M0YzAiOnsiY3JlYXRlIjozMDAwMDAwMDAwMDAsImRlbGV0ZSI6MzAwMDAwMDAwMDAwLCJ1cGRhdGUiOjEyMDAwMDAwMDAwMH19",
          "dependencies": [
            "module.vpc.aws_eip.nat",
            "module.vpc.aws_internet_gateway.main",
            "module.vpc.aws_nat_gateway.main",
            "module.vpc.aws_route_table.private",
            "module.vpc.aws_subnet.private",
            "module.vpc.aws_subnet.public",
            "module.vpc.aws_vpc.main"
          ]
        },
        {
          "index_key": 1,
          "schema_version": 0,
          "attributes": {
            "gateway_id": "",
            "id": "rtbassoc-0297439cadfb425d7",
            "route_table_id": "rtb-0f735608e77b8da54",
            "subnet_id": "subnet-0379e49e44be48905",
            "timeouts": null
          },
          "sensitive_attributes": [],
          "private": "eyJlMmJmYjczMC1lY2FhLTExZTYtOGY4OC0zNDM2M2JjN2M0YzAiOnsiY3JlYXRlIjozMDAwMDAwMDAwMDAsImRlbGV0ZSI6MzAwMDAwMDAwMDAwLCJ1cGRhdGUiOjEyMDAwMDAwMDAwMH19",
          "dependencies": [
            "module.vpc.aws_eip.nat",
            "module.vpc.aws_internet_gateway.main",
            "module.vpc.aws_nat_gateway.main",
            "module.vpc.aws_route_table.private",
            "module.vpc.aws_subnet.private",
            "module.vpc.aws_subnet.public",
            "module.vpc.aws_vpc.main"
          ]
        },
        {
          "index_key": 2,
          "schema_version": 0,
          "attributes": {
            "gateway_id": "",
            "id": "rtbassoc-061984e38f837f94a",
            "route_table_id": "rtb-08015017be3a8021a",
            "subnet_id": "subnet-068219ec235688a19",
            "timeouts": null
          },
          "sensitive_attributes": [],
          "private": "eyJlMmJmYjczMC1lY2FhLTExZTYtOGY4OC0zNDM2M2JjN2M0YzAiOnsiY3JlYXRlIjozMDAwMDAwMDAwMDAsImRlbGV0ZSI6MzAwMDAwMDAwMDAwLCJ1cGRhdGUiOjEyMDAwMDAwMDAwMH19",
          "dependencies": [
            "module.vpc.aws_eip.nat",
            "module.vpc.aws_internet_gateway.main",
            "module.vpc.aws_nat_gateway.main",
            "module.vpc.aws_route_table.private",
            "module.vpc.aws_subnet.private",
            "module.vpc.aws_subnet.public",
            "module.vpc.aws_vpc.main"
          ]
        }
      ]
    },
    {
      "module": "module.vpc",
      "mode": "managed",
      "type": "aws_route_table_association",
      "name": "public",
      "provider": "provider[\"registry.terraform.io/hashicorp/aws\"]",
      "instances": [
        {
          "index_key": 0,
          "schema_version": 0,
          "attributes": {
            "gateway_id": "",
            "id": "rtbassoc-0e4117ed63182464d",
            "route_table_id": "rtb-0f20f8bf26d9cb671",
            "subnet_id": "subnet-0c352188f5398a718",
            "timeouts": null
          },
          "sensitive_attributes": [],
          "private": "eyJlMmJmYjczMC1lY2FhLTExZTYtOGY4OC0zNDM2M2JjN2M0YzAiOnsiY3JlYXRlIjozMDAwMDAwMDAwMDAsImRlbGV0ZSI6MzAwMDAwMDAwMDAwLCJ1cGRhdGUiOjEyMDAwMDAwMDAwMH19",
          "dependencies": [
            "module.vpc.aws_internet_gateway.main",
            "module.vpc.aws_route_table.public",
            "module.vpc.aws_subnet.public",
            "module.vpc.aws_vpc.main"
          ]
        },
        {
          "index_key": 1,
          "schema_version": 0,
          "attributes": {
            "gateway_id": "",
            "id": "rtbassoc-057810fe7d601733e",
            "route_table_id": "rtb-0f20f8bf26d9cb671",
            "subnet_id": "subnet-02f4d9ecb751beb27",
            "timeouts": null
          },
          "sensitive_attributes": [],
          "private": "eyJlMmJmYjczMC1lY2FhLTExZTYtOGY4OC0zNDM2M2JjN2M0YzAiOnsiY3JlYXRlIjozMDAwMDAwMDAwMDAsImRlbGV0ZSI6MzAwMDAwMDAwMDAwLCJ1cGRhdGUiOjEyMDAwMDAwMDAwMH19",
          "dependencies": [
            "module.vpc.aws_internet_gateway.main",
            "module.vpc.aws_route_table.public",
            "module.vpc.aws_subnet.public",
            "module.vpc.aws_vpc.main"
          ]
        },
        {
          "index_key": 2,
          "schema_version": 0,
          "attributes": {
            "gateway_id": "",
            "id": "rtbassoc-0cad4eac3fc6e93b8",
            "route_table_id": "rtb-0f20f8bf26d9cb671",
            "subnet_id": "subnet-02fe694f061238d5a",
            "timeouts": null
          },
          "sensitive_attributes": [],
          "private": "eyJlMmJmYjczMC1lY2FhLTExZTYtOGY4OC0zNDM2M2JjN2M0YzAiOnsiY3JlYXRlIjozMDAwMDAwMDAwMDAsImRlbGV0ZSI6MzAwMDAwMDAwMDAwLCJ1cGRhdGUiOjEyMDAwMDAwMDAwMH19",
          "dependencies": [
            "module.vpc.aws_internet_gateway.main",
            "module.vpc.aws_route_table.public",
            "module.vpc.aws_subnet.public",
            "module.vpc.aws_vpc.main"
          ]
        }
      ]
    },
    {
      "module": "module.vpc",
      "mode": "managed",
      "type": "aws_subnet",
      "name": "private",
      "provider": "provider[\"registry.terraform.io/hashicorp/aws\"]",
      "instances": [
        {
          "index_key": 0,
          "schema_version": 1,
          "attributes": {
            "arn": "arn:aws:ec2:us-east-1:591222106065:subnet/subnet-02a84a72425ffa550",
            "assign_ipv6_address_on_creation": false,
            "availability_zone": "us-east-1a",
            "availability_zone_id": "use1-az1",
            "cidr_block": "10.0.11.0/24",
            "customer_owned_ipv4_pool": "",
            "enable_dns64": false,
            "enable_lni_at_device_index": 0,
            "enable_resource_name_dns_a_record_on_launch": false,
            "enable_resource_name_dns_aaaa_record_on_launch": false,
            "id": "subnet-02a84a72425ffa550",
            "ipv6_cidr_block": "",
            "ipv6_cidr_block_association_id": "",
            "ipv6_native": false,
            "map_customer_owned_ip_on_launch": false,
            "map_public_ip_on_launch": false,
            "outpost_arn": "",
            "owner_id": "591222106065",
            "private_dns_hostname_type_on_launch": "ip-name",
            "tags": {
              "CostCenter": "engineering",
              "CreatedBy": "aws-production-deployment-spec",
              "Environment": "prod",
              "ManagedBy": "terraform",
              "Name": "multimodal-lib-prod-private-subnet-1",
              "Owner": "platform-team",
              "Project": "multimodal-lib",
              "Type": "private"
            },
            "tags_all": {
              "CostCenter": "engineering",
              "CreatedBy": "aws-production-deployment-spec",
              "Environment": "prod",
              "ManagedBy": "terraform",
              "Name": "multimodal-lib-prod-private-subnet-1",
              "Owner": "platform-team",
              "Project": "multimodal-lib",
              "Type": "private"
            },
            "timeouts": null,
            "vpc_id": "vpc-0b2186b38779e77f6"
          },
          "sensitive_attributes": [],
          "private": "eyJlMmJmYjczMC1lY2FhLTExZTYtOGY4OC0zNDM2M2JjN2M0YzAiOnsiY3JlYXRlIjo2MDAwMDAwMDAwMDAsImRlbGV0ZSI6MTIwMDAwMDAwMDAwMH0sInNjaGVtYV92ZXJzaW9uIjoiMSJ9",
          "dependencies": [
            "module.vpc.aws_vpc.main"
          ]
        },
        {
          "index_key": 1,
          "schema_version": 1,
          "attributes": {
            "arn": "arn:aws:ec2:us-east-1:591222106065:subnet/subnet-0379e49e44be48905",
            "assign_ipv6_address_on_creation": false,
            "availability_zone": "us-east-1b",
            "availability_zone_id": "use1-az2",
            "cidr_block": "10.0.12.0/24",
            "customer_owned_ipv4_pool": "",
            "enable_dns64": false,
            "enable_lni_at_device_index": 0,
            "enable_resource_name_dns_a_record_on_launch": false,
            "enable_resource_name_dns_aaaa_record_on_launch": false,
            "id": "subnet-0379e49e44be48905",
            "ipv6_cidr_block": "",
            "ipv6_cidr_block_association_id": "",
            "ipv6_native": false,
            "map_customer_owned_ip_on_launch": false,
            "map_public_ip_on_launch": false,
            "outpost_arn": "",
            "owner_id": "591222106065",
            "private_dns_hostname_type_on_launch": "ip-name",
            "tags": {
              "CostCenter": "engineering",
              "CreatedBy": "aws-production-deployment-spec",
              "Environment": "prod",
              "ManagedBy": "terraform",
              "Name": "multimodal-lib-prod-private-subnet-2",
              "Owner": "platform-team",
              "Project": "multimodal-lib",
              "Type": "private"
            },
            "tags_all": {
              "CostCenter": "engineering",
              "CreatedBy": "aws-production-deployment-spec",
              "Environment": "prod",
              "ManagedBy": "terraform",
              "Name": "multimodal-lib-prod-private-subnet-2",
              "Owner": "platform-team",
              "Project": "multimodal-lib",
              "Type": "private"
            },
            "timeouts": null,
            "vpc_id": "vpc-0b2186b38779e77f6"
          },
          "sensitive_attributes": [],
          "private": "eyJlMmJmYjczMC1lY2FhLTExZTYtOGY4OC0zNDM2M2JjN2M0YzAiOnsiY3JlYXRlIjo2MDAwMDAwMDAwMDAsImRlbGV0ZSI6MTIwMDAwMDAwMDAwMH0sInNjaGVtYV92ZXJzaW9uIjoiMSJ9",
          "dependencies": [
            "module.vpc.aws_vpc.main"
          ]
        },
        {
          "index_key": 2,
          "schema_version": 1,
          "attributes": {
            "arn": "arn:aws:ec2:us-east-1:591222106065:subnet/subnet-068219ec235688a19",
            "assign_ipv6_address_on_creation": false,
            "availability_zone": "us-east-1c",
            "availability_zone_id": "use1-az4",
            "cidr_block": "10.0.13.0/24",
            "customer_owned_ipv4_pool": "",
            "enable_dns64": false,
            "enable_lni_at_device_index": 0,
            "enable_resource_name_dns_a_record_on_launch": false,
            "enable_resource_name_dns_aaaa_record_on_launch": false,
            "id": "subnet-068219ec235688a19",
            "ipv6_cidr_block": "",
            "ipv6_cidr_block_association_id": "",
            "ipv6_native": false,
            "map_customer_owned_ip_on_launch": false,
            "map_public_ip_on_launch": false,
            "outpost_arn": "",
            "owner_id": "591222106065",
            "private_dns_hostname_type_on_launch": "ip-name",
            "tags": {
              "CostCenter": "engineering",
              "CreatedBy": "aws-production-deployment-spec",
              "Environment": "prod",
              "ManagedBy": "terraform",
              "Name": "multimodal-lib-prod-private-subnet-3",
              "Owner": "platform-team",
              "Project": "multimodal-lib",
              "Type": "private"
            },
            "tags_all": {
              "CostCenter": "engineering",
              "CreatedBy": "aws-production-deployment-spec",
              "Environment": "prod",
              "ManagedBy": "terraform",
              "Name": "multimodal-lib-prod-private-subnet-3",
              "Owner": "platform-team",
              "Project": "multimodal-lib",
              "Type": "private"
            },
            "timeouts": null,
            "vpc_id": "vpc-0b2186b38779e77f6"
          },
          "sensitive_attributes": [],
          "private": "eyJlMmJmYjczMC1lY2FhLTExZTYtOGY4OC0zNDM2M2JjN2M0YzAiOnsiY3JlYXRlIjo2MDAwMDAwMDAwMDAsImRlbGV0ZSI6MTIwMDAwMDAwMDAwMH0sInNjaGVtYV92ZXJzaW9uIjoiMSJ9",
          "dependencies": [
            "module.vpc.aws_vpc.main"
          ]
        }
      ]
    },
    {
      "module": "module.vpc",
      "mode": "managed",
      "type": "aws_subnet",
      "name": "public",
      "provider": "provider[\"registry.terraform.io/hashicorp/aws\"]",
      "instances": [
        {
          "index_key": 0,
          "schema_version": 1,
          "attributes": {
            "arn": "arn:aws:ec2:us-east-1:591222106065:subnet/subnet-0c352188f5398a718",
            "assign_ipv6_address_on_creation": false,
            "availability_zone": "us-east-1a",
            "availability_zone_id": "use1-az1",
            "cidr_block": "10.0.1.0/24",
            "customer_owned_ipv4_pool": "",
            "enable_dns64": false,
            "enable_lni_at_device_index": 0,
            "enable_resource_name_dns_a_record_on_launch": false,
            "enable_resource_name_dns_aaaa_record_on_launch": false,
            "id": "subnet-0c352188f5398a718",
            "ipv6_cidr_block": "",
            "ipv6_cidr_block_association_id": "",
            "ipv6_native": false,
            "map_customer_owned_ip_on_launch": false,
            "map_public_ip_on_launch": true,
            "outpost_arn": "",
            "owner_id": "591222106065",
            "private_dns_hostname_type_on_launch": "ip-name",
            "tags": {
              "CostCenter": "engineering",
              "CreatedBy": "aws-production-deployment-spec",
              "Environment": "prod",
              "ManagedBy": "terraform",
              "Name": "multimodal-lib-prod-public-subnet-1",
              "Owner": "platform-team",
              "Project": "multimodal-lib",
              "Type": "public"
            },
            "tags_all": {
              "CostCenter": "engineering",
              "CreatedBy": "aws-production-deployment-spec",
              "Environment": "prod",
              "ManagedBy": "terraform",
              "Name": "multimodal-lib-prod-public-subnet-1",
              "Owner": "platform-team",
              "Project": "multimodal-lib",
              "Type": "public"
            },
            "timeouts": null,
            "vpc_id": "vpc-0b2186b38779e77f6"
          },
          "sensitive_attributes": [],
          "private": "eyJlMmJmYjczMC1lY2FhLTExZTYtOGY4OC0zNDM2M2JjN2M0YzAiOnsiY3JlYXRlIjo2MDAwMDAwMDAwMDAsImRlbGV0ZSI6MTIwMDAwMDAwMDAwMH0sInNjaGVtYV92ZXJzaW9uIjoiMSJ9",
          "dependencies": [
            "module.vpc.aws_vpc.main"
          ]
        },
        {
          "index_key": 1,
          "schema_version": 1,
          "attributes": {
            "arn": "arn:aws:ec2:us-east-1:591222106065:subnet/subnet-02f4d9ecb751beb27",
            "assign_ipv6_address_on_creation": false,
            "availability_zone": "us-east-1b",
            "availability_zone_id": "use1-az2",
            "cidr_block": "10.0.2.0/24",
            "customer_owned_ipv4_pool": "",
            "enable_dns64": false,
            "enable_lni_at_device_index": 0,
            "enable_resource_name_dns_a_record_on_launch": false,
            "enable_resource_name_dns_aaaa_record_on_launch": false,
            "id": "subnet-02f4d9ecb751beb27",
            "ipv6_cidr_block": "",
            "ipv6_cidr_block_association_id": "",
            "ipv6_native": false,
            "map_customer_owned_ip_on_launch": false,
            "map_public_ip_on_launch": true,
            "outpost_arn": "",
            "owner_id": "591222106065",
            "private_dns_hostname_type_on_launch": "ip-name",
            "tags": {
              "CostCenter": "engineering",
              "CreatedBy": "aws-production-deployment-spec",
              "Environment": "prod",
              "ManagedBy": "terraform",
              "Name": "multimodal-lib-prod-public-subnet-2",
              "Owner": "platform-team",
              "Project": "multimodal-lib",
              "Type": "public"
            },
            "tags_all": {
              "CostCenter": "engineering",
              "CreatedBy": "aws-production-deployment-spec",
              "Environment": "prod",
              "ManagedBy": "terraform",
              "Name": "multimodal-lib-prod-public-subnet-2",
              "Owner": "platform-team",
              "Project": "multimodal-lib",
              "Type": "public"
            },
            "timeouts": null,
            "vpc_id": "vpc-0b2186b38779e77f6"
          },
          "sensitive_attributes": [],
          "private": "eyJlMmJmYjczMC1lY2FhLTExZTYtOGY4OC0zNDM2M2JjN2M0YzAiOnsiY3JlYXRlIjo2MDAwMDAwMDAwMDAsImRlbGV0ZSI6MTIwMDAwMDAwMDAwMH0sInNjaGVtYV92ZXJzaW9uIjoiMSJ9",
          "dependencies": [
            "module.vpc.aws_vpc.main"
          ]
        },
        {
          "index_key": 2,
          "schema_version": 1,
          "attributes": {
            "arn": "arn:aws:ec2:us-east-1:591222106065:subnet/subnet-02fe694f061238d5a",
            "assign_ipv6_address_on_creation": false,
            "availability_zone": "us-east-1c",
            "availability_zone_id": "use1-az4",
            "cidr_block": "10.0.3.0/24",
            "customer_owned_ipv4_pool": "",
            "enable_dns64": false,
            "enable_lni_at_device_index": 0,
            "enable_resource_name_dns_a_record_on_launch": false,
            "enable_resource_name_dns_aaaa_record_on_launch": false,
            "id": "subnet-02fe694f061238d5a",
            "ipv6_cidr_block": "",
            "ipv6_cidr_block_association_id": "",
            "ipv6_native": false,
            "map_customer_owned_ip_on_launch": false,
            "map_public_ip_on_launch": true,
            "outpost_arn": "",
            "owner_id": "591222106065",
            "private_dns_hostname_type_on_launch": "ip-name",
            "tags": {
              "CostCenter": "engineering",
              "CreatedBy": "aws-production-deployment-spec",
              "Environment": "prod",
              "ManagedBy": "terraform",
              "Name": "multimodal-lib-prod-public-subnet-3",
              "Owner": "platform-team",
              "Project": "multimodal-lib",
              "Type": "public"
            },
            "tags_all": {
              "CostCenter": "engineering",
              "CreatedBy": "aws-production-deployment-spec",
              "Environment": "prod",
              "ManagedBy": "terraform",
              "Name": "multimodal-lib-prod-public-subnet-3",
              "Owner": "platform-team",
              "Project": "multimodal-lib",
              "Type": "public"
            },
            "timeouts": null,
            "vpc_id": "vpc-0b2186b38779e77f6"
          },
          "sensitive_attributes": [],
          "private": "eyJlMmJmYjczMC1lY2FhLTExZTYtOGY4OC0zNDM2M2JjN2M0YzAiOnsiY3JlYXRlIjo2MDAwMDAwMDAwMDAsImRlbGV0ZSI6MTIwMDAwMDAwMDAwMH0sInNjaGVtYV92ZXJzaW9uIjoiMSJ9",
          "dependencies": [
            "module.vpc.aws_vpc.main"
          ]
        }
      ]
    },
    {
      "module": "module.vpc",
      "mode": "managed",
      "type": "aws_vpc",
      "name": "main",
      "provider": "provider[\"registry.terraform.io/hashicorp/aws\"]",
      "instances": [
        {
          "schema_version": 1,
          "attributes": {
            "arn": "arn:aws:ec2:us-east-1:591222106065:vpc/vpc-0b2186b38779e77f6",
            "assign_generated_ipv6_cidr_block": false,
            "cidr_block": "10.0.0.0/16",
            "default_network_acl_id": "acl-00169acf1849846ce",
            "default_route_table_id": "rtb-076be301291d22519",
            "default_security_group_id": "sg-07ddf848ba88df531",
            "dhcp_options_id": "dopt-65eadc1d",
            "enable_dns_hostnames": true,
            "enable_dns_support": true,
            "enable_network_address_usage_metrics": false,
            "id": "vpc-0b2186b38779e77f6",
            "instance_tenancy": "default",
            "ipv4_ipam_pool_id": null,
            "ipv4_netmask_length": null,
            "ipv6_association_id": "",
            "ipv6_cidr_block": "",
            "ipv6_cidr_block_network_border_group": "",
            "ipv6_ipam_pool_id": "",
            "ipv6_netmask_length": 0,
            "main_route_table_id": "rtb-076be301291d22519",
            "owner_id": "591222106065",
            "tags": {
              "CostCenter": "engineering",
              "CreatedBy": "aws-production-deployment-spec",
              "Environment": "prod",
              "ManagedBy": "terraform",
              "Name": "multimodal-lib-prod-vpc",
              "Owner": "platform-team",
              "Project": "multimodal-lib"
            },
            "tags_all": {
              "CostCenter": "engineering",
              "CreatedBy": "aws-production-deployment-spec",
              "Environment": "prod",
              "ManagedBy": "terraform",
              "Name": "multimodal-lib-prod-vpc",
              "Owner": "platform-team",
              "Project": "multimodal-lib"
            }
          },
          "sensitive_attributes": [],
          "private": "eyJzY2hlbWFfdmVyc2lvbiI6IjEifQ==",
          "create_before_destroy": true
        }
      ]
    }
  ],
  "check_results": null
}
